
Microsoft Visual Studio Solution File, Format Version 12.00
# Visual Studio Version 16
VisualStudioVersion = 16.0.28803.202
MinimumVisualStudioVersion = 10.0.40219.1
Project("{2150E333-8FDC-42A3-9474-1A3956D46DE8}") = "Project", "Project", "{9846C4BE-2108-479E-AA17-4A96052CCCE0}"
EndProject
Project("{2150E333-8FDC-42A3-9474-1A3956D46DE8}") = "Feature", "Feature", "{37394D96-A276-41B7-BFC0-E0897AFE4690}"
EndProject
Project("{2150E333-8FDC-42A3-9474-1A3956D46DE8}") = "Global", "Global", "{85186717-7A62-48A7-869B-C47DF85B6273}"
EndProject
Project("{2150E333-8FDC-42A3-9474-1A3956D46DE8}") = ".configuration", ".configuration", "{25781A7E-9FF0-4FF5-9BD1-0E25BF8C2AF6}"
	ProjectSection(SolutionItems) = preProject
		.editorconfig = .editorconfig
		.gitattributes = .gitattributes
		.gitignore = .gitignore
		build.cake = build.cake
		cake-config.json = cake-config.json
		docker-compose.yml = docker-compose.yml
		nuget.config = nuget.config
		README.md = README.md
		TdsGlobal.config = TdsGlobal.config
	EndProjectSection
EndProject
Project("{2150E333-8FDC-42A3-9474-1A3956D46DE8}") = "HabitatHome", "HabitatHome", "{563C5D6A-0964-4778-9DF1-DA0A1BB6C044}"
EndProject
Project("{FAE04EC0-301F-11D3-BF4B-00C04F79EFBC}") = "Sitecore.HabitatHome.Website", "src\Project\HabitatHome\code\Sitecore.HabitatHome.Website.csproj", "{BA3C2C41-CFAC-4A40-8BE5-1E5368EF4750}"
	ProjectSection(ProjectDependencies) = postProject
		{C0357237-F818-4EBE-B5A4-8BDDD144E814} = {C0357237-F818-4EBE-B5A4-8BDDD144E814}
		{FEA9BDF2-4014-4288-99BA-D511847F6D9C} = {FEA9BDF2-4014-4288-99BA-D511847F6D9C}
	EndProjectSection
EndProject
Project("{2150E333-8FDC-42A3-9474-1A3956D46DE8}") = "xConnect", "xConnect", "{BE63361D-A629-48C2-9D0E-9DE1B9733C2B}"
EndProject
Project("{FAE04EC0-301F-11D3-BF4B-00C04F79EFBC}") = "Sitecore.HabitatHome.XConnect", "src\Project\xConnect\code\Sitecore.HabitatHome.XConnect.csproj", "{0C513600-DB12-4ADC-999C-14277FFDF0C8}"
	ProjectSection(ProjectDependencies) = postProject
		{C0357237-F818-4EBE-B5A4-8BDDD144E814} = {C0357237-F818-4EBE-B5A4-8BDDD144E814}
	EndProjectSection
EndProject
Project("{FAE04EC0-301F-11D3-BF4B-00C04F79EFBC}") = "Sitecore.HabitatHome.Website.Test", "src\Project\HabitatHome\tests\Sitecore.HabitatHome.Website.Test.csproj", "{7CBAD942-9C88-46AE-AF30-86A2C70B7A25}"
	ProjectSection(ProjectDependencies) = postProject
		{BA3C2C41-CFAC-4A40-8BE5-1E5368EF4750} = {BA3C2C41-CFAC-4A40-8BE5-1E5368EF4750}
	EndProjectSection
EndProject
Project("{FAE04EC0-301F-11D3-BF4B-00C04F79EFBC}") = "Sitecore.HabitatHome.Global.Website", "src\Project\Global\code\Sitecore.HabitatHome.Global.Website.csproj", "{73A57FBE-7088-4344-87DC-23B01B504EC9}"
	ProjectSection(ProjectDependencies) = postProject
		{C0357237-F818-4EBE-B5A4-8BDDD144E814} = {C0357237-F818-4EBE-B5A4-8BDDD144E814}
		{FEA9BDF2-4014-4288-99BA-D511847F6D9C} = {FEA9BDF2-4014-4288-99BA-D511847F6D9C}
	EndProjectSection
EndProject
Project("{2150E333-8FDC-42A3-9474-1A3956D46DE8}") = "Experience Accelerator", "Experience Accelerator", "{8404CBD0-F0F1-406A-82CA-5F8468764872}"
EndProject
Project("{FAE04EC0-301F-11D3-BF4B-00C04F79EFBC}") = "Sitecore.HabitatHome.Feature.ExperienceAccelerator", "src\Feature\ExperienceAccelerator\code\Sitecore.HabitatHome.Feature.ExperienceAccelerator.csproj", "{FEA9BDF2-4014-4288-99BA-D511847F6D9C}"
	ProjectSection(ProjectDependencies) = postProject
		{C0357237-F818-4EBE-B5A4-8BDDD144E814} = {C0357237-F818-4EBE-B5A4-8BDDD144E814}
	EndProjectSection
EndProject
Project("{2150E333-8FDC-42A3-9474-1A3956D46DE8}") = ".build", ".build", "{570909EC-75B1-462F-A542-1345CFD15FB9}"
EndProject
Project("{CAA73BB0-EF22-4D79-A57E-DF67B3BA9C80}") = "Sitecore.HabitatHome.Global.Website.Master", "src\Project\Global\tds\master\Sitecore.HabitatHome.Global.Website.Master.scproj", "{205A095A-8995-4AE5-A401-D7F386A57E48}"
	ProjectSection(ProjectDependencies) = postProject
		{10BD3228-8C40-4CBC-AB7F-2B5AD1494076} = {10BD3228-8C40-4CBC-AB7F-2B5AD1494076}
	EndProjectSection
EndProject
Project("{CAA73BB0-EF22-4D79-A57E-DF67B3BA9C80}") = "Sitecore.HabitatHome.Website.Master", "src\Project\HabitatHome\tds\master\Sitecore.HabitatHome.Website.Master.scproj", "{826306EB-DB92-4004-A7F4-01FC343D9D0D}"
	ProjectSection(ProjectDependencies) = postProject
		{205A095A-8995-4AE5-A401-D7F386A57E48} = {205A095A-8995-4AE5-A401-D7F386A57E48}
	EndProjectSection
EndProject
Project("{CAA73BB0-EF22-4D79-A57E-DF67B3BA9C80}") = "Sitecore.HabitatHome.Feature.XA.Master", "src\Feature\ExperienceAccelerator\tds\master\Sitecore.HabitatHome.Feature.XA.Master.scproj", "{10BD3228-8C40-4CBC-AB7F-2B5AD1494076}"
	ProjectSection(ProjectDependencies) = postProject
		{04070F82-3500-472C-BF75-3512241F551C} = {04070F82-3500-472C-BF75-3512241F551C}
	EndProjectSection
EndProject
Project("{CAA73BB0-EF22-4D79-A57E-DF67B3BA9C80}") = "Sitecore.HabitatHome.Feature.XA.Core", "src\Feature\ExperienceAccelerator\tds\core\Sitecore.HabitatHome.Feature.XA.Core.scproj", "{04070F82-3500-472C-BF75-3512241F551C}"
	ProjectSection(ProjectDependencies) = postProject
		{7E3CF87D-CDE6-4B3A-9BEB-8E505F23188E} = {7E3CF87D-CDE6-4B3A-9BEB-8E505F23188E}
	EndProjectSection
EndProject
Project("{9A19103F-16F7-4668-BE54-9A1E7A4F7556}") = "Build.Shared", "src\Build\Build.Shared\code\Build.Shared.csproj", "{C0357237-F818-4EBE-B5A4-8BDDD144E814}"
EndProject
Project("{CAA73BB0-EF22-4D79-A57E-DF67B3BA9C80}") = "Build.Shared.Core", "src\Build\Build.Shared\tds\core\Build.Shared.Core.scproj", "{585DF7F8-2AD0-431C-92D5-ED4D3737CEA1}"
	ProjectSection(ProjectDependencies) = postProject
		{C0357237-F818-4EBE-B5A4-8BDDD144E814} = {C0357237-F818-4EBE-B5A4-8BDDD144E814}
	EndProjectSection
EndProject
Project("{CAA73BB0-EF22-4D79-A57E-DF67B3BA9C80}") = "Build.Shared.Master", "src\Build\Build.Shared\tds\master\Build.Shared.Master.scproj", "{7E3CF87D-CDE6-4B3A-9BEB-8E505F23188E}"
EndProject
Project("{CAA73BB0-EF22-4D79-A57E-DF67B3BA9C80}") = "Build.Master", "src\Build\Build.Master\tds\master\Build.Master.scproj", "{E43D437B-0283-4907-BF15-66DCB43645A0}"
	ProjectSection(ProjectDependencies) = postProject
		{826306EB-DB92-4004-A7F4-01FC343D9D0D} = {826306EB-DB92-4004-A7F4-01FC343D9D0D}
	EndProjectSection
EndProject
Global
	GlobalSection(SolutionConfigurationPlatforms) = preSolution
		Debug|Any CPU = Debug|Any CPU
		DockerDeploy|Any CPU = DockerDeploy|Any CPU
		Local|Any CPU = Local|Any CPU
		NoDeploy|Any CPU = NoDeploy|Any CPU
		Package-CD|Any CPU = Package-CD|Any CPU
		Package-CM|Any CPU = Package-CM|Any CPU
		Release|Any CPU = Release|Any CPU
	EndGlobalSection
	GlobalSection(ProjectConfigurationPlatforms) = postSolution
		{BA3C2C41-CFAC-4A40-8BE5-1E5368EF4750}.Debug|Any CPU.ActiveCfg = Debug|Any CPU
		{BA3C2C41-CFAC-4A40-8BE5-1E5368EF4750}.Debug|Any CPU.Build.0 = Debug|Any CPU
		{BA3C2C41-CFAC-4A40-8BE5-1E5368EF4750}.DockerDeploy|Any CPU.ActiveCfg = DockerDeploy|Any CPU
		{BA3C2C41-CFAC-4A40-8BE5-1E5368EF4750}.DockerDeploy|Any CPU.Build.0 = DockerDeploy|Any CPU
		{BA3C2C41-CFAC-4A40-8BE5-1E5368EF4750}.Local|Any CPU.ActiveCfg = Local|Any CPU
		{BA3C2C41-CFAC-4A40-8BE5-1E5368EF4750}.Local|Any CPU.Build.0 = Local|Any CPU
		{BA3C2C41-CFAC-4A40-8BE5-1E5368EF4750}.NoDeploy|Any CPU.ActiveCfg = NoDeploy|Any CPU
		{BA3C2C41-CFAC-4A40-8BE5-1E5368EF4750}.NoDeploy|Any CPU.Build.0 = NoDeploy|Any CPU
		{BA3C2C41-CFAC-4A40-8BE5-1E5368EF4750}.Package-CD|Any CPU.ActiveCfg = Package-CD|Any CPU
		{BA3C2C41-CFAC-4A40-8BE5-1E5368EF4750}.Package-CD|Any CPU.Build.0 = Package-CD|Any CPU
		{BA3C2C41-CFAC-4A40-8BE5-1E5368EF4750}.Package-CM|Any CPU.ActiveCfg = Package-CM|Any CPU
		{BA3C2C41-CFAC-4A40-8BE5-1E5368EF4750}.Package-CM|Any CPU.Build.0 = Package-CM|Any CPU
		{BA3C2C41-CFAC-4A40-8BE5-1E5368EF4750}.Release|Any CPU.ActiveCfg = Release|Any CPU
		{BA3C2C41-CFAC-4A40-8BE5-1E5368EF4750}.Release|Any CPU.Build.0 = Release|Any CPU
		{0C513600-DB12-4ADC-999C-14277FFDF0C8}.Debug|Any CPU.ActiveCfg = Debug|Any CPU
		{0C513600-DB12-4ADC-999C-14277FFDF0C8}.Debug|Any CPU.Build.0 = Debug|Any CPU
		{0C513600-DB12-4ADC-999C-14277FFDF0C8}.DockerDeploy|Any CPU.ActiveCfg = DockerDeploy|Any CPU
		{0C513600-DB12-4ADC-999C-14277FFDF0C8}.DockerDeploy|Any CPU.Build.0 = DockerDeploy|Any CPU
		{0C513600-DB12-4ADC-999C-14277FFDF0C8}.Local|Any CPU.ActiveCfg = Local|Any CPU
		{0C513600-DB12-4ADC-999C-14277FFDF0C8}.Local|Any CPU.Build.0 = Local|Any CPU
		{0C513600-DB12-4ADC-999C-14277FFDF0C8}.NoDeploy|Any CPU.ActiveCfg = NoDeploy|Any CPU
		{0C513600-DB12-4ADC-999C-14277FFDF0C8}.NoDeploy|Any CPU.Build.0 = NoDeploy|Any CPU
		{0C513600-DB12-4ADC-999C-14277FFDF0C8}.Package-CD|Any CPU.ActiveCfg = Package-CD|Any CPU
		{0C513600-DB12-4ADC-999C-14277FFDF0C8}.Package-CD|Any CPU.Build.0 = Package-CD|Any CPU
		{0C513600-DB12-4ADC-999C-14277FFDF0C8}.Package-CM|Any CPU.ActiveCfg = Package-CM|Any CPU
		{0C513600-DB12-4ADC-999C-14277FFDF0C8}.Package-CM|Any CPU.Build.0 = Package-CM|Any CPU
		{0C513600-DB12-4ADC-999C-14277FFDF0C8}.Release|Any CPU.ActiveCfg = Release|Any CPU
		{0C513600-DB12-4ADC-999C-14277FFDF0C8}.Release|Any CPU.Build.0 = Release|Any CPU
		{7CBAD942-9C88-46AE-AF30-86A2C70B7A25}.Debug|Any CPU.ActiveCfg = Debug|Any CPU
		{7CBAD942-9C88-46AE-AF30-86A2C70B7A25}.Debug|Any CPU.Build.0 = Debug|Any CPU
		{7CBAD942-9C88-46AE-AF30-86A2C70B7A25}.DockerDeploy|Any CPU.ActiveCfg = DockerDeploy|Any CPU
		{7CBAD942-9C88-46AE-AF30-86A2C70B7A25}.DockerDeploy|Any CPU.Build.0 = DockerDeploy|Any CPU
		{7CBAD942-9C88-46AE-AF30-86A2C70B7A25}.Local|Any CPU.ActiveCfg = Local|Any CPU
		{7CBAD942-9C88-46AE-AF30-86A2C70B7A25}.Local|Any CPU.Build.0 = Local|Any CPU
		{7CBAD942-9C88-46AE-AF30-86A2C70B7A25}.NoDeploy|Any CPU.ActiveCfg = NoDeploy|Any CPU
		{7CBAD942-9C88-46AE-AF30-86A2C70B7A25}.NoDeploy|Any CPU.Build.0 = NoDeploy|Any CPU
		{7CBAD942-9C88-46AE-AF30-86A2C70B7A25}.Package-CD|Any CPU.ActiveCfg = Package-CD|Any CPU
		{7CBAD942-9C88-46AE-AF30-86A2C70B7A25}.Package-CD|Any CPU.Build.0 = Package-CD|Any CPU
		{7CBAD942-9C88-46AE-AF30-86A2C70B7A25}.Package-CM|Any CPU.ActiveCfg = Package-CM|Any CPU
		{7CBAD942-9C88-46AE-AF30-86A2C70B7A25}.Package-CM|Any CPU.Build.0 = Package-CM|Any CPU
		{7CBAD942-9C88-46AE-AF30-86A2C70B7A25}.Release|Any CPU.ActiveCfg = Release|Any CPU
		{7CBAD942-9C88-46AE-AF30-86A2C70B7A25}.Release|Any CPU.Build.0 = Release|Any CPU
		{73A57FBE-7088-4344-87DC-23B01B504EC9}.Debug|Any CPU.ActiveCfg = Debug|Any CPU
		{73A57FBE-7088-4344-87DC-23B01B504EC9}.Debug|Any CPU.Build.0 = Debug|Any CPU
		{73A57FBE-7088-4344-87DC-23B01B504EC9}.DockerDeploy|Any CPU.ActiveCfg = DockerDeploy|Any CPU
		{73A57FBE-7088-4344-87DC-23B01B504EC9}.DockerDeploy|Any CPU.Build.0 = DockerDeploy|Any CPU
		{73A57FBE-7088-4344-87DC-23B01B504EC9}.Local|Any CPU.ActiveCfg = Local|Any CPU
		{73A57FBE-7088-4344-87DC-23B01B504EC9}.Local|Any CPU.Build.0 = Local|Any CPU
		{73A57FBE-7088-4344-87DC-23B01B504EC9}.NoDeploy|Any CPU.ActiveCfg = NoDeploy|Any CPU
		{73A57FBE-7088-4344-87DC-23B01B504EC9}.NoDeploy|Any CPU.Build.0 = NoDeploy|Any CPU
		{73A57FBE-7088-4344-87DC-23B01B504EC9}.Package-CD|Any CPU.ActiveCfg = Package-CD|Any CPU
		{73A57FBE-7088-4344-87DC-23B01B504EC9}.Package-CD|Any CPU.Build.0 = Package-CD|Any CPU
		{73A57FBE-7088-4344-87DC-23B01B504EC9}.Package-CM|Any CPU.ActiveCfg = Package-CM|Any CPU
		{73A57FBE-7088-4344-87DC-23B01B504EC9}.Package-CM|Any CPU.Build.0 = Package-CM|Any CPU
		{73A57FBE-7088-4344-87DC-23B01B504EC9}.Release|Any CPU.ActiveCfg = Release|Any CPU
		{73A57FBE-7088-4344-87DC-23B01B504EC9}.Release|Any CPU.Build.0 = Release|Any CPU
		{FEA9BDF2-4014-4288-99BA-D511847F6D9C}.Debug|Any CPU.ActiveCfg = Debug|Any CPU
		{FEA9BDF2-4014-4288-99BA-D511847F6D9C}.Debug|Any CPU.Build.0 = Debug|Any CPU
		{FEA9BDF2-4014-4288-99BA-D511847F6D9C}.DockerDeploy|Any CPU.ActiveCfg = DockerDeploy|Any CPU
		{FEA9BDF2-4014-4288-99BA-D511847F6D9C}.DockerDeploy|Any CPU.Build.0 = DockerDeploy|Any CPU
		{FEA9BDF2-4014-4288-99BA-D511847F6D9C}.Local|Any CPU.ActiveCfg = Local|Any CPU
		{FEA9BDF2-4014-4288-99BA-D511847F6D9C}.Local|Any CPU.Build.0 = Local|Any CPU
		{FEA9BDF2-4014-4288-99BA-D511847F6D9C}.NoDeploy|Any CPU.ActiveCfg = NoDeploy|Any CPU
		{FEA9BDF2-4014-4288-99BA-D511847F6D9C}.NoDeploy|Any CPU.Build.0 = NoDeploy|Any CPU
		{FEA9BDF2-4014-4288-99BA-D511847F6D9C}.Package-CD|Any CPU.ActiveCfg = Package-CD|Any CPU
		{FEA9BDF2-4014-4288-99BA-D511847F6D9C}.Package-CD|Any CPU.Build.0 = Package-CD|Any CPU
		{FEA9BDF2-4014-4288-99BA-D511847F6D9C}.Package-CM|Any CPU.ActiveCfg = Package-CM|Any CPU
		{FEA9BDF2-4014-4288-99BA-D511847F6D9C}.Package-CM|Any CPU.Build.0 = Package-CM|Any CPU
		{FEA9BDF2-4014-4288-99BA-D511847F6D9C}.Release|Any CPU.ActiveCfg = Release|Any CPU
		{FEA9BDF2-4014-4288-99BA-D511847F6D9C}.Release|Any CPU.Build.0 = Release|Any CPU
		{205A095A-8995-4AE5-A401-D7F386A57E48}.Debug|Any CPU.ActiveCfg = Debug|Any CPU
		{205A095A-8995-4AE5-A401-D7F386A57E48}.Debug|Any CPU.Build.0 = Debug|Any CPU
		{205A095A-8995-4AE5-A401-D7F386A57E48}.Debug|Any CPU.Deploy.0 = Debug|Any CPU
		{205A095A-8995-4AE5-A401-D7F386A57E48}.DockerDeploy|Any CPU.ActiveCfg = DockerDeploy|Any CPU
		{205A095A-8995-4AE5-A401-D7F386A57E48}.DockerDeploy|Any CPU.Build.0 = DockerDeploy|Any CPU
		{205A095A-8995-4AE5-A401-D7F386A57E48}.DockerDeploy|Any CPU.Deploy.0 = DockerDeploy|Any CPU
		{205A095A-8995-4AE5-A401-D7F386A57E48}.Local|Any CPU.ActiveCfg = Local|Any CPU
		{205A095A-8995-4AE5-A401-D7F386A57E48}.Local|Any CPU.Build.0 = Local|Any CPU
		{205A095A-8995-4AE5-A401-D7F386A57E48}.Local|Any CPU.Deploy.0 = Local|Any CPU
		{205A095A-8995-4AE5-A401-D7F386A57E48}.NoDeploy|Any CPU.ActiveCfg = NoDeploy|Any CPU
		{205A095A-8995-4AE5-A401-D7F386A57E48}.NoDeploy|Any CPU.Build.0 = NoDeploy|Any CPU
		{205A095A-8995-4AE5-A401-D7F386A57E48}.Package-CD|Any CPU.ActiveCfg = Package-CD|Any CPU
		{205A095A-8995-4AE5-A401-D7F386A57E48}.Package-CD|Any CPU.Build.0 = Package-CD|Any CPU
		{205A095A-8995-4AE5-A401-D7F386A57E48}.Package-CD|Any CPU.Deploy.0 = Package-CD|Any CPU
		{205A095A-8995-4AE5-A401-D7F386A57E48}.Package-CM|Any CPU.ActiveCfg = Package-CM|Any CPU
		{205A095A-8995-4AE5-A401-D7F386A57E48}.Package-CM|Any CPU.Build.0 = Package-CM|Any CPU
		{205A095A-8995-4AE5-A401-D7F386A57E48}.Package-CM|Any CPU.Deploy.0 = Package-CM|Any CPU
		{205A095A-8995-4AE5-A401-D7F386A57E48}.Release|Any CPU.ActiveCfg = Release|Any CPU
		{205A095A-8995-4AE5-A401-D7F386A57E48}.Release|Any CPU.Build.0 = Release|Any CPU
		{205A095A-8995-4AE5-A401-D7F386A57E48}.Release|Any CPU.Deploy.0 = Release|Any CPU
		{826306EB-DB92-4004-A7F4-01FC343D9D0D}.Debug|Any CPU.ActiveCfg = Debug|Any CPU
		{826306EB-DB92-4004-A7F4-01FC343D9D0D}.Debug|Any CPU.Build.0 = Debug|Any CPU
		{826306EB-DB92-4004-A7F4-01FC343D9D0D}.Debug|Any CPU.Deploy.0 = Debug|Any CPU
		{826306EB-DB92-4004-A7F4-01FC343D9D0D}.DockerDeploy|Any CPU.ActiveCfg = DockerDeploy|Any CPU
		{826306EB-DB92-4004-A7F4-01FC343D9D0D}.DockerDeploy|Any CPU.Build.0 = DockerDeploy|Any CPU
		{826306EB-DB92-4004-A7F4-01FC343D9D0D}.DockerDeploy|Any CPU.Deploy.0 = DockerDeploy|Any CPU
		{826306EB-DB92-4004-A7F4-01FC343D9D0D}.Local|Any CPU.ActiveCfg = Local|Any CPU
		{826306EB-DB92-4004-A7F4-01FC343D9D0D}.Local|Any CPU.Build.0 = Local|Any CPU
		{826306EB-DB92-4004-A7F4-01FC343D9D0D}.Local|Any CPU.Deploy.0 = Local|Any CPU
		{826306EB-DB92-4004-A7F4-01FC343D9D0D}.NoDeploy|Any CPU.ActiveCfg = NoDeploy|Any CPU
		{826306EB-DB92-4004-A7F4-01FC343D9D0D}.NoDeploy|Any CPU.Build.0 = NoDeploy|Any CPU
		{826306EB-DB92-4004-A7F4-01FC343D9D0D}.Package-CD|Any CPU.ActiveCfg = Package-CD|Any CPU
		{826306EB-DB92-4004-A7F4-01FC343D9D0D}.Package-CD|Any CPU.Build.0 = Package-CD|Any CPU
		{826306EB-DB92-4004-A7F4-01FC343D9D0D}.Package-CD|Any CPU.Deploy.0 = Package-CD|Any CPU
		{826306EB-DB92-4004-A7F4-01FC343D9D0D}.Package-CM|Any CPU.ActiveCfg = Package-CM|Any CPU
		{826306EB-DB92-4004-A7F4-01FC343D9D0D}.Package-CM|Any CPU.Build.0 = Package-CM|Any CPU
		{826306EB-DB92-4004-A7F4-01FC343D9D0D}.Package-CM|Any CPU.Deploy.0 = Package-CM|Any CPU
		{826306EB-DB92-4004-A7F4-01FC343D9D0D}.Release|Any CPU.ActiveCfg = Release|Any CPU
		{826306EB-DB92-4004-A7F4-01FC343D9D0D}.Release|Any CPU.Build.0 = Release|Any CPU
		{826306EB-DB92-4004-A7F4-01FC343D9D0D}.Release|Any CPU.Deploy.0 = Release|Any CPU
		{10BD3228-8C40-4CBC-AB7F-2B5AD1494076}.Debug|Any CPU.ActiveCfg = Debug|Any CPU
		{10BD3228-8C40-4CBC-AB7F-2B5AD1494076}.Debug|Any CPU.Build.0 = Debug|Any CPU
		{10BD3228-8C40-4CBC-AB7F-2B5AD1494076}.Debug|Any CPU.Deploy.0 = Debug|Any CPU
		{10BD3228-8C40-4CBC-AB7F-2B5AD1494076}.DockerDeploy|Any CPU.ActiveCfg = DockerDeploy|Any CPU
		{10BD3228-8C40-4CBC-AB7F-2B5AD1494076}.DockerDeploy|Any CPU.Build.0 = DockerDeploy|Any CPU
		{10BD3228-8C40-4CBC-AB7F-2B5AD1494076}.DockerDeploy|Any CPU.Deploy.0 = DockerDeploy|Any CPU
		{10BD3228-8C40-4CBC-AB7F-2B5AD1494076}.Local|Any CPU.ActiveCfg = Local|Any CPU
		{10BD3228-8C40-4CBC-AB7F-2B5AD1494076}.Local|Any CPU.Build.0 = Local|Any CPU
		{10BD3228-8C40-4CBC-AB7F-2B5AD1494076}.Local|Any CPU.Deploy.0 = Local|Any CPU
		{10BD3228-8C40-4CBC-AB7F-2B5AD1494076}.NoDeploy|Any CPU.ActiveCfg = NoDeploy|Any CPU
		{10BD3228-8C40-4CBC-AB7F-2B5AD1494076}.NoDeploy|Any CPU.Build.0 = NoDeploy|Any CPU
		{10BD3228-8C40-4CBC-AB7F-2B5AD1494076}.Package-CD|Any CPU.ActiveCfg = Package-CD|Any CPU
		{10BD3228-8C40-4CBC-AB7F-2B5AD1494076}.Package-CD|Any CPU.Build.0 = Package-CD|Any CPU
		{10BD3228-8C40-4CBC-AB7F-2B5AD1494076}.Package-CD|Any CPU.Deploy.0 = Package-CD|Any CPU
		{10BD3228-8C40-4CBC-AB7F-2B5AD1494076}.Package-CM|Any CPU.ActiveCfg = Package-CM|Any CPU
		{10BD3228-8C40-4CBC-AB7F-2B5AD1494076}.Package-CM|Any CPU.Build.0 = Package-CM|Any CPU
		{10BD3228-8C40-4CBC-AB7F-2B5AD1494076}.Package-CM|Any CPU.Deploy.0 = Package-CM|Any CPU
		{10BD3228-8C40-4CBC-AB7F-2B5AD1494076}.Release|Any CPU.ActiveCfg = Release|Any CPU
		{10BD3228-8C40-4CBC-AB7F-2B5AD1494076}.Release|Any CPU.Build.0 = Release|Any CPU
		{10BD3228-8C40-4CBC-AB7F-2B5AD1494076}.Release|Any CPU.Deploy.0 = Release|Any CPU
		{04070F82-3500-472C-BF75-3512241F551C}.Debug|Any CPU.ActiveCfg = Debug|Any CPU
		{04070F82-3500-472C-BF75-3512241F551C}.Debug|Any CPU.Build.0 = Debug|Any CPU
		{04070F82-3500-472C-BF75-3512241F551C}.Debug|Any CPU.Deploy.0 = Debug|Any CPU
		{04070F82-3500-472C-BF75-3512241F551C}.DockerDeploy|Any CPU.ActiveCfg = DockerDeploy|Any CPU
		{04070F82-3500-472C-BF75-3512241F551C}.DockerDeploy|Any CPU.Build.0 = DockerDeploy|Any CPU
		{04070F82-3500-472C-BF75-3512241F551C}.DockerDeploy|Any CPU.Deploy.0 = DockerDeploy|Any CPU
		{04070F82-3500-472C-BF75-3512241F551C}.Local|Any CPU.ActiveCfg = Local|Any CPU
		{04070F82-3500-472C-BF75-3512241F551C}.Local|Any CPU.Build.0 = Local|Any CPU
		{04070F82-3500-472C-BF75-3512241F551C}.Local|Any CPU.Deploy.0 = Local|Any CPU
		{04070F82-3500-472C-BF75-3512241F551C}.NoDeploy|Any CPU.ActiveCfg = NoDeploy|Any CPU
		{04070F82-3500-472C-BF75-3512241F551C}.NoDeploy|Any CPU.Build.0 = NoDeploy|Any CPU
		{04070F82-3500-472C-BF75-3512241F551C}.Package-CD|Any CPU.ActiveCfg = Package-CD|Any CPU
		{04070F82-3500-472C-BF75-3512241F551C}.Package-CD|Any CPU.Build.0 = Package-CD|Any CPU
		{04070F82-3500-472C-BF75-3512241F551C}.Package-CD|Any CPU.Deploy.0 = Package-CD|Any CPU
		{04070F82-3500-472C-BF75-3512241F551C}.Package-CM|Any CPU.ActiveCfg = Package-CM|Any CPU
		{04070F82-3500-472C-BF75-3512241F551C}.Package-CM|Any CPU.Build.0 = Package-CM|Any CPU
		{04070F82-3500-472C-BF75-3512241F551C}.Package-CM|Any CPU.Deploy.0 = Package-CM|Any CPU
		{04070F82-3500-472C-BF75-3512241F551C}.Release|Any CPU.ActiveCfg = Release|Any CPU
		{04070F82-3500-472C-BF75-3512241F551C}.Release|Any CPU.Build.0 = Release|Any CPU
		{04070F82-3500-472C-BF75-3512241F551C}.Release|Any CPU.Deploy.0 = Release|Any CPU
		{C0357237-F818-4EBE-B5A4-8BDDD144E814}.Debug|Any CPU.ActiveCfg = Debug|Any CPU
		{C0357237-F818-4EBE-B5A4-8BDDD144E814}.Debug|Any CPU.Build.0 = Debug|Any CPU
		{C0357237-F818-4EBE-B5A4-8BDDD144E814}.DockerDeploy|Any CPU.ActiveCfg = DockerDeploy|Any CPU
		{C0357237-F818-4EBE-B5A4-8BDDD144E814}.DockerDeploy|Any CPU.Build.0 = DockerDeploy|Any CPU
		{C0357237-F818-4EBE-B5A4-8BDDD144E814}.Local|Any CPU.ActiveCfg = Local|Any CPU
		{C0357237-F818-4EBE-B5A4-8BDDD144E814}.Local|Any CPU.Build.0 = Local|Any CPU
		{C0357237-F818-4EBE-B5A4-8BDDD144E814}.NoDeploy|Any CPU.ActiveCfg = NoDeploy|Any CPU
		{C0357237-F818-4EBE-B5A4-8BDDD144E814}.NoDeploy|Any CPU.Build.0 = NoDeploy|Any CPU
		{C0357237-F818-4EBE-B5A4-8BDDD144E814}.Package-CD|Any CPU.ActiveCfg = Package-CD|Any CPU
		{C0357237-F818-4EBE-B5A4-8BDDD144E814}.Package-CD|Any CPU.Build.0 = Package-CD|Any CPU
		{C0357237-F818-4EBE-B5A4-8BDDD144E814}.Package-CM|Any CPU.ActiveCfg = Package-CM|Any CPU
		{C0357237-F818-4EBE-B5A4-8BDDD144E814}.Package-CM|Any CPU.Build.0 = Package-CM|Any CPU
		{C0357237-F818-4EBE-B5A4-8BDDD144E814}.Release|Any CPU.ActiveCfg = Release|Any CPU
		{C0357237-F818-4EBE-B5A4-8BDDD144E814}.Release|Any CPU.Build.0 = Release|Any CPU
		{585DF7F8-2AD0-431C-92D5-ED4D3737CEA1}.Debug|Any CPU.ActiveCfg = Debug|Any CPU
		{585DF7F8-2AD0-431C-92D5-ED4D3737CEA1}.Debug|Any CPU.Build.0 = Debug|Any CPU
		{585DF7F8-2AD0-431C-92D5-ED4D3737CEA1}.Debug|Any CPU.Deploy.0 = Debug|Any CPU
		{585DF7F8-2AD0-431C-92D5-ED4D3737CEA1}.DockerDeploy|Any CPU.ActiveCfg = DockerDeploy|Any CPU
		{585DF7F8-2AD0-431C-92D5-ED4D3737CEA1}.DockerDeploy|Any CPU.Build.0 = DockerDeploy|Any CPU
		{585DF7F8-2AD0-431C-92D5-ED4D3737CEA1}.DockerDeploy|Any CPU.Deploy.0 = DockerDeploy|Any CPU
		{585DF7F8-2AD0-431C-92D5-ED4D3737CEA1}.Local|Any CPU.ActiveCfg = Local|Any CPU
		{585DF7F8-2AD0-431C-92D5-ED4D3737CEA1}.Local|Any CPU.Build.0 = Local|Any CPU
		{585DF7F8-2AD0-431C-92D5-ED4D3737CEA1}.Local|Any CPU.Deploy.0 = Local|Any CPU
		{585DF7F8-2AD0-431C-92D5-ED4D3737CEA1}.NoDeploy|Any CPU.ActiveCfg = NoDeploy|Any CPU
		{585DF7F8-2AD0-431C-92D5-ED4D3737CEA1}.NoDeploy|Any CPU.Build.0 = NoDeploy|Any CPU
		{585DF7F8-2AD0-431C-92D5-ED4D3737CEA1}.Package-CD|Any CPU.ActiveCfg = Package-CD|Any CPU
		{585DF7F8-2AD0-431C-92D5-ED4D3737CEA1}.Package-CD|Any CPU.Build.0 = Package-CD|Any CPU
		{585DF7F8-2AD0-431C-92D5-ED4D3737CEA1}.Package-CD|Any CPU.Deploy.0 = Package-CD|Any CPU
		{585DF7F8-2AD0-431C-92D5-ED4D3737CEA1}.Package-CM|Any CPU.ActiveCfg = Package-CM|Any CPU
		{585DF7F8-2AD0-431C-92D5-ED4D3737CEA1}.Package-CM|Any CPU.Build.0 = Package-CM|Any CPU
		{585DF7F8-2AD0-431C-92D5-ED4D3737CEA1}.Package-CM|Any CPU.Deploy.0 = Package-CM|Any CPU
		{585DF7F8-2AD0-431C-92D5-ED4D3737CEA1}.Release|Any CPU.ActiveCfg = Release|Any CPU
		{585DF7F8-2AD0-431C-92D5-ED4D3737CEA1}.Release|Any CPU.Build.0 = Release|Any CPU
		{585DF7F8-2AD0-431C-92D5-ED4D3737CEA1}.Release|Any CPU.Deploy.0 = Release|Any CPU
		{7E3CF87D-CDE6-4B3A-9BEB-8E505F23188E}.Debug|Any CPU.ActiveCfg = Debug|Any CPU
		{7E3CF87D-CDE6-4B3A-9BEB-8E505F23188E}.Debug|Any CPU.Build.0 = Debug|Any CPU
		{7E3CF87D-CDE6-4B3A-9BEB-8E505F23188E}.Debug|Any CPU.Deploy.0 = Debug|Any CPU
		{7E3CF87D-CDE6-4B3A-9BEB-8E505F23188E}.DockerDeploy|Any CPU.ActiveCfg = DockerDeploy|Any CPU
		{7E3CF87D-CDE6-4B3A-9BEB-8E505F23188E}.DockerDeploy|Any CPU.Build.0 = DockerDeploy|Any CPU
		{7E3CF87D-CDE6-4B3A-9BEB-8E505F23188E}.DockerDeploy|Any CPU.Deploy.0 = DockerDeploy|Any CPU
		{7E3CF87D-CDE6-4B3A-9BEB-8E505F23188E}.Local|Any CPU.ActiveCfg = Local|Any CPU
		{7E3CF87D-CDE6-4B3A-9BEB-8E505F23188E}.Local|Any CPU.Build.0 = Local|Any CPU
		{7E3CF87D-CDE6-4B3A-9BEB-8E505F23188E}.Local|Any CPU.Deploy.0 = Local|Any CPU
		{7E3CF87D-CDE6-4B3A-9BEB-8E505F23188E}.NoDeploy|Any CPU.ActiveCfg = NoDeploy|Any CPU
		{7E3CF87D-CDE6-4B3A-9BEB-8E505F23188E}.NoDeploy|Any CPU.Build.0 = NoDeploy|Any CPU
		{7E3CF87D-CDE6-4B3A-9BEB-8E505F23188E}.Package-CD|Any CPU.ActiveCfg = Package-CD|Any CPU
		{7E3CF87D-CDE6-4B3A-9BEB-8E505F23188E}.Package-CD|Any CPU.Build.0 = Package-CD|Any CPU
		{7E3CF87D-CDE6-4B3A-9BEB-8E505F23188E}.Package-CD|Any CPU.Deploy.0 = Package-CD|Any CPU
		{7E3CF87D-CDE6-4B3A-9BEB-8E505F23188E}.Package-CM|Any CPU.ActiveCfg = Package-CM|Any CPU
		{7E3CF87D-CDE6-4B3A-9BEB-8E505F23188E}.Package-CM|Any CPU.Build.0 = Package-CM|Any CPU
		{7E3CF87D-CDE6-4B3A-9BEB-8E505F23188E}.Package-CM|Any CPU.Deploy.0 = Package-CM|Any CPU
		{7E3CF87D-CDE6-4B3A-9BEB-8E505F23188E}.Release|Any CPU.ActiveCfg = Release|Any CPU
		{7E3CF87D-CDE6-4B3A-9BEB-8E505F23188E}.Release|Any CPU.Build.0 = Release|Any CPU
		{7E3CF87D-CDE6-4B3A-9BEB-8E505F23188E}.Release|Any CPU.Deploy.0 = Release|Any CPU
		{E43D437B-0283-4907-BF15-66DCB43645A0}.Debug|Any CPU.ActiveCfg = Debug|Any CPU
		{E43D437B-0283-4907-BF15-66DCB43645A0}.Debug|Any CPU.Build.0 = Debug|Any CPU
		{E43D437B-0283-4907-BF15-66DCB43645A0}.Debug|Any CPU.Deploy.0 = Debug|Any CPU
		{E43D437B-0283-4907-BF15-66DCB43645A0}.DockerDeploy|Any CPU.ActiveCfg = DockerDeploy|Any CPU
		{E43D437B-0283-4907-BF15-66DCB43645A0}.DockerDeploy|Any CPU.Build.0 = DockerDeploy|Any CPU
		{E43D437B-0283-4907-BF15-66DCB43645A0}.DockerDeploy|Any CPU.Deploy.0 = DockerDeploy|Any CPU
		{E43D437B-0283-4907-BF15-66DCB43645A0}.Local|Any CPU.ActiveCfg = DockerDeploy|Any CPU
		{E43D437B-0283-4907-BF15-66DCB43645A0}.Local|Any CPU.Build.0 = DockerDeploy|Any CPU
		{E43D437B-0283-4907-BF15-66DCB43645A0}.Local|Any CPU.Deploy.0 = DockerDeploy|Any CPU
		{E43D437B-0283-4907-BF15-66DCB43645A0}.NoDeploy|Any CPU.ActiveCfg = NoDeploy|Any CPU
		{E43D437B-0283-4907-BF15-66DCB43645A0}.NoDeploy|Any CPU.Build.0 = NoDeploy|Any CPU
		{E43D437B-0283-4907-BF15-66DCB43645A0}.Package-CD|Any CPU.ActiveCfg = DockerDeploy|Any CPU
		{E43D437B-0283-4907-BF15-66DCB43645A0}.Package-CD|Any CPU.Build.0 = DockerDeploy|Any CPU
		{E43D437B-0283-4907-BF15-66DCB43645A0}.Package-CD|Any CPU.Deploy.0 = DockerDeploy|Any CPU
		{E43D437B-0283-4907-BF15-66DCB43645A0}.Package-CM|Any CPU.ActiveCfg = DockerDeploy|Any CPU
		{E43D437B-0283-4907-BF15-66DCB43645A0}.Package-CM|Any CPU.Build.0 = DockerDeploy|Any CPU
		{E43D437B-0283-4907-BF15-66DCB43645A0}.Package-CM|Any CPU.Deploy.0 = DockerDeploy|Any CPU
		{E43D437B-0283-4907-BF15-66DCB43645A0}.Release|Any CPU.ActiveCfg = Release|Any CPU
		{E43D437B-0283-4907-BF15-66DCB43645A0}.Release|Any CPU.Build.0 = Release|Any CPU
		{E43D437B-0283-4907-BF15-66DCB43645A0}.Release|Any CPU.Deploy.0 = Release|Any CPU
	EndGlobalSection
	GlobalSection(SolutionProperties) = preSolution
		HideSolutionNode = FALSE
	EndGlobalSection
	GlobalSection(NestedProjects) = preSolution
		{85186717-7A62-48A7-869B-C47DF85B6273} = {9846C4BE-2108-479E-AA17-4A96052CCCE0}
		{563C5D6A-0964-4778-9DF1-DA0A1BB6C044} = {9846C4BE-2108-479E-AA17-4A96052CCCE0}
		{BA3C2C41-CFAC-4A40-8BE5-1E5368EF4750} = {563C5D6A-0964-4778-9DF1-DA0A1BB6C044}
		{BE63361D-A629-48C2-9D0E-9DE1B9733C2B} = {9846C4BE-2108-479E-AA17-4A96052CCCE0}
		{0C513600-DB12-4ADC-999C-14277FFDF0C8} = {BE63361D-A629-48C2-9D0E-9DE1B9733C2B}
		{7CBAD942-9C88-46AE-AF30-86A2C70B7A25} = {563C5D6A-0964-4778-9DF1-DA0A1BB6C044}
		{73A57FBE-7088-4344-87DC-23B01B504EC9} = {85186717-7A62-48A7-869B-C47DF85B6273}
		{8404CBD0-F0F1-406A-82CA-5F8468764872} = {37394D96-A276-41B7-BFC0-E0897AFE4690}
		{FEA9BDF2-4014-4288-99BA-D511847F6D9C} = {8404CBD0-F0F1-406A-82CA-5F8468764872}
		{205A095A-8995-4AE5-A401-D7F386A57E48} = {85186717-7A62-48A7-869B-C47DF85B6273}
		{826306EB-DB92-4004-A7F4-01FC343D9D0D} = {563C5D6A-0964-4778-9DF1-DA0A1BB6C044}
		{10BD3228-8C40-4CBC-AB7F-2B5AD1494076} = {8404CBD0-F0F1-406A-82CA-5F8468764872}
		{04070F82-3500-472C-BF75-3512241F551C} = {8404CBD0-F0F1-406A-82CA-5F8468764872}
		{C0357237-F818-4EBE-B5A4-8BDDD144E814} = {570909EC-75B1-462F-A542-1345CFD15FB9}
		{585DF7F8-2AD0-431C-92D5-ED4D3737CEA1} = {570909EC-75B1-462F-A542-1345CFD15FB9}
		{7E3CF87D-CDE6-4B3A-9BEB-8E505F23188E} = {570909EC-75B1-462F-A542-1345CFD15FB9}
		{E43D437B-0283-4907-BF15-66DCB43645A0} = {570909EC-75B1-462F-A542-1345CFD15FB9}
	EndGlobalSection
	GlobalSection(ExtensibilityGlobals) = postSolution
		EnterpriseLibraryConfigurationToolBinariesPathV6 = packages\EnterpriseLibrary.Common.6.0.1304.0\lib\NET45;packages\EnterpriseLibrary.TransientFaultHandling.6.0.1304.0\lib\portable-net45+win+wp8;packages\EnterpriseLibrary.TransientFaultHandling.Caching.6.0.1304.0\lib\NET45;packages\EnterpriseLibrary.TransientFaultHandling.Data.6.0.1304.1\lib\NET45;packages\EnterpriseLibrary.TransientFaultHandling.ServiceBus.6.0.1304.0\lib\NET45;packages\EnterpriseLibrary.TransientFaultHandling.WindowsAzure.Storage.6.0.1304.0\lib\NET45;packages\EnterpriseLibrary.TransientFaultHandling.Configuration.6.0.1304.0\lib\NET45
		SolutionGuid = {25D35D77-3A23-45B8-BF1A-F9EB5B3B318F}
	EndGlobalSection
EndGlobal
