
Microsoft Visual Studio Solution File, Format Version 12.00
# Visual Studio Version 16
VisualStudioVersion = 16.0.28803.202
MinimumVisualStudioVersion = 10.0.40219.1
Project("{2150E333-8FDC-42A3-9474-1A3956D46DE8}") = "Project", "Project", "{9846C4BE-2108-479E-AA17-4A96052CCCE0}"
EndProject
Project("{2150E333-8FDC-42A3-9474-1A3956D46DE8}") = "Feature", "Feature", "{37394D96-A276-41B7-BFC0-E0897AFE4690}"
EndProject
Project("{2150E333-8FDC-42A3-9474-1A3956D46DE8}") = "Global", "Global", "{85186717-7A62-48A7-869B-C47DF85B6273}"
EndProject
Project("{2150E333-8FDC-42A3-9474-1A3956D46DE8}") = ".configuration", ".configuration", "{25781A7E-9FF0-4FF5-9BD1-0E25BF8C2AF6}"
	ProjectSection(SolutionItems) = preProject
		.editorconfig = .editorconfig
		.gitattributes = .gitattributes
		.gitignore = .gitignore
		build.cake = build.cake
		cake-config.json = cake-config.json
		nuget.config = nuget.config
		README.md = README.md
		TdsGlobal.config = TdsGlobal.config
	EndProjectSection
EndProject
Project("{2150E333-8FDC-42A3-9474-1A3956D46DE8}") = "HabitatHome", "HabitatHome", "{563C5D6A-0964-4778-9DF1-DA0A1BB6C044}"
EndProject
Project("{FAE04EC0-301F-11D3-BF4B-00C04F79EFBC}") = "Sitecore.HabitatHome.Website", "src\Project\HabitatHome\code\Sitecore.HabitatHome.Website.csproj", "{BA3C2C41-CFAC-4A40-8BE5-1E5368EF4750}"
EndProject
Project("{2150E333-8FDC-42A3-9474-1A3956D46DE8}") = "xConnect", "xConnect", "{BE63361D-A629-48C2-9D0E-9DE1B9733C2B}"
EndProject
Project("{FAE04EC0-301F-11D3-BF4B-00C04F79EFBC}") = "Sitecore.HabitatHome.XConnect", "src\Project\xConnect\code\Sitecore.HabitatHome.XConnect.csproj", "{0C513600-DB12-4ADC-999C-14277FFDF0C8}"
EndProject
Project("{FAE04EC0-301F-11D3-BF4B-00C04F79EFBC}") = "Sitecore.HabitatHome.Website.Test", "src\Project\HabitatHome\tests\Sitecore.HabitatHome.Website.Test.csproj", "{7CBAD942-9C88-46AE-AF30-86A2C70B7A25}"
EndProject
Project("{FAE04EC0-301F-11D3-BF4B-00C04F79EFBC}") = "Sitecore.HabitatHome.Global.Website", "src\Project\Global\code\Sitecore.HabitatHome.Global.Website.csproj", "{73A57FBE-7088-4344-87DC-23B01B504EC9}"
EndProject
Project("{2150E333-8FDC-42A3-9474-1A3956D46DE8}") = "Experience Accelerator", "Experience Accelerator", "{8404CBD0-F0F1-406A-82CA-5F8468764872}"
EndProject
Project("{FAE04EC0-301F-11D3-BF4B-00C04F79EFBC}") = "Sitecore.HabitatHome.Feature.ExperienceAccelerator", "src\Feature\ExperienceAccelerator\code\Sitecore.HabitatHome.Feature.ExperienceAccelerator.csproj", "{FEA9BDF2-4014-4288-99BA-D511847F6D9C}"
EndProject
Project("{2150E333-8FDC-42A3-9474-1A3956D46DE8}") = ".build", ".build", "{570909EC-75B1-462F-A542-1345CFD15FB9}"
EndProject
Project("{9A19103F-16F7-4668-BE54-9A1E7A4F7556}") = "Build.Shared", "src\Build\Build.Shared\code\Build.Shared.csproj", "{4014608D-A0FE-4802-B5C5-08280C2ECF98}"
EndProject
Global
	GlobalSection(SolutionConfigurationPlatforms) = preSolution
		Debug|Any CPU = Debug|Any CPU
		Local|Any CPU = Local|Any CPU
		Package-CD|Any CPU = Package-CD|Any CPU
		Package-CM|Any CPU = Package-CM|Any CPU
		Release|Any CPU = Release|Any CPU
	EndGlobalSection
	GlobalSection(ProjectConfigurationPlatforms) = postSolution
		{BA3C2C41-CFAC-4A40-8BE5-1E5368EF4750}.Debug|Any CPU.ActiveCfg = Debug|Any CPU
		{BA3C2C41-CFAC-4A40-8BE5-1E5368EF4750}.Debug|Any CPU.Build.0 = Debug|Any CPU
		{BA3C2C41-CFAC-4A40-8BE5-1E5368EF4750}.Local|Any CPU.ActiveCfg = Local|Any CPU
		{BA3C2C41-CFAC-4A40-8BE5-1E5368EF4750}.Local|Any CPU.Build.0 = Local|Any CPU
		{BA3C2C41-CFAC-4A40-8BE5-1E5368EF4750}.Package-CD|Any CPU.ActiveCfg = Package-CD|Any CPU
		{BA3C2C41-CFAC-4A40-8BE5-1E5368EF4750}.Package-CD|Any CPU.Build.0 = Package-CD|Any CPU
		{BA3C2C41-CFAC-4A40-8BE5-1E5368EF4750}.Package-CM|Any CPU.ActiveCfg = Package-CM|Any CPU
		{BA3C2C41-CFAC-4A40-8BE5-1E5368EF4750}.Package-CM|Any CPU.Build.0 = Package-CM|Any CPU
		{BA3C2C41-CFAC-4A40-8BE5-1E5368EF4750}.Release|Any CPU.ActiveCfg = Release|Any CPU
		{BA3C2C41-CFAC-4A40-8BE5-1E5368EF4750}.Release|Any CPU.Build.0 = Release|Any CPU
		{0C513600-DB12-4ADC-999C-14277FFDF0C8}.Debug|Any CPU.ActiveCfg = Debug|Any CPU
		{0C513600-DB12-4ADC-999C-14277FFDF0C8}.Debug|Any CPU.Build.0 = Debug|Any CPU
		{0C513600-DB12-4ADC-999C-14277FFDF0C8}.Local|Any CPU.ActiveCfg = Local|Any CPU
		{0C513600-DB12-4ADC-999C-14277FFDF0C8}.Local|Any CPU.Build.0 = Local|Any CPU
		{0C513600-DB12-4ADC-999C-14277FFDF0C8}.Package-CD|Any CPU.ActiveCfg = Package-CD|Any CPU
		{0C513600-DB12-4ADC-999C-14277FFDF0C8}.Package-CD|Any CPU.Build.0 = Package-CD|Any CPU
		{0C513600-DB12-4ADC-999C-14277FFDF0C8}.Package-CM|Any CPU.ActiveCfg = Package-CM|Any CPU
		{0C513600-DB12-4ADC-999C-14277FFDF0C8}.Package-CM|Any CPU.Build.0 = Package-CM|Any CPU
		{0C513600-DB12-4ADC-999C-14277FFDF0C8}.Release|Any CPU.ActiveCfg = Release|Any CPU
		{0C513600-DB12-4ADC-999C-14277FFDF0C8}.Release|Any CPU.Build.0 = Release|Any CPU
		{7CBAD942-9C88-46AE-AF30-86A2C70B7A25}.Debug|Any CPU.ActiveCfg = Debug|Any CPU
		{7CBAD942-9C88-46AE-AF30-86A2C70B7A25}.Debug|Any CPU.Build.0 = Debug|Any CPU
		{7CBAD942-9C88-46AE-AF30-86A2C70B7A25}.Local|Any CPU.ActiveCfg = Local|Any CPU
		{7CBAD942-9C88-46AE-AF30-86A2C70B7A25}.Local|Any CPU.Build.0 = Local|Any CPU
		{7CBAD942-9C88-46AE-AF30-86A2C70B7A25}.Package-CD|Any CPU.ActiveCfg = Package-CD|Any CPU
		{7CBAD942-9C88-46AE-AF30-86A2C70B7A25}.Package-CD|Any CPU.Build.0 = Package-CD|Any CPU
		{7CBAD942-9C88-46AE-AF30-86A2C70B7A25}.Package-CM|Any CPU.ActiveCfg = Package-CM|Any CPU
		{7CBAD942-9C88-46AE-AF30-86A2C70B7A25}.Package-CM|Any CPU.Build.0 = Package-CM|Any CPU
		{7CBAD942-9C88-46AE-AF30-86A2C70B7A25}.Release|Any CPU.ActiveCfg = Release|Any CPU
		{7CBAD942-9C88-46AE-AF30-86A2C70B7A25}.Release|Any CPU.Build.0 = Release|Any CPU
		{73A57FBE-7088-4344-87DC-23B01B504EC9}.Debug|Any CPU.ActiveCfg = Debug|Any CPU
		{73A57FBE-7088-4344-87DC-23B01B504EC9}.Debug|Any CPU.Build.0 = Debug|Any CPU
		{73A57FBE-7088-4344-87DC-23B01B504EC9}.Local|Any CPU.ActiveCfg = Local|Any CPU
		{73A57FBE-7088-4344-87DC-23B01B504EC9}.Local|Any CPU.Build.0 = Local|Any CPU
		{73A57FBE-7088-4344-87DC-23B01B504EC9}.Package-CD|Any CPU.ActiveCfg = Package-CD|Any CPU
		{73A57FBE-7088-4344-87DC-23B01B504EC9}.Package-CD|Any CPU.Build.0 = Package-CD|Any CPU
		{73A57FBE-7088-4344-87DC-23B01B504EC9}.Package-CM|Any CPU.ActiveCfg = Package-CM|Any CPU
		{73A57FBE-7088-4344-87DC-23B01B504EC9}.Package-CM|Any CPU.Build.0 = Package-CM|Any CPU
		{73A57FBE-7088-4344-87DC-23B01B504EC9}.Release|Any CPU.ActiveCfg = Release|Any CPU
		{73A57FBE-7088-4344-87DC-23B01B504EC9}.Release|Any CPU.Build.0 = Release|Any CPU
		{FEA9BDF2-4014-4288-99BA-D511847F6D9C}.Debug|Any CPU.ActiveCfg = Debug|Any CPU
		{FEA9BDF2-4014-4288-99BA-D511847F6D9C}.Debug|Any CPU.Build.0 = Debug|Any CPU
		{FEA9BDF2-4014-4288-99BA-D511847F6D9C}.Local|Any CPU.ActiveCfg = Local|Any CPU
		{FEA9BDF2-4014-4288-99BA-D511847F6D9C}.Local|Any CPU.Build.0 = Local|Any CPU
		{FEA9BDF2-4014-4288-99BA-D511847F6D9C}.Package-CD|Any CPU.ActiveCfg = Package-CD|Any CPU
		{FEA9BDF2-4014-4288-99BA-D511847F6D9C}.Package-CD|Any CPU.Build.0 = Package-CD|Any CPU
		{FEA9BDF2-4014-4288-99BA-D511847F6D9C}.Package-CM|Any CPU.ActiveCfg = Package-CM|Any CPU
		{FEA9BDF2-4014-4288-99BA-D511847F6D9C}.Package-CM|Any CPU.Build.0 = Package-CM|Any CPU
		{FEA9BDF2-4014-4288-99BA-D511847F6D9C}.Release|Any CPU.ActiveCfg = Release|Any CPU
		{FEA9BDF2-4014-4288-99BA-D511847F6D9C}.Release|Any CPU.Build.0 = Release|Any CPU
		{4014608D-A0FE-4802-B5C5-08280C2ECF98}.Debug|Any CPU.ActiveCfg = Debug|Any CPU
		{4014608D-A0FE-4802-B5C5-08280C2ECF98}.Debug|Any CPU.Build.0 = Debug|Any CPU
		{4014608D-A0FE-4802-B5C5-08280C2ECF98}.Local|Any CPU.ActiveCfg = Local|Any CPU
		{4014608D-A0FE-4802-B5C5-08280C2ECF98}.Local|Any CPU.Build.0 = Local|Any CPU
		{4014608D-A0FE-4802-B5C5-08280C2ECF98}.Package-CD|Any CPU.ActiveCfg = Package-CD|Any CPU
		{4014608D-A0FE-4802-B5C5-08280C2ECF98}.Package-CD|Any CPU.Build.0 = Package-CD|Any CPU
		{4014608D-A0FE-4802-B5C5-08280C2ECF98}.Package-CM|Any CPU.ActiveCfg = Package-CM|Any CPU
		{4014608D-A0FE-4802-B5C5-08280C2ECF98}.Package-CM|Any CPU.Build.0 = Package-CM|Any CPU
		{4014608D-A0FE-4802-B5C5-08280C2ECF98}.Release|Any CPU.ActiveCfg = Release|Any CPU
		{4014608D-A0FE-4802-B5C5-08280C2ECF98}.Release|Any CPU.Build.0 = Release|Any CPU
	EndGlobalSection
	GlobalSection(SolutionProperties) = preSolution
		HideSolutionNode = FALSE
	EndGlobalSection
	GlobalSection(NestedProjects) = preSolution
		{85186717-7A62-48A7-869B-C47DF85B6273} = {9846C4BE-2108-479E-AA17-4A96052CCCE0}
		{563C5D6A-0964-4778-9DF1-DA0A1BB6C044} = {9846C4BE-2108-479E-AA17-4A96052CCCE0}
		{BA3C2C41-CFAC-4A40-8BE5-1E5368EF4750} = {563C5D6A-0964-4778-9DF1-DA0A1BB6C044}
		{BE63361D-A629-48C2-9D0E-9DE1B9733C2B} = {9846C4BE-2108-479E-AA17-4A96052CCCE0}
		{0C513600-DB12-4ADC-999C-14277FFDF0C8} = {BE63361D-A629-48C2-9D0E-9DE1B9733C2B}
		{7CBAD942-9C88-46AE-AF30-86A2C70B7A25} = {563C5D6A-0964-4778-9DF1-DA0A1BB6C044}
		{73A57FBE-7088-4344-87DC-23B01B504EC9} = {85186717-7A62-48A7-869B-C47DF85B6273}
		{8404CBD0-F0F1-406A-82CA-5F8468764872} = {37394D96-A276-41B7-BFC0-E0897AFE4690}
		{FEA9BDF2-4014-4288-99BA-D511847F6D9C} = {8404CBD0-F0F1-406A-82CA-5F8468764872}
		{4014608D-A0FE-4802-B5C5-08280C2ECF98} = {570909EC-75B1-462F-A542-1345CFD15FB9}
	EndGlobalSection
	GlobalSection(ExtensibilityGlobals) = postSolution
		EnterpriseLibraryConfigurationToolBinariesPathV6 = packages\EnterpriseLibrary.Common.6.0.1304.0\lib\NET45;packages\EnterpriseLibrary.TransientFaultHandling.6.0.1304.0\lib\portable-net45+win+wp8;packages\EnterpriseLibrary.TransientFaultHandling.Caching.6.0.1304.0\lib\NET45;packages\EnterpriseLibrary.TransientFaultHandling.Data.6.0.1304.1\lib\NET45;packages\EnterpriseLibrary.TransientFaultHandling.ServiceBus.6.0.1304.0\lib\NET45;packages\EnterpriseLibrary.TransientFaultHandling.WindowsAzure.Storage.6.0.1304.0\lib\NET45;packages\EnterpriseLibrary.TransientFaultHandling.Configuration.6.0.1304.0\lib\NET45
		SolutionGuid = {25D35D77-3A23-45B8-BF1A-F9EB5B3B318F}
	EndGlobalSection
EndGlobal
