
Microsoft Visual Studio Solution File, Format Version 12.00
# Visual Studio 15
VisualStudioVersion = 15.0.27004.2009
MinimumVisualStudioVersion = 10.0.40219.1
Project("{2150E333-8FDC-42A3-9474-1A3956D46DE8}") = "Project", "Project", "{9846C4BE-2108-479E-AA17-4A96052CCCE0}"
EndProject
Project("{2150E333-8FDC-42A3-9474-1A3956D46DE8}") = "Foundation", "Foundation", "{78EA0067-9C56-4E62-B428-A84F35EDB7BF}"
EndProject
Project("{2150E333-8FDC-42A3-9474-1A3956D46DE8}") = "Feature", "Feature", "{37394D96-A276-41B7-BFC0-E0897AFE4690}"
EndProject
Project("{2150E333-8FDC-42A3-9474-1A3956D46DE8}") = "Common", "Common", "{52A24683-6714-4380-A38B-1BD657A8D604}"
EndProject
Project("{2150E333-8FDC-42A3-9474-1A3956D46DE8}") = "Habitat", "Habitat", "{85186717-7A62-48A7-869B-C47DF85B6273}"
EndProject
Project("{2150E333-8FDC-42A3-9474-1A3956D46DE8}") = "Forms", "Forms", "{4973AC65-BFF7-435C-BE3F-30C4AB80FAE1}"
EndProject
Project("{2150E333-8FDC-42A3-9474-1A3956D46DE8}") = "Demo", "Demo", "{EA348692-4DA3-4388-9E0C-EF8C548EB579}"
EndProject
Project("{FAE04EC0-301F-11D3-BF4B-00C04F79EFBC}") = "Sitecore.Common.Website", "src\Project\Common\code\Sitecore.Common.Website.csproj", "{473A0B1B-347B-413D-83A4-F9D166C9E8AA}"
	ProjectSection(ProjectDependencies) = postProject
		{2C337D0A-2483-4A8C-9ECD-5D823481EBED} = {2C337D0A-2483-4A8C-9ECD-5D823481EBED}
		{89F6A443-9E24-499F-A255-194D74187DD9} = {89F6A443-9E24-499F-A255-194D74187DD9}
		{3E21FC58-E2B6-4DE9-94C3-FF38C7CF0402} = {3E21FC58-E2B6-4DE9-94C3-FF38C7CF0402}
		{784ABEED-9F00-4AE6-8CEF-5AEF3C161E96} = {784ABEED-9F00-4AE6-8CEF-5AEF3C161E96}
		{A1E771F2-9C73-4A8E-8A07-973499C73CAD} = {A1E771F2-9C73-4A8E-8A07-973499C73CAD}
	EndProjectSection
EndProject
Project("{2150E333-8FDC-42A3-9474-1A3956D46DE8}") = "Configuration", "Configuration", "{25781A7E-9FF0-4FF5-9BD1-0E25BF8C2AF6}"
	ProjectSection(SolutionItems) = preProject
		.gitattributes = .gitattributes
		.gitignore = .gitignore
		gulp-config.js = gulp-config.js
		gulpfile.js = gulpfile.js
		nuget.config = nuget.config
		package.json = package.json
		README.md = README.md
		TdsGlobal.config = TdsGlobal.config
	EndProjectSection
EndProject
Project("{FAE04EC0-301F-11D3-BF4B-00C04F79EFBC}") = "Sitecore.Habitat.Website", "src\Project\Habitat\code\Sitecore.Habitat.Website.csproj", "{73A57FBE-7088-4344-87DC-23B01B504EC9}"
EndProject
Project("{CAA73BB0-EF22-4D79-A57E-DF67B3BA9C80}") = "Sitecore.Common.Website.Master", "src\Project\Common\tds\Sitecore.Common.Website.Master\Sitecore.Common.Website.Master.scproj", "{321A2547-DED0-4F12-BD2B-D80CECB7396F}"
EndProject
Project("{CAA73BB0-EF22-4D79-A57E-DF67B3BA9C80}") = "Sitecore.Habitat.Website.Master", "src\Project\Habitat\tds\Sitecore.Habitat.Website.Master\Sitecore.Habitat.Website.Master.scproj", "{D259EF27-FA71-4D70-A2E4-C6D854CC849F}"
	ProjectSection(ProjectDependencies) = postProject
		{321A2547-DED0-4F12-BD2B-D80CECB7396F} = {321A2547-DED0-4F12-BD2B-D80CECB7396F}
		{3E21FC58-E2B6-4DE9-94C3-FF38C7CF0402} = {3E21FC58-E2B6-4DE9-94C3-FF38C7CF0402}
	EndProjectSection
EndProject
Project("{2150E333-8FDC-42A3-9474-1A3956D46DE8}") = "Build", "Build", "{0554FDB3-149E-4B59-BC22-27A0CB3854A7}"
EndProject
Project("{CAA73BB0-EF22-4D79-A57E-DF67B3BA9C80}") = "Sitecore.Demo.Deployment", "build\TDS\Sitecore.Demo.Deployment\Sitecore.Demo.Deployment.scproj", "{22CDAA26-110F-46DF-88E5-19445B8F48AB}"
	ProjectSection(ProjectDependencies) = postProject
		{D259EF27-FA71-4D70-A2E4-C6D854CC849F} = {D259EF27-FA71-4D70-A2E4-C6D854CC849F}
		{321A2547-DED0-4F12-BD2B-D80CECB7396F} = {321A2547-DED0-4F12-BD2B-D80CECB7396F}
	EndProjectSection
EndProject
Project("{CAA73BB0-EF22-4D79-A57E-DF67B3BA9C80}") = "Sitecore.Feature.Demo.Master", "src\Feature\Demo\tds\Sitecore.Feature.Demo.Master\Sitecore.Feature.Demo.Master.scproj", "{3E21FC58-E2B6-4DE9-94C3-FF38C7CF0402}"
EndProject
Project("{FAE04EC0-301F-11D3-BF4B-00C04F79EFBC}") = "Sitecore.Feature.Demo", "src\Feature\Demo\code\Sitecore.Feature.Demo.csproj", "{B4848A62-92AA-4670-B519-12EFC204409E}"
EndProject
Project("{2150E333-8FDC-42A3-9474-1A3956D46DE8}") = "DependencyInjection", "DependencyInjection", "{D947FE0F-297B-40B3-B20A-6EC9E0C7AA20}"
EndProject
Project("{FAE04EC0-301F-11D3-BF4B-00C04F79EFBC}") = "Sitecore.Foundation.DependencyInjection", "src\Foundation\DependencyInjection\code\Sitecore.Foundation.DependencyInjection.csproj", "{FA1EEE78-E6D6-4B63-A126-5F470624EFEE}"
EndProject
Project("{2150E333-8FDC-42A3-9474-1A3956D46DE8}") = "SitecoreExtensions", "SitecoreExtensions", "{A8F21C93-BB1C-4E9A-8C48-3960F6AC0AFA}"
EndProject
Project("{FAE04EC0-301F-11D3-BF4B-00C04F79EFBC}") = "Sitecore.Foundation.SitecoreExtensions", "src\Foundation\SitecoreExtensions\code\Sitecore.Foundation.SitecoreExtensions.csproj", "{1C7B40C7-AEA6-4038-9D45-0F5440908929}"
EndProject
Project("{2150E333-8FDC-42A3-9474-1A3956D46DE8}") = "Accounts", "Accounts", "{03896944-D9FE-427D-A931-384BC99098A1}"
EndProject
Project("{FAE04EC0-301F-11D3-BF4B-00C04F79EFBC}") = "Sitecore.Foundation.Accounts", "src\Foundation\Accounts\code\Sitecore.Foundation.Accounts.csproj", "{CE34A3B7-B91A-41BA-8B16-C1E131E1C621}"
EndProject
Project("{CAA73BB0-EF22-4D79-A57E-DF67B3BA9C80}") = "Sitecore.Foundation.Accounts.Master", "src\Foundation\Accounts\tds\Sitecore.Foundation.Accounts.Master\Sitecore.Foundation.Accounts.Master.scproj", "{2C337D0A-2483-4A8C-9ECD-5D823481EBED}"
EndProject
Project("{CAA73BB0-EF22-4D79-A57E-DF67B3BA9C80}") = "Sitecore.Foundation.DependencyInjection.Master", "src\Foundation\DependencyInjection\tds\Sitecore.Foundation.DependencyInjection.Master\Sitecore.Foundation.DependencyInjection.Master.scproj", "{784ABEED-9F00-4AE6-8CEF-5AEF3C161E96}"
EndProject
Project("{2150E333-8FDC-42A3-9474-1A3956D46DE8}") = "Accounts", "Accounts", "{EA8A4139-6E39-44D6-B15E-FB9BD1927224}"
EndProject
Project("{FAE04EC0-301F-11D3-BF4B-00C04F79EFBC}") = "Sitecore.Feature.Accounts", "src\Feature\Accounts\code\Sitecore.Feature.Accounts.csproj", "{B4A56D7D-DDBB-494B-A05A-26974FB7EEB1}"
EndProject
Project("{CAA73BB0-EF22-4D79-A57E-DF67B3BA9C80}") = "Sitecore.Feature.Accounts.Master", "src\Feature\Accounts\tds\Sitecore.Feature.Accounts.Master\Sitecore.Feature.Accounts.Master.scproj", "{A1E771F2-9C73-4A8E-8A07-973499C73CAD}"
EndProject
Project("{CAA73BB0-EF22-4D79-A57E-DF67B3BA9C80}") = "Sitecore.Feature.Accounts.Core", "src\Feature\Accounts\tds\Sitecore.Feature.Accounts.Core\Sitecore.Feature.Accounts.Core.scproj", "{89F6A443-9E24-499F-A255-194D74187DD9}"
EndProject
Project("{2150E333-8FDC-42A3-9474-1A3956D46DE8}") = "Alerts", "Alerts", "{6A5BDFDE-DA90-4911-B1F8-2C1368131116}"
EndProject
Project("{FAE04EC0-301F-11D3-BF4B-00C04F79EFBC}") = "Sitecore.Foundation.Alerts", "src\Foundation\Alerts\code\Sitecore.Foundation.Alerts.csproj", "{33130B84-7456-4B2E-9EA6-CF27A273E918}"
EndProject
Project("{CAA73BB0-EF22-4D79-A57E-DF67B3BA9C80}") = "Sitecore.Foundation.Alerts.Master", "src\Foundation\Alerts\tds\Sitecore.Foundation.Alerts.Master\Sitecore.Foundation.Alerts.Master.scproj", "{D02D7F61-C1D3-40B6-9CE6-D17BD9AD6BB0}"
EndProject
Project("{2150E333-8FDC-42A3-9474-1A3956D46DE8}") = "Dictionary", "Dictionary", "{63CA1A19-D198-4B92-BD97-F16B21CBEE98}"
EndProject
Project("{FAE04EC0-301F-11D3-BF4B-00C04F79EFBC}") = "Sitecore.Foundation.Dictionary", "src\Foundation\Dictionary\code\Sitecore.Foundation.Dictionary.csproj", "{0D6BA4D8-C469-4AE9-9EBB-93BDF7D7E78F}"
EndProject
Project("{FAE04EC0-301F-11D3-BF4B-00C04F79EFBC}") = "Sitecore.Feature.Forms", "src\Feature\Forms\code\Sitecore.Feature.Forms.csproj", "{9CC4B700-D002-4BC2-B417-FD956AD3DD39}"
EndProject
Project("{CAA73BB0-EF22-4D79-A57E-DF67B3BA9C80}") = "Sitecore.Feature.Forms.Master", "src\Feature\Forms\tds\Sitecore.Feature.Forms.Master\Sitecore.Feature.Forms.Master.scproj", "{528E10E7-7BAD-4EF2-9076-D31B31BBDDF9}"
EndProject
Project("{CAA73BB0-EF22-4D79-A57E-DF67B3BA9C80}") = "Sitecore.Feature.Forms.Core", "src\Feature\Forms\tds\Sitecore.Feature.Forms.Core\Sitecore.Feature.Forms.Core.scproj", "{2AD001BF-4378-4056-B7E9-993A9E43A1C7}"
EndProject
Project("{2150E333-8FDC-42A3-9474-1A3956D46DE8}") = "CRM", "CRM", "{217AA2A9-02D7-4169-8B56-F8632E446A79}"
EndProject
Project("{FAE04EC0-301F-11D3-BF4B-00C04F79EFBC}") = "Sitecore.Feature.CRM", "src\Feature\CRM\code\Sitecore.Feature.CRM.csproj", "{2EC4C2C2-3124-4679-B113-164457315173}"
EndProject
Project("{CAA73BB0-EF22-4D79-A57E-DF67B3BA9C80}") = "Sitecore.Feature.CRM.Master", "src\Feature\CRM\tds\Sitecore.Feature.CRM.Master\Sitecore.Feature.CRM.Master.scproj", "{1E9FE6A6-E0E5-421D-AB6F-59AE11E0D290}"
EndProject
Project("{FAE04EC0-301F-11D3-BF4B-00C04F79EFBC}") = "Sitecore.Demo.Deployment.Web", "build\code\Sitecore.Demo.Deployment.Web.csproj", "{6D10CA5E-549B-4E44-97B6-3082A0843AAE}"
EndProject
Project("{2150E333-8FDC-42A3-9474-1A3956D46DE8}") = "Serialization", "Serialization", "{B377ED6C-B3C4-4929-85DB-314D01C27AA3}"
EndProject
Project("{FAE04EC0-301F-11D3-BF4B-00C04F79EFBC}") = "Sitecore.Foundation.Serialization", "src\Foundation\Serialization\code\Sitecore.Foundation.Serialization.csproj", "{22A2B11A-B41B-426C-9202-AEBB6C9B5CA6}"
EndProject
Project("{CAA73BB0-EF22-4D79-A57E-DF67B3BA9C80}") = "Sitecore.Foundation.SitecoreExtensions.Master", "src\Foundation\SitecoreExtensions\tds\Sitecore.Foundation.SitecoreExtensions.Master\Sitecore.Foundation.SitecoreExtensions.Master.scproj", "{9D46F1F1-C227-4D0E-91A6-8228FAF88BA3}"
EndProject
Project("{CAA73BB0-EF22-4D79-A57E-DF67B3BA9C80}") = "Sitecore.Foundation.SitecoreExtensions.Core", "src\Foundation\SitecoreExtensions\tds\Sitecore.Foundation.SitecoreExtensions.Core\Sitecore.Foundation.SitecoreExtensions.Core.scproj", "{6ADD8EDF-94B9-4A27-8825-C46530A8933B}"
EndProject
Project("{2150E333-8FDC-42A3-9474-1A3956D46DE8}") = "Support", "Support", "{04AF36A8-B6E4-4F26-8D66-DA1DF3F5A123}"
EndProject
Project("{CAA73BB0-EF22-4D79-A57E-DF67B3BA9C80}") = "Sitecore.Foundation.Support.Master", "src\Foundation\Support\tds\Sitecore.Foundation.Support.Master\Sitecore.Foundation.Support.Master.scproj", "{9A03B12E-14B7-4003-B57C-16BC6F812959}"
EndProject
Project("{FAE04EC0-301F-11D3-BF4B-00C04F79EFBC}") = "Sitecore.Foundation.Support", "src\Foundation\Support\code\Sitecore.Foundation.Support.csproj", "{C3688F1D-F0BF-4437-A899-F69448DC18B4}"
EndProject
Project("{2150E333-8FDC-42A3-9474-1A3956D46DE8}") = "Email", "Email", "{812514BD-BB82-4A7C-9800-F11C575F12C0}"
EndProject
Project("{CAA73BB0-EF22-4D79-A57E-DF67B3BA9C80}") = "Sitecore.Feature.Email.Master", "src\Feature\Email\tds\Sitecore.Feature.Email.Master\Sitecore.Feature.Email.Master.scproj", "{3F967028-96B1-4A57-A93D-3ACA23E97372}"
EndProject
Project("{FAE04EC0-301F-11D3-BF4B-00C04F79EFBC}") = "Sitecore.Feature.Email", "src\Feature\Email\code\Sitecore.Feature.Email.csproj", "{A5DD50D9-3A50-4F25-97EC-D3B71A8562CE}"
EndProject
Project("{CAA73BB0-EF22-4D79-A57E-DF67B3BA9C80}") = "Sitecore.Foundation.Dictionary.Master", "src\Foundation\Dictionary\tds\Sitecore.Foundation.Dictionary.Master\Sitecore.Foundation.Dictionary.Master.scproj", "{8D9B5A43-9F16-4E25-8F6A-7FD239693E46}"
EndProject
Global
	GlobalSection(SolutionConfigurationPlatforms) = preSolution
		Debug|Any CPU = Debug|Any CPU
		Release|Any CPU = Release|Any CPU
		TDS|Any CPU = TDS|Any CPU
	EndGlobalSection
	GlobalSection(ProjectConfigurationPlatforms) = postSolution
		{473A0B1B-347B-413D-83A4-F9D166C9E8AA}.Debug|Any CPU.ActiveCfg = Debug|Any CPU
		{473A0B1B-347B-413D-83A4-F9D166C9E8AA}.Debug|Any CPU.Build.0 = Debug|Any CPU
		{473A0B1B-347B-413D-83A4-F9D166C9E8AA}.Release|Any CPU.ActiveCfg = Release|Any CPU
		{473A0B1B-347B-413D-83A4-F9D166C9E8AA}.Release|Any CPU.Build.0 = Release|Any CPU
		{473A0B1B-347B-413D-83A4-F9D166C9E8AA}.TDS|Any CPU.ActiveCfg = TDS|Any CPU
		{73A57FBE-7088-4344-87DC-23B01B504EC9}.Debug|Any CPU.ActiveCfg = Debug|Any CPU
		{73A57FBE-7088-4344-87DC-23B01B504EC9}.Debug|Any CPU.Build.0 = Debug|Any CPU
		{73A57FBE-7088-4344-87DC-23B01B504EC9}.Release|Any CPU.ActiveCfg = Release|Any CPU
		{73A57FBE-7088-4344-87DC-23B01B504EC9}.Release|Any CPU.Build.0 = Release|Any CPU
		{73A57FBE-7088-4344-87DC-23B01B504EC9}.TDS|Any CPU.ActiveCfg = TDS|Any CPU
		{321A2547-DED0-4F12-BD2B-D80CECB7396F}.Debug|Any CPU.ActiveCfg = Debug|Any CPU
		{321A2547-DED0-4F12-BD2B-D80CECB7396F}.Debug|Any CPU.Build.0 = Debug|Any CPU
		{321A2547-DED0-4F12-BD2B-D80CECB7396F}.Debug|Any CPU.Deploy.0 = Debug|Any CPU
		{321A2547-DED0-4F12-BD2B-D80CECB7396F}.Release|Any CPU.ActiveCfg = Release|Any CPU
		{321A2547-DED0-4F12-BD2B-D80CECB7396F}.Release|Any CPU.Build.0 = Release|Any CPU
		{321A2547-DED0-4F12-BD2B-D80CECB7396F}.Release|Any CPU.Deploy.0 = Release|Any CPU
		{321A2547-DED0-4F12-BD2B-D80CECB7396F}.TDS|Any CPU.ActiveCfg = TDS|Any CPU
		{321A2547-DED0-4F12-BD2B-D80CECB7396F}.TDS|Any CPU.Build.0 = TDS|Any CPU
		{D259EF27-FA71-4D70-A2E4-C6D854CC849F}.Debug|Any CPU.ActiveCfg = Debug|Any CPU
		{D259EF27-FA71-4D70-A2E4-C6D854CC849F}.Debug|Any CPU.Build.0 = Debug|Any CPU
		{D259EF27-FA71-4D70-A2E4-C6D854CC849F}.Debug|Any CPU.Deploy.0 = Debug|Any CPU
		{D259EF27-FA71-4D70-A2E4-C6D854CC849F}.Release|Any CPU.ActiveCfg = Release|Any CPU
		{D259EF27-FA71-4D70-A2E4-C6D854CC849F}.Release|Any CPU.Build.0 = Release|Any CPU
		{D259EF27-FA71-4D70-A2E4-C6D854CC849F}.Release|Any CPU.Deploy.0 = Release|Any CPU
		{D259EF27-FA71-4D70-A2E4-C6D854CC849F}.TDS|Any CPU.ActiveCfg = TDS|Any CPU
		{D259EF27-FA71-4D70-A2E4-C6D854CC849F}.TDS|Any CPU.Build.0 = TDS|Any CPU
		{22CDAA26-110F-46DF-88E5-19445B8F48AB}.Debug|Any CPU.ActiveCfg = Debug|Any CPU
		{22CDAA26-110F-46DF-88E5-19445B8F48AB}.Release|Any CPU.ActiveCfg = Release|Any CPU
		{22CDAA26-110F-46DF-88E5-19445B8F48AB}.Release|Any CPU.Build.0 = Release|Any CPU
		{22CDAA26-110F-46DF-88E5-19445B8F48AB}.Release|Any CPU.Deploy.0 = Release|Any CPU
		{22CDAA26-110F-46DF-88E5-19445B8F48AB}.TDS|Any CPU.ActiveCfg = TDS|Any CPU
		{22CDAA26-110F-46DF-88E5-19445B8F48AB}.TDS|Any CPU.Build.0 = TDS|Any CPU
		{3E21FC58-E2B6-4DE9-94C3-FF38C7CF0402}.Debug|Any CPU.ActiveCfg = Debug|Any CPU
		{3E21FC58-E2B6-4DE9-94C3-FF38C7CF0402}.Debug|Any CPU.Build.0 = Debug|Any CPU
		{3E21FC58-E2B6-4DE9-94C3-FF38C7CF0402}.Debug|Any CPU.Deploy.0 = Debug|Any CPU
		{3E21FC58-E2B6-4DE9-94C3-FF38C7CF0402}.Release|Any CPU.ActiveCfg = Release|Any CPU
		{3E21FC58-E2B6-4DE9-94C3-FF38C7CF0402}.Release|Any CPU.Build.0 = Release|Any CPU
		{3E21FC58-E2B6-4DE9-94C3-FF38C7CF0402}.Release|Any CPU.Deploy.0 = Release|Any CPU
		{3E21FC58-E2B6-4DE9-94C3-FF38C7CF0402}.TDS|Any CPU.ActiveCfg = TDS|Any CPU
		{3E21FC58-E2B6-4DE9-94C3-FF38C7CF0402}.TDS|Any CPU.Build.0 = TDS|Any CPU
		{3E21FC58-E2B6-4DE9-94C3-FF38C7CF0402}.TDS|Any CPU.Deploy.0 = TDS|Any CPU
		{B4848A62-92AA-4670-B519-12EFC204409E}.Debug|Any CPU.ActiveCfg = Debug|Any CPU
		{B4848A62-92AA-4670-B519-12EFC204409E}.Debug|Any CPU.Build.0 = Debug|Any CPU
		{B4848A62-92AA-4670-B519-12EFC204409E}.Release|Any CPU.ActiveCfg = Release|Any CPU
		{B4848A62-92AA-4670-B519-12EFC204409E}.Release|Any CPU.Build.0 = Release|Any CPU
		{B4848A62-92AA-4670-B519-12EFC204409E}.TDS|Any CPU.ActiveCfg = TDS|Any CPU
		{B4848A62-92AA-4670-B519-12EFC204409E}.TDS|Any CPU.Build.0 = TDS|Any CPU
		{FA1EEE78-E6D6-4B63-A126-5F470624EFEE}.Debug|Any CPU.ActiveCfg = Debug|Any CPU
		{FA1EEE78-E6D6-4B63-A126-5F470624EFEE}.Debug|Any CPU.Build.0 = Debug|Any CPU
		{FA1EEE78-E6D6-4B63-A126-5F470624EFEE}.Release|Any CPU.ActiveCfg = Release|Any CPU
		{FA1EEE78-E6D6-4B63-A126-5F470624EFEE}.Release|Any CPU.Build.0 = Release|Any CPU
		{FA1EEE78-E6D6-4B63-A126-5F470624EFEE}.TDS|Any CPU.ActiveCfg = TDS|Any CPU
		{FA1EEE78-E6D6-4B63-A126-5F470624EFEE}.TDS|Any CPU.Build.0 = TDS|Any CPU
		{1C7B40C7-AEA6-4038-9D45-0F5440908929}.Debug|Any CPU.ActiveCfg = Debug|Any CPU
		{1C7B40C7-AEA6-4038-9D45-0F5440908929}.Debug|Any CPU.Build.0 = Debug|Any CPU
		{1C7B40C7-AEA6-4038-9D45-0F5440908929}.Release|Any CPU.ActiveCfg = Release|Any CPU
		{1C7B40C7-AEA6-4038-9D45-0F5440908929}.Release|Any CPU.Build.0 = Release|Any CPU
		{1C7B40C7-AEA6-4038-9D45-0F5440908929}.TDS|Any CPU.ActiveCfg = TDS|Any CPU
		{1C7B40C7-AEA6-4038-9D45-0F5440908929}.TDS|Any CPU.Build.0 = TDS|Any CPU
		{CE34A3B7-B91A-41BA-8B16-C1E131E1C621}.Debug|Any CPU.ActiveCfg = Debug|Any CPU
		{CE34A3B7-B91A-41BA-8B16-C1E131E1C621}.Debug|Any CPU.Build.0 = Debug|Any CPU
		{CE34A3B7-B91A-41BA-8B16-C1E131E1C621}.Release|Any CPU.ActiveCfg = Release|Any CPU
		{CE34A3B7-B91A-41BA-8B16-C1E131E1C621}.Release|Any CPU.Build.0 = Release|Any CPU
		{CE34A3B7-B91A-41BA-8B16-C1E131E1C621}.TDS|Any CPU.ActiveCfg = TDS|Any CPU
		{CE34A3B7-B91A-41BA-8B16-C1E131E1C621}.TDS|Any CPU.Build.0 = TDS|Any CPU
		{2C337D0A-2483-4A8C-9ECD-5D823481EBED}.Debug|Any CPU.ActiveCfg = Debug|Any CPU
		{2C337D0A-2483-4A8C-9ECD-5D823481EBED}.Debug|Any CPU.Build.0 = Debug|Any CPU
		{2C337D0A-2483-4A8C-9ECD-5D823481EBED}.Debug|Any CPU.Deploy.0 = Debug|Any CPU
		{2C337D0A-2483-4A8C-9ECD-5D823481EBED}.Release|Any CPU.ActiveCfg = Release|Any CPU
		{2C337D0A-2483-4A8C-9ECD-5D823481EBED}.Release|Any CPU.Build.0 = Release|Any CPU
		{2C337D0A-2483-4A8C-9ECD-5D823481EBED}.Release|Any CPU.Deploy.0 = Release|Any CPU
		{2C337D0A-2483-4A8C-9ECD-5D823481EBED}.TDS|Any CPU.ActiveCfg = TDS|Any CPU
		{2C337D0A-2483-4A8C-9ECD-5D823481EBED}.TDS|Any CPU.Build.0 = TDS|Any CPU
		{2C337D0A-2483-4A8C-9ECD-5D823481EBED}.TDS|Any CPU.Deploy.0 = TDS|Any CPU
		{784ABEED-9F00-4AE6-8CEF-5AEF3C161E96}.Debug|Any CPU.ActiveCfg = Debug|Any CPU
		{784ABEED-9F00-4AE6-8CEF-5AEF3C161E96}.Debug|Any CPU.Build.0 = Debug|Any CPU
		{784ABEED-9F00-4AE6-8CEF-5AEF3C161E96}.Debug|Any CPU.Deploy.0 = Debug|Any CPU
		{784ABEED-9F00-4AE6-8CEF-5AEF3C161E96}.Release|Any CPU.ActiveCfg = Release|Any CPU
		{784ABEED-9F00-4AE6-8CEF-5AEF3C161E96}.Release|Any CPU.Build.0 = Release|Any CPU
		{784ABEED-9F00-4AE6-8CEF-5AEF3C161E96}.Release|Any CPU.Deploy.0 = Release|Any CPU
		{784ABEED-9F00-4AE6-8CEF-5AEF3C161E96}.TDS|Any CPU.ActiveCfg = TDS|Any CPU
		{784ABEED-9F00-4AE6-8CEF-5AEF3C161E96}.TDS|Any CPU.Build.0 = TDS|Any CPU
		{784ABEED-9F00-4AE6-8CEF-5AEF3C161E96}.TDS|Any CPU.Deploy.0 = TDS|Any CPU
		{B4A56D7D-DDBB-494B-A05A-26974FB7EEB1}.Debug|Any CPU.ActiveCfg = Debug|Any CPU
		{B4A56D7D-DDBB-494B-A05A-26974FB7EEB1}.Debug|Any CPU.Build.0 = Debug|Any CPU
		{B4A56D7D-DDBB-494B-A05A-26974FB7EEB1}.Release|Any CPU.ActiveCfg = Release|Any CPU
		{B4A56D7D-DDBB-494B-A05A-26974FB7EEB1}.Release|Any CPU.Build.0 = Release|Any CPU
		{B4A56D7D-DDBB-494B-A05A-26974FB7EEB1}.TDS|Any CPU.ActiveCfg = TDS|Any CPU
		{B4A56D7D-DDBB-494B-A05A-26974FB7EEB1}.TDS|Any CPU.Build.0 = TDS|Any CPU
		{A1E771F2-9C73-4A8E-8A07-973499C73CAD}.Debug|Any CPU.ActiveCfg = Debug|Any CPU
		{A1E771F2-9C73-4A8E-8A07-973499C73CAD}.Debug|Any CPU.Build.0 = Debug|Any CPU
		{A1E771F2-9C73-4A8E-8A07-973499C73CAD}.Debug|Any CPU.Deploy.0 = Debug|Any CPU
		{A1E771F2-9C73-4A8E-8A07-973499C73CAD}.Release|Any CPU.ActiveCfg = Release|Any CPU
		{A1E771F2-9C73-4A8E-8A07-973499C73CAD}.Release|Any CPU.Build.0 = Release|Any CPU
		{A1E771F2-9C73-4A8E-8A07-973499C73CAD}.Release|Any CPU.Deploy.0 = Release|Any CPU
		{A1E771F2-9C73-4A8E-8A07-973499C73CAD}.TDS|Any CPU.ActiveCfg = TDS|Any CPU
		{A1E771F2-9C73-4A8E-8A07-973499C73CAD}.TDS|Any CPU.Build.0 = TDS|Any CPU
		{A1E771F2-9C73-4A8E-8A07-973499C73CAD}.TDS|Any CPU.Deploy.0 = TDS|Any CPU
		{89F6A443-9E24-499F-A255-194D74187DD9}.Debug|Any CPU.ActiveCfg = Debug|Any CPU
		{89F6A443-9E24-499F-A255-194D74187DD9}.Debug|Any CPU.Build.0 = Debug|Any CPU
		{89F6A443-9E24-499F-A255-194D74187DD9}.Debug|Any CPU.Deploy.0 = Debug|Any CPU
		{89F6A443-9E24-499F-A255-194D74187DD9}.Release|Any CPU.ActiveCfg = Release|Any CPU
		{89F6A443-9E24-499F-A255-194D74187DD9}.Release|Any CPU.Build.0 = Release|Any CPU
		{89F6A443-9E24-499F-A255-194D74187DD9}.Release|Any CPU.Deploy.0 = Release|Any CPU
		{89F6A443-9E24-499F-A255-194D74187DD9}.TDS|Any CPU.ActiveCfg = TDS|Any CPU
		{89F6A443-9E24-499F-A255-194D74187DD9}.TDS|Any CPU.Build.0 = TDS|Any CPU
		{89F6A443-9E24-499F-A255-194D74187DD9}.TDS|Any CPU.Deploy.0 = TDS|Any CPU
		{33130B84-7456-4B2E-9EA6-CF27A273E918}.Debug|Any CPU.ActiveCfg = Debug|Any CPU
		{33130B84-7456-4B2E-9EA6-CF27A273E918}.Debug|Any CPU.Build.0 = Debug|Any CPU
		{33130B84-7456-4B2E-9EA6-CF27A273E918}.Release|Any CPU.ActiveCfg = Release|Any CPU
		{33130B84-7456-4B2E-9EA6-CF27A273E918}.Release|Any CPU.Build.0 = Release|Any CPU
		{33130B84-7456-4B2E-9EA6-CF27A273E918}.TDS|Any CPU.ActiveCfg = TDS|Any CPU
		{33130B84-7456-4B2E-9EA6-CF27A273E918}.TDS|Any CPU.Build.0 = TDS|Any CPU
		{D02D7F61-C1D3-40B6-9CE6-D17BD9AD6BB0}.Debug|Any CPU.ActiveCfg = Debug|Any CPU
		{D02D7F61-C1D3-40B6-9CE6-D17BD9AD6BB0}.Debug|Any CPU.Build.0 = Debug|Any CPU
		{D02D7F61-C1D3-40B6-9CE6-D17BD9AD6BB0}.Debug|Any CPU.Deploy.0 = Debug|Any CPU
		{D02D7F61-C1D3-40B6-9CE6-D17BD9AD6BB0}.Release|Any CPU.ActiveCfg = Release|Any CPU
		{D02D7F61-C1D3-40B6-9CE6-D17BD9AD6BB0}.Release|Any CPU.Build.0 = Release|Any CPU
		{D02D7F61-C1D3-40B6-9CE6-D17BD9AD6BB0}.Release|Any CPU.Deploy.0 = Release|Any CPU
		{D02D7F61-C1D3-40B6-9CE6-D17BD9AD6BB0}.TDS|Any CPU.ActiveCfg = TDS|Any CPU
		{D02D7F61-C1D3-40B6-9CE6-D17BD9AD6BB0}.TDS|Any CPU.Build.0 = TDS|Any CPU
		{D02D7F61-C1D3-40B6-9CE6-D17BD9AD6BB0}.TDS|Any CPU.Deploy.0 = TDS|Any CPU
		{0D6BA4D8-C469-4AE9-9EBB-93BDF7D7E78F}.Debug|Any CPU.ActiveCfg = Debug|Any CPU
		{0D6BA4D8-C469-4AE9-9EBB-93BDF7D7E78F}.Debug|Any CPU.Build.0 = Debug|Any CPU
		{0D6BA4D8-C469-4AE9-9EBB-93BDF7D7E78F}.Release|Any CPU.ActiveCfg = Release|Any CPU
		{0D6BA4D8-C469-4AE9-9EBB-93BDF7D7E78F}.Release|Any CPU.Build.0 = Release|Any CPU
		{0D6BA4D8-C469-4AE9-9EBB-93BDF7D7E78F}.TDS|Any CPU.ActiveCfg = TDS|Any CPU
		{0D6BA4D8-C469-4AE9-9EBB-93BDF7D7E78F}.TDS|Any CPU.Build.0 = TDS|Any CPU
		{9CC4B700-D002-4BC2-B417-FD956AD3DD39}.Debug|Any CPU.ActiveCfg = Debug|Any CPU
		{9CC4B700-D002-4BC2-B417-FD956AD3DD39}.Debug|Any CPU.Build.0 = Debug|Any CPU
		{9CC4B700-D002-4BC2-B417-FD956AD3DD39}.Release|Any CPU.ActiveCfg = Release|Any CPU
		{9CC4B700-D002-4BC2-B417-FD956AD3DD39}.Release|Any CPU.Build.0 = Release|Any CPU
		{9CC4B700-D002-4BC2-B417-FD956AD3DD39}.TDS|Any CPU.ActiveCfg = TDS|Any CPU
		{9CC4B700-D002-4BC2-B417-FD956AD3DD39}.TDS|Any CPU.Build.0 = TDS|Any CPU
		{528E10E7-7BAD-4EF2-9076-D31B31BBDDF9}.Debug|Any CPU.ActiveCfg = Debug|Any CPU
		{528E10E7-7BAD-4EF2-9076-D31B31BBDDF9}.Debug|Any CPU.Build.0 = Debug|Any CPU
		{528E10E7-7BAD-4EF2-9076-D31B31BBDDF9}.Debug|Any CPU.Deploy.0 = Debug|Any CPU
		{528E10E7-7BAD-4EF2-9076-D31B31BBDDF9}.Release|Any CPU.ActiveCfg = Release|Any CPU
		{528E10E7-7BAD-4EF2-9076-D31B31BBDDF9}.Release|Any CPU.Build.0 = Release|Any CPU
		{528E10E7-7BAD-4EF2-9076-D31B31BBDDF9}.Release|Any CPU.Deploy.0 = Release|Any CPU
		{528E10E7-7BAD-4EF2-9076-D31B31BBDDF9}.TDS|Any CPU.ActiveCfg = TDS|Any CPU
		{528E10E7-7BAD-4EF2-9076-D31B31BBDDF9}.TDS|Any CPU.Build.0 = TDS|Any CPU
		{528E10E7-7BAD-4EF2-9076-D31B31BBDDF9}.TDS|Any CPU.Deploy.0 = TDS|Any CPU
		{2AD001BF-4378-4056-B7E9-993A9E43A1C7}.Debug|Any CPU.ActiveCfg = Debug|Any CPU
		{2AD001BF-4378-4056-B7E9-993A9E43A1C7}.Debug|Any CPU.Build.0 = Debug|Any CPU
		{2AD001BF-4378-4056-B7E9-993A9E43A1C7}.Debug|Any CPU.Deploy.0 = Debug|Any CPU
		{2AD001BF-4378-4056-B7E9-993A9E43A1C7}.Release|Any CPU.ActiveCfg = Release|Any CPU
		{2AD001BF-4378-4056-B7E9-993A9E43A1C7}.Release|Any CPU.Build.0 = Release|Any CPU
		{2AD001BF-4378-4056-B7E9-993A9E43A1C7}.Release|Any CPU.Deploy.0 = Release|Any CPU
		{2AD001BF-4378-4056-B7E9-993A9E43A1C7}.TDS|Any CPU.ActiveCfg = TDS|Any CPU
		{2AD001BF-4378-4056-B7E9-993A9E43A1C7}.TDS|Any CPU.Build.0 = TDS|Any CPU
		{2AD001BF-4378-4056-B7E9-993A9E43A1C7}.TDS|Any CPU.Deploy.0 = TDS|Any CPU
		{2EC4C2C2-3124-4679-B113-164457315173}.Debug|Any CPU.ActiveCfg = Debug|Any CPU
		{2EC4C2C2-3124-4679-B113-164457315173}.Debug|Any CPU.Build.0 = Debug|Any CPU
		{2EC4C2C2-3124-4679-B113-164457315173}.Release|Any CPU.ActiveCfg = Release|Any CPU
		{2EC4C2C2-3124-4679-B113-164457315173}.Release|Any CPU.Build.0 = Release|Any CPU
		{2EC4C2C2-3124-4679-B113-164457315173}.TDS|Any CPU.ActiveCfg = Release|Any CPU
		{2EC4C2C2-3124-4679-B113-164457315173}.TDS|Any CPU.Build.0 = Release|Any CPU
		{1E9FE6A6-E0E5-421D-AB6F-59AE11E0D290}.Debug|Any CPU.ActiveCfg = Debug|Any CPU
		{1E9FE6A6-E0E5-421D-AB6F-59AE11E0D290}.Debug|Any CPU.Build.0 = Debug|Any CPU
		{1E9FE6A6-E0E5-421D-AB6F-59AE11E0D290}.Debug|Any CPU.Deploy.0 = Debug|Any CPU
		{1E9FE6A6-E0E5-421D-AB6F-59AE11E0D290}.Release|Any CPU.ActiveCfg = Release|Any CPU
		{1E9FE6A6-E0E5-421D-AB6F-59AE11E0D290}.Release|Any CPU.Build.0 = Release|Any CPU
		{1E9FE6A6-E0E5-421D-AB6F-59AE11E0D290}.Release|Any CPU.Deploy.0 = Release|Any CPU
		{1E9FE6A6-E0E5-421D-AB6F-59AE11E0D290}.TDS|Any CPU.ActiveCfg = TDS|Any CPU
		{1E9FE6A6-E0E5-421D-AB6F-59AE11E0D290}.TDS|Any CPU.Build.0 = TDS|Any CPU
		{1E9FE6A6-E0E5-421D-AB6F-59AE11E0D290}.TDS|Any CPU.Deploy.0 = TDS|Any CPU
		{6D10CA5E-549B-4E44-97B6-3082A0843AAE}.Debug|Any CPU.ActiveCfg = Debug|Any CPU
		{6D10CA5E-549B-4E44-97B6-3082A0843AAE}.Debug|Any CPU.Build.0 = Debug|Any CPU
		{6D10CA5E-549B-4E44-97B6-3082A0843AAE}.Release|Any CPU.ActiveCfg = Release|Any CPU
		{6D10CA5E-549B-4E44-97B6-3082A0843AAE}.Release|Any CPU.Build.0 = Release|Any CPU
		{6D10CA5E-549B-4E44-97B6-3082A0843AAE}.TDS|Any CPU.ActiveCfg = Release|Any CPU
		{6D10CA5E-549B-4E44-97B6-3082A0843AAE}.TDS|Any CPU.Build.0 = Release|Any CPU
		{22A2B11A-B41B-426C-9202-AEBB6C9B5CA6}.Debug|Any CPU.ActiveCfg = Debug|Any CPU
		{22A2B11A-B41B-426C-9202-AEBB6C9B5CA6}.Debug|Any CPU.Build.0 = Debug|Any CPU
		{22A2B11A-B41B-426C-9202-AEBB6C9B5CA6}.Release|Any CPU.ActiveCfg = Release|Any CPU
		{22A2B11A-B41B-426C-9202-AEBB6C9B5CA6}.Release|Any CPU.Build.0 = Release|Any CPU
		{22A2B11A-B41B-426C-9202-AEBB6C9B5CA6}.TDS|Any CPU.ActiveCfg = TDS|Any CPU
		{22A2B11A-B41B-426C-9202-AEBB6C9B5CA6}.TDS|Any CPU.Build.0 = TDS|Any CPU
		{9D46F1F1-C227-4D0E-91A6-8228FAF88BA3}.Debug|Any CPU.ActiveCfg = Debug|Any CPU
		{9D46F1F1-C227-4D0E-91A6-8228FAF88BA3}.Debug|Any CPU.Build.0 = Debug|Any CPU
		{9D46F1F1-C227-4D0E-91A6-8228FAF88BA3}.Debug|Any CPU.Deploy.0 = Debug|Any CPU
		{9D46F1F1-C227-4D0E-91A6-8228FAF88BA3}.Release|Any CPU.ActiveCfg = Release|Any CPU
		{9D46F1F1-C227-4D0E-91A6-8228FAF88BA3}.Release|Any CPU.Build.0 = Release|Any CPU
		{9D46F1F1-C227-4D0E-91A6-8228FAF88BA3}.Release|Any CPU.Deploy.0 = Release|Any CPU
		{9D46F1F1-C227-4D0E-91A6-8228FAF88BA3}.TDS|Any CPU.ActiveCfg = TDS|Any CPU
		{9D46F1F1-C227-4D0E-91A6-8228FAF88BA3}.TDS|Any CPU.Build.0 = TDS|Any CPU
		{9D46F1F1-C227-4D0E-91A6-8228FAF88BA3}.TDS|Any CPU.Deploy.0 = TDS|Any CPU
		{6ADD8EDF-94B9-4A27-8825-C46530A8933B}.Debug|Any CPU.ActiveCfg = Debug|Any CPU
		{6ADD8EDF-94B9-4A27-8825-C46530A8933B}.Debug|Any CPU.Build.0 = Debug|Any CPU
		{6ADD8EDF-94B9-4A27-8825-C46530A8933B}.Debug|Any CPU.Deploy.0 = Debug|Any CPU
		{6ADD8EDF-94B9-4A27-8825-C46530A8933B}.Release|Any CPU.ActiveCfg = Release|Any CPU
		{6ADD8EDF-94B9-4A27-8825-C46530A8933B}.Release|Any CPU.Build.0 = Release|Any CPU
		{6ADD8EDF-94B9-4A27-8825-C46530A8933B}.Release|Any CPU.Deploy.0 = Release|Any CPU
		{6ADD8EDF-94B9-4A27-8825-C46530A8933B}.TDS|Any CPU.ActiveCfg = TDS|Any CPU
		{6ADD8EDF-94B9-4A27-8825-C46530A8933B}.TDS|Any CPU.Build.0 = TDS|Any CPU
		{6ADD8EDF-94B9-4A27-8825-C46530A8933B}.TDS|Any CPU.Deploy.0 = TDS|Any CPU
		{9A03B12E-14B7-4003-B57C-16BC6F812959}.Debug|Any CPU.ActiveCfg = Debug|Any CPU
		{9A03B12E-14B7-4003-B57C-16BC6F812959}.Debug|Any CPU.Build.0 = Debug|Any CPU
		{9A03B12E-14B7-4003-B57C-16BC6F812959}.Debug|Any CPU.Deploy.0 = Debug|Any CPU
		{9A03B12E-14B7-4003-B57C-16BC6F812959}.Release|Any CPU.ActiveCfg = Release|Any CPU
		{9A03B12E-14B7-4003-B57C-16BC6F812959}.Release|Any CPU.Build.0 = Release|Any CPU
		{9A03B12E-14B7-4003-B57C-16BC6F812959}.Release|Any CPU.Deploy.0 = Release|Any CPU
		{9A03B12E-14B7-4003-B57C-16BC6F812959}.TDS|Any CPU.ActiveCfg = TDS|Any CPU
		{9A03B12E-14B7-4003-B57C-16BC6F812959}.TDS|Any CPU.Build.0 = TDS|Any CPU
		{9A03B12E-14B7-4003-B57C-16BC6F812959}.TDS|Any CPU.Deploy.0 = TDS|Any CPU
		{C3688F1D-F0BF-4437-A899-F69448DC18B4}.Debug|Any CPU.ActiveCfg = Debug|Any CPU
		{C3688F1D-F0BF-4437-A899-F69448DC18B4}.Debug|Any CPU.Build.0 = Debug|Any CPU
		{C3688F1D-F0BF-4437-A899-F69448DC18B4}.Release|Any CPU.ActiveCfg = Release|Any CPU
		{C3688F1D-F0BF-4437-A899-F69448DC18B4}.Release|Any CPU.Build.0 = Release|Any CPU
		{C3688F1D-F0BF-4437-A899-F69448DC18B4}.TDS|Any CPU.ActiveCfg = Release|Any CPU
		{C3688F1D-F0BF-4437-A899-F69448DC18B4}.TDS|Any CPU.Build.0 = Release|Any CPU
		{3F967028-96B1-4A57-A93D-3ACA23E97372}.Debug|Any CPU.ActiveCfg = Debug|Any CPU
		{3F967028-96B1-4A57-A93D-3ACA23E97372}.Debug|Any CPU.Build.0 = Debug|Any CPU
		{3F967028-96B1-4A57-A93D-3ACA23E97372}.Debug|Any CPU.Deploy.0 = Debug|Any CPU
		{3F967028-96B1-4A57-A93D-3ACA23E97372}.Release|Any CPU.ActiveCfg = Release|Any CPU
		{3F967028-96B1-4A57-A93D-3ACA23E97372}.Release|Any CPU.Build.0 = Release|Any CPU
		{3F967028-96B1-4A57-A93D-3ACA23E97372}.Release|Any CPU.Deploy.0 = Release|Any CPU
		{3F967028-96B1-4A57-A93D-3ACA23E97372}.TDS|Any CPU.ActiveCfg = TDS|Any CPU
		{3F967028-96B1-4A57-A93D-3ACA23E97372}.TDS|Any CPU.Build.0 = TDS|Any CPU
		{3F967028-96B1-4A57-A93D-3ACA23E97372}.TDS|Any CPU.Deploy.0 = TDS|Any CPU
		{A5DD50D9-3A50-4F25-97EC-D3B71A8562CE}.Debug|Any CPU.ActiveCfg = Debug|Any CPU
		{A5DD50D9-3A50-4F25-97EC-D3B71A8562CE}.Debug|Any CPU.Build.0 = Debug|Any CPU
		{A5DD50D9-3A50-4F25-97EC-D3B71A8562CE}.Release|Any CPU.ActiveCfg = Release|Any CPU
		{A5DD50D9-3A50-4F25-97EC-D3B71A8562CE}.Release|Any CPU.Build.0 = Release|Any CPU
		{A5DD50D9-3A50-4F25-97EC-D3B71A8562CE}.TDS|Any CPU.ActiveCfg = Release|Any CPU
		{A5DD50D9-3A50-4F25-97EC-D3B71A8562CE}.TDS|Any CPU.Build.0 = Release|Any CPU
		{8D9B5A43-9F16-4E25-8F6A-7FD239693E46}.Debug|Any CPU.ActiveCfg = Debug|Any CPU
		{8D9B5A43-9F16-4E25-8F6A-7FD239693E46}.Debug|Any CPU.Build.0 = Debug|Any CPU
		{8D9B5A43-9F16-4E25-8F6A-7FD239693E46}.Debug|Any CPU.Deploy.0 = Debug|Any CPU
		{8D9B5A43-9F16-4E25-8F6A-7FD239693E46}.Release|Any CPU.ActiveCfg = Release|Any CPU
		{8D9B5A43-9F16-4E25-8F6A-7FD239693E46}.Release|Any CPU.Build.0 = Release|Any CPU
		{8D9B5A43-9F16-4E25-8F6A-7FD239693E46}.Release|Any CPU.Deploy.0 = Release|Any CPU
		{8D9B5A43-9F16-4E25-8F6A-7FD239693E46}.TDS|Any CPU.ActiveCfg = TDS|Any CPU
		{8D9B5A43-9F16-4E25-8F6A-7FD239693E46}.TDS|Any CPU.Build.0 = TDS|Any CPU
		{8D9B5A43-9F16-4E25-8F6A-7FD239693E46}.TDS|Any CPU.Deploy.0 = TDS|Any CPU
	EndGlobalSection
	GlobalSection(SolutionProperties) = preSolution
		HideSolutionNode = FALSE
	EndGlobalSection
	GlobalSection(NestedProjects) = preSolution
		{52A24683-6714-4380-A38B-1BD657A8D604} = {9846C4BE-2108-479E-AA17-4A96052CCCE0}
		{85186717-7A62-48A7-869B-C47DF85B6273} = {9846C4BE-2108-479E-AA17-4A96052CCCE0}
		{4973AC65-BFF7-435C-BE3F-30C4AB80FAE1} = {37394D96-A276-41B7-BFC0-E0897AFE4690}
		{EA348692-4DA3-4388-9E0C-EF8C548EB579} = {37394D96-A276-41B7-BFC0-E0897AFE4690}
		{473A0B1B-347B-413D-83A4-F9D166C9E8AA} = {52A24683-6714-4380-A38B-1BD657A8D604}
		{73A57FBE-7088-4344-87DC-23B01B504EC9} = {85186717-7A62-48A7-869B-C47DF85B6273}
		{321A2547-DED0-4F12-BD2B-D80CECB7396F} = {52A24683-6714-4380-A38B-1BD657A8D604}
		{D259EF27-FA71-4D70-A2E4-C6D854CC849F} = {85186717-7A62-48A7-869B-C47DF85B6273}
		{0554FDB3-149E-4B59-BC22-27A0CB3854A7} = {25781A7E-9FF0-4FF5-9BD1-0E25BF8C2AF6}
		{22CDAA26-110F-46DF-88E5-19445B8F48AB} = {0554FDB3-149E-4B59-BC22-27A0CB3854A7}
		{3E21FC58-E2B6-4DE9-94C3-FF38C7CF0402} = {EA348692-4DA3-4388-9E0C-EF8C548EB579}
		{B4848A62-92AA-4670-B519-12EFC204409E} = {EA348692-4DA3-4388-9E0C-EF8C548EB579}
		{D947FE0F-297B-40B3-B20A-6EC9E0C7AA20} = {78EA0067-9C56-4E62-B428-A84F35EDB7BF}
		{FA1EEE78-E6D6-4B63-A126-5F470624EFEE} = {D947FE0F-297B-40B3-B20A-6EC9E0C7AA20}
		{A8F21C93-BB1C-4E9A-8C48-3960F6AC0AFA} = {78EA0067-9C56-4E62-B428-A84F35EDB7BF}
		{1C7B40C7-AEA6-4038-9D45-0F5440908929} = {A8F21C93-BB1C-4E9A-8C48-3960F6AC0AFA}
		{03896944-D9FE-427D-A931-384BC99098A1} = {78EA0067-9C56-4E62-B428-A84F35EDB7BF}
		{CE34A3B7-B91A-41BA-8B16-C1E131E1C621} = {03896944-D9FE-427D-A931-384BC99098A1}
		{2C337D0A-2483-4A8C-9ECD-5D823481EBED} = {03896944-D9FE-427D-A931-384BC99098A1}
		{784ABEED-9F00-4AE6-8CEF-5AEF3C161E96} = {D947FE0F-297B-40B3-B20A-6EC9E0C7AA20}
		{EA8A4139-6E39-44D6-B15E-FB9BD1927224} = {37394D96-A276-41B7-BFC0-E0897AFE4690}
		{B4A56D7D-DDBB-494B-A05A-26974FB7EEB1} = {EA8A4139-6E39-44D6-B15E-FB9BD1927224}
		{A1E771F2-9C73-4A8E-8A07-973499C73CAD} = {EA8A4139-6E39-44D6-B15E-FB9BD1927224}
		{89F6A443-9E24-499F-A255-194D74187DD9} = {EA8A4139-6E39-44D6-B15E-FB9BD1927224}
		{6A5BDFDE-DA90-4911-B1F8-2C1368131116} = {78EA0067-9C56-4E62-B428-A84F35EDB7BF}
		{33130B84-7456-4B2E-9EA6-CF27A273E918} = {6A5BDFDE-DA90-4911-B1F8-2C1368131116}
		{D02D7F61-C1D3-40B6-9CE6-D17BD9AD6BB0} = {6A5BDFDE-DA90-4911-B1F8-2C1368131116}
		{63CA1A19-D198-4B92-BD97-F16B21CBEE98} = {78EA0067-9C56-4E62-B428-A84F35EDB7BF}
		{0D6BA4D8-C469-4AE9-9EBB-93BDF7D7E78F} = {63CA1A19-D198-4B92-BD97-F16B21CBEE98}
		{9CC4B700-D002-4BC2-B417-FD956AD3DD39} = {4973AC65-BFF7-435C-BE3F-30C4AB80FAE1}
		{528E10E7-7BAD-4EF2-9076-D31B31BBDDF9} = {4973AC65-BFF7-435C-BE3F-30C4AB80FAE1}
		{2AD001BF-4378-4056-B7E9-993A9E43A1C7} = {4973AC65-BFF7-435C-BE3F-30C4AB80FAE1}
		{217AA2A9-02D7-4169-8B56-F8632E446A79} = {37394D96-A276-41B7-BFC0-E0897AFE4690}
		{2EC4C2C2-3124-4679-B113-164457315173} = {217AA2A9-02D7-4169-8B56-F8632E446A79}
		{1E9FE6A6-E0E5-421D-AB6F-59AE11E0D290} = {217AA2A9-02D7-4169-8B56-F8632E446A79}
		{6D10CA5E-549B-4E44-97B6-3082A0843AAE} = {0554FDB3-149E-4B59-BC22-27A0CB3854A7}
		{B377ED6C-B3C4-4929-85DB-314D01C27AA3} = {78EA0067-9C56-4E62-B428-A84F35EDB7BF}
		{22A2B11A-B41B-426C-9202-AEBB6C9B5CA6} = {B377ED6C-B3C4-4929-85DB-314D01C27AA3}
		{9D46F1F1-C227-4D0E-91A6-8228FAF88BA3} = {A8F21C93-BB1C-4E9A-8C48-3960F6AC0AFA}
		{6ADD8EDF-94B9-4A27-8825-C46530A8933B} = {A8F21C93-BB1C-4E9A-8C48-3960F6AC0AFA}
		{04AF36A8-B6E4-4F26-8D66-DA1DF3F5A123} = {78EA0067-9C56-4E62-B428-A84F35EDB7BF}
		{9A03B12E-14B7-4003-B57C-16BC6F812959} = {04AF36A8-B6E4-4F26-8D66-DA1DF3F5A123}
		{C3688F1D-F0BF-4437-A899-F69448DC18B4} = {04AF36A8-B6E4-4F26-8D66-DA1DF3F5A123}
		{812514BD-BB82-4A7C-9800-F11C575F12C0} = {37394D96-A276-41B7-BFC0-E0897AFE4690}
		{3F967028-96B1-4A57-A93D-3ACA23E97372} = {812514BD-BB82-4A7C-9800-F11C575F12C0}
		{A5DD50D9-3A50-4F25-97EC-D3B71A8562CE} = {812514BD-BB82-4A7C-9800-F11C575F12C0}
		{8D9B5A43-9F16-4E25-8F6A-7FD239693E46} = {63CA1A19-D198-4B92-BD97-F16B21CBEE98}
	EndGlobalSection
	GlobalSection(ExtensibilityGlobals) = postSolution
		SolutionGuid = {25D35D77-3A23-45B8-BF1A-F9EB5B3B318F}
	EndGlobalSection
EndGlobal
