
Microsoft Visual Studio Solution File, Format Version 12.00
# Visual Studio Version 16
VisualStudioVersion = 16.0.28803.202
MinimumVisualStudioVersion = 10.0.40219.1
Project("{2150E333-8FDC-42A3-9474-1A3956D46DE8}") = "Project", "Project", "{9846C4BE-2108-479E-AA17-4A96052CCCE0}"
EndProject
Project("{2150E333-8FDC-42A3-9474-1A3956D46DE8}") = "Foundation", "Foundation", "{78EA0067-9C56-4E62-B428-A84F35EDB7BF}"
EndProject
Project("{2150E333-8FDC-42A3-9474-1A3956D46DE8}") = "Feature", "Feature", "{37394D96-A276-41B7-BFC0-E0897AFE4690}"
EndProject
Project("{2150E333-8FDC-42A3-9474-1A3956D46DE8}") = "Global", "Global", "{85186717-7A62-48A7-869B-C47DF85B6273}"
EndProject
Project("{2150E333-8FDC-42A3-9474-1A3956D46DE8}") = "Forms", "Forms", "{4973AC65-BFF7-435C-BE3F-30C4AB80FAE1}"
EndProject
Project("{2150E333-8FDC-42A3-9474-1A3956D46DE8}") = "Demo", "Demo", "{EA348692-4DA3-4388-9E0C-EF8C548EB579}"
EndProject
Project("{2150E333-8FDC-42A3-9474-1A3956D46DE8}") = "Configuration", "Configuration", "{25781A7E-9FF0-4FF5-9BD1-0E25BF8C2AF6}"
	ProjectSection(SolutionItems) = preProject
		.gitattributes = .gitattributes
		.gitignore = .gitignore
		build.cake = build.cake
		cake-config.json = cake-config.json
		nuget.config = nuget.config
		README.md = README.md
	EndProjectSection
EndProject
Project("{2150E333-8FDC-42A3-9474-1A3956D46DE8}") = "Serialization", "Serialization", "{58F6B798-8C7C-4AAA-BE66-4CF562167F2E}"
EndProject
Project("{FAE04EC0-301F-11D3-BF4B-00C04F79EFBC}") = "Sitecore.HabitatHome.Foundation.Serialization", "src\Foundation\Serialization\code\Sitecore.HabitatHome.Foundation.Serialization.csproj", "{22A2B11A-B41B-426C-9202-AEBB6C9B5CA6}"
EndProject
Project("{FAE04EC0-301F-11D3-BF4B-00C04F79EFBC}") = "Sitecore.HabitatHome.Feature.Demo", "src\Feature\Demo\code\Sitecore.HabitatHome.Feature.Demo.csproj", "{B4848A62-92AA-4670-B519-12EFC204409E}"
EndProject
Project("{2150E333-8FDC-42A3-9474-1A3956D46DE8}") = "DependencyInjection", "DependencyInjection", "{D947FE0F-297B-40B3-B20A-6EC9E0C7AA20}"
EndProject
Project("{FAE04EC0-301F-11D3-BF4B-00C04F79EFBC}") = "Sitecore.HabitatHome.Foundation.DependencyInjection", "src\Foundation\DependencyInjection\code\Sitecore.HabitatHome.Foundation.DependencyInjection.csproj", "{FA1EEE78-E6D6-4B63-A126-5F470624EFEE}"
EndProject
Project("{2150E333-8FDC-42A3-9474-1A3956D46DE8}") = "SitecoreExtensions", "SitecoreExtensions", "{A8F21C93-BB1C-4E9A-8C48-3960F6AC0AFA}"
EndProject
Project("{FAE04EC0-301F-11D3-BF4B-00C04F79EFBC}") = "Sitecore.HabitatHome.Foundation.SitecoreExtensions", "src\Foundation\SitecoreExtensions\code\Sitecore.HabitatHome.Foundation.SitecoreExtensions.csproj", "{1C7B40C7-AEA6-4038-9D45-0F5440908929}"
EndProject
Project("{2150E333-8FDC-42A3-9474-1A3956D46DE8}") = "Accounts", "Accounts", "{03896944-D9FE-427D-A931-384BC99098A1}"
EndProject
Project("{FAE04EC0-301F-11D3-BF4B-00C04F79EFBC}") = "Sitecore.HabitatHome.Foundation.Accounts", "src\Foundation\Accounts\code\Sitecore.HabitatHome.Foundation.Accounts.csproj", "{CE34A3B7-B91A-41BA-8B16-C1E131E1C621}"
EndProject
Project("{2150E333-8FDC-42A3-9474-1A3956D46DE8}") = "Accounts", "Accounts", "{EA8A4139-6E39-44D6-B15E-FB9BD1927224}"
EndProject
Project("{FAE04EC0-301F-11D3-BF4B-00C04F79EFBC}") = "Sitecore.HabitatHome.Feature.Accounts", "src\Feature\Accounts\code\Sitecore.HabitatHome.Feature.Accounts.csproj", "{B4A56D7D-DDBB-494B-A05A-26974FB7EEB1}"
EndProject
Project("{2150E333-8FDC-42A3-9474-1A3956D46DE8}") = "Alerts", "Alerts", "{6A5BDFDE-DA90-4911-B1F8-2C1368131116}"
EndProject
Project("{FAE04EC0-301F-11D3-BF4B-00C04F79EFBC}") = "Sitecore.HabitatHome.Foundation.Alerts", "src\Foundation\Alerts\code\Sitecore.HabitatHome.Foundation.Alerts.csproj", "{33130B84-7456-4B2E-9EA6-CF27A273E918}"
EndProject
Project("{2150E333-8FDC-42A3-9474-1A3956D46DE8}") = "Dictionary", "Dictionary", "{63CA1A19-D198-4B92-BD97-F16B21CBEE98}"
EndProject
Project("{FAE04EC0-301F-11D3-BF4B-00C04F79EFBC}") = "Sitecore.HabitatHome.Foundation.Dictionary", "src\Foundation\Dictionary\code\Sitecore.HabitatHome.Foundation.Dictionary.csproj", "{0D6BA4D8-C469-4AE9-9EBB-93BDF7D7E78F}"
EndProject
Project("{FAE04EC0-301F-11D3-BF4B-00C04F79EFBC}") = "Sitecore.HabitatHome.Feature.Forms", "src\Feature\Forms\code\Sitecore.HabitatHome.Feature.Forms.csproj", "{9CC4B700-D002-4BC2-B417-FD956AD3DD39}"
EndProject
Project("{2150E333-8FDC-42A3-9474-1A3956D46DE8}") = "Email", "Email", "{F45C8462-5E0C-47F3-8892-4F54243B7460}"
EndProject
Project("{FAE04EC0-301F-11D3-BF4B-00C04F79EFBC}") = "Sitecore.HabitatHome.Feature.Email", "src\Feature\Email\code\Sitecore.HabitatHome.Feature.Email.csproj", "{A5DD50D9-3A50-4F25-97EC-D3B71A8562CE}"
EndProject
Project("{2150E333-8FDC-42A3-9474-1A3956D46DE8}") = "HabitatHome", "HabitatHome", "{563C5D6A-0964-4778-9DF1-DA0A1BB6C044}"
EndProject
Project("{FAE04EC0-301F-11D3-BF4B-00C04F79EFBC}") = "Sitecore.HabitatHome.Website", "src\Project\HabitatHome\code\Sitecore.HabitatHome.Website.csproj", "{BA3C2C41-CFAC-4A40-8BE5-1E5368EF4750}"
EndProject
Project("{2150E333-8FDC-42A3-9474-1A3956D46DE8}") = "xConnect", "xConnect", "{BE63361D-A629-48C2-9D0E-9DE1B9733C2B}"
EndProject
Project("{FAE04EC0-301F-11D3-BF4B-00C04F79EFBC}") = "Sitecore.HabitatHome.XConnect", "src\Project\xConnect\code\Sitecore.HabitatHome.XConnect.csproj", "{0C513600-DB12-4ADC-999C-14277FFDF0C8}"
EndProject
Project("{2150E333-8FDC-42A3-9474-1A3956D46DE8}") = "Workflow", "Workflow", "{89116000-EE14-4688-A4AF-80BC3CF9C79B}"
EndProject
Project("{FAE04EC0-301F-11D3-BF4B-00C04F79EFBC}") = "Sitecore.HabitatHome.Foundation.Workflow", "src\Foundation\Workflow\code\Sitecore.HabitatHome.Foundation.Workflow.csproj", "{5D1C63AD-D212-4DD0-89BB-7ABF00AC2D13}"
EndProject
Project("{2150E333-8FDC-42A3-9474-1A3956D46DE8}") = "Cdn", "Cdn", "{4A4742BF-35F8-4944-B955-042C0DED94DB}"
EndProject
Project("{FAE04EC0-301F-11D3-BF4B-00C04F79EFBC}") = "Sitecore.HabitatHome.Foundation.Cdn", "src\Foundation\Cdn\code\Sitecore.HabitatHome.Foundation.Cdn.csproj", "{FFE9AC9F-8E9C-4599-AF7B-6FCA32130F42}"
EndProject
Project("{2150E333-8FDC-42A3-9474-1A3956D46DE8}") = "HabitatHomeBasic", "HabitatHomeBasic", "{1C3AD5D6-3B65-4958-9BC2-E6D6FC89CB2D}"
EndProject
Project("{FAE04EC0-301F-11D3-BF4B-00C04F79EFBC}") = "Sitecore.HabitatHome.Basic.Website", "src\Project\HabitatHomeBasic\code\Sitecore.HabitatHome.Basic.Website.csproj", "{48F5BD4A-C481-4FCF-8044-9A8813D3510D}"
EndProject
Project("{2150E333-8FDC-42A3-9474-1A3956D46DE8}") = "CRM", "CRM", "{F07C1EE7-631A-4594-8752-392A08485B08}"
EndProject
Project("{FAE04EC0-301F-11D3-BF4B-00C04F79EFBC}") = "Sitecore.HabitatHome.Feature.CRM", "src\Feature\CRM\code\Sitecore.HabitatHome.Feature.CRM.csproj", "{D224E1A9-BE7E-4B93-95F4-5F6E1E80CD04}"
EndProject
Project("{FAE04EC0-301F-11D3-BF4B-00C04F79EFBC}") = "Sitecore.HabitatHome.Website.Test", "src\Project\HabitatHome\tests\Sitecore.HabitatHome.Website.Test.csproj", "{7CBAD942-9C88-46AE-AF30-86A2C70B7A25}"
EndProject
Project("{2150E333-8FDC-42A3-9474-1A3956D46DE8}") = "HabitatHomeCorporate", "HabitatHomeCorporate", "{8D70A344-BC6E-4BF9-9906-13C4EAEA3535}"
EndProject
Project("{2150E333-8FDC-42A3-9474-1A3956D46DE8}") = "Components", "Components", "{1C753343-4705-493B-9654-2E643373663E}"
EndProject
Project("{FAE04EC0-301F-11D3-BF4B-00C04F79EFBC}") = "Sitecore.HabitatHome.Feature.Components", "src\Feature\Components\code\Sitecore.HabitatHome.Feature.Components.csproj", "{A870BED9-A0B7-4E07-A44E-8E16B95D6911}"
EndProject
Project("{FAE04EC0-301F-11D3-BF4B-00C04F79EFBC}") = "Sitecore.HabitatHome.Global.Website", "src\Project\Global\code\Sitecore.HabitatHome.Global.Website.csproj", "{73A57FBE-7088-4344-87DC-23B01B504EC9}"
EndProject
Project("{FAE04EC0-301F-11D3-BF4B-00C04F79EFBC}") = "Sitecore.HabitatHome.Corporate.Website", "src\Project\HabitatHomeCorporate\code\Sitecore.HabitatHome.Corporate.Website.csproj", "{EDBE2FC4-3D91-4B8F-AD00-990CF1A31118}"
EndProject
Project("{2150E333-8FDC-42A3-9474-1A3956D46DE8}") = "Experience Accelerator", "Experience Accelerator", "{8404CBD0-F0F1-406A-82CA-5F8468764872}"
EndProject
Project("{FAE04EC0-301F-11D3-BF4B-00C04F79EFBC}") = "Sitecore.HabitatHome.Feature.ExperienceAccelerator", "src\Feature\ExperienceAccelerator\code\Sitecore.HabitatHome.Feature.ExperienceAccelerator.csproj", "{FEA9BDF2-4014-4288-99BA-D511847F6D9C}"
EndProject
Project("{2150E333-8FDC-42A3-9474-1A3956D46DE8}") = "Media", "Media", "{2DFB0D0B-FAC0-4E02-8B07-283BDF9FC083}"
EndProject
Project("{FAE04EC0-301F-11D3-BF4B-00C04F79EFBC}") = "Sitecore.HabitatHome.Feature.Media", "src\Feature\Media\code\Sitecore.HabitatHome.Feature.Media.csproj", "{29F8F45E-DC53-4306-9B91-7BDBF76B6196}"
EndProject
Project("{2150E333-8FDC-42A3-9474-1A3956D46DE8}") = "News", "News", "{CD7167F4-2785-49AA-A5D5-BBECA0DAB912}"
EndProject
Project("{FAE04EC0-301F-11D3-BF4B-00C04F79EFBC}") = "Sitecore.HabitatHome.Feature.News", "src\Feature\News\code\Sitecore.HabitatHome.Feature.News.csproj", "{E41965C2-F8B8-44CD-90C5-C91FD0B4DB5F}"
EndProject
Global
	GlobalSection(SolutionConfigurationPlatforms) = preSolution
		Debug|Any CPU = Debug|Any CPU
		Local|Any CPU = Local|Any CPU
		Release|Any CPU = Release|Any CPU
	EndGlobalSection
	GlobalSection(ProjectConfigurationPlatforms) = postSolution
		{22A2B11A-B41B-426C-9202-AEBB6C9B5CA6}.Debug|Any CPU.ActiveCfg = Debug|Any CPU
		{22A2B11A-B41B-426C-9202-AEBB6C9B5CA6}.Debug|Any CPU.Build.0 = Debug|Any CPU
		{22A2B11A-B41B-426C-9202-AEBB6C9B5CA6}.Local|Any CPU.ActiveCfg = Local|Any CPU
		{22A2B11A-B41B-426C-9202-AEBB6C9B5CA6}.Local|Any CPU.Build.0 = Local|Any CPU
		{22A2B11A-B41B-426C-9202-AEBB6C9B5CA6}.Release|Any CPU.ActiveCfg = Release|Any CPU
		{22A2B11A-B41B-426C-9202-AEBB6C9B5CA6}.Release|Any CPU.Build.0 = Release|Any CPU
		{B4848A62-92AA-4670-B519-12EFC204409E}.Debug|Any CPU.ActiveCfg = Debug|Any CPU
		{B4848A62-92AA-4670-B519-12EFC204409E}.Debug|Any CPU.Build.0 = Debug|Any CPU
		{B4848A62-92AA-4670-B519-12EFC204409E}.Local|Any CPU.ActiveCfg = Local|Any CPU
		{B4848A62-92AA-4670-B519-12EFC204409E}.Local|Any CPU.Build.0 = Local|Any CPU
		{B4848A62-92AA-4670-B519-12EFC204409E}.Release|Any CPU.ActiveCfg = Release|Any CPU
		{B4848A62-92AA-4670-B519-12EFC204409E}.Release|Any CPU.Build.0 = Release|Any CPU
		{FA1EEE78-E6D6-4B63-A126-5F470624EFEE}.Debug|Any CPU.ActiveCfg = Debug|Any CPU
		{FA1EEE78-E6D6-4B63-A126-5F470624EFEE}.Debug|Any CPU.Build.0 = Debug|Any CPU
		{FA1EEE78-E6D6-4B63-A126-5F470624EFEE}.Local|Any CPU.ActiveCfg = Local|Any CPU
		{FA1EEE78-E6D6-4B63-A126-5F470624EFEE}.Local|Any CPU.Build.0 = Local|Any CPU
		{FA1EEE78-E6D6-4B63-A126-5F470624EFEE}.Release|Any CPU.ActiveCfg = Release|Any CPU
		{FA1EEE78-E6D6-4B63-A126-5F470624EFEE}.Release|Any CPU.Build.0 = Release|Any CPU
		{1C7B40C7-AEA6-4038-9D45-0F5440908929}.Debug|Any CPU.ActiveCfg = Debug|Any CPU
		{1C7B40C7-AEA6-4038-9D45-0F5440908929}.Debug|Any CPU.Build.0 = Debug|Any CPU
		{1C7B40C7-AEA6-4038-9D45-0F5440908929}.Local|Any CPU.ActiveCfg = Local|Any CPU
		{1C7B40C7-AEA6-4038-9D45-0F5440908929}.Local|Any CPU.Build.0 = Local|Any CPU
		{1C7B40C7-AEA6-4038-9D45-0F5440908929}.Release|Any CPU.ActiveCfg = Release|Any CPU
		{1C7B40C7-AEA6-4038-9D45-0F5440908929}.Release|Any CPU.Build.0 = Release|Any CPU
		{CE34A3B7-B91A-41BA-8B16-C1E131E1C621}.Debug|Any CPU.ActiveCfg = Debug|Any CPU
		{CE34A3B7-B91A-41BA-8B16-C1E131E1C621}.Debug|Any CPU.Build.0 = Debug|Any CPU
		{CE34A3B7-B91A-41BA-8B16-C1E131E1C621}.Local|Any CPU.ActiveCfg = Local|Any CPU
		{CE34A3B7-B91A-41BA-8B16-C1E131E1C621}.Local|Any CPU.Build.0 = Local|Any CPU
		{CE34A3B7-B91A-41BA-8B16-C1E131E1C621}.Release|Any CPU.ActiveCfg = Release|Any CPU
		{CE34A3B7-B91A-41BA-8B16-C1E131E1C621}.Release|Any CPU.Build.0 = Release|Any CPU
		{B4A56D7D-DDBB-494B-A05A-26974FB7EEB1}.Debug|Any CPU.ActiveCfg = Debug|Any CPU
		{B4A56D7D-DDBB-494B-A05A-26974FB7EEB1}.Debug|Any CPU.Build.0 = Debug|Any CPU
		{B4A56D7D-DDBB-494B-A05A-26974FB7EEB1}.Local|Any CPU.ActiveCfg = Local|Any CPU
		{B4A56D7D-DDBB-494B-A05A-26974FB7EEB1}.Local|Any CPU.Build.0 = Local|Any CPU
		{B4A56D7D-DDBB-494B-A05A-26974FB7EEB1}.Release|Any CPU.ActiveCfg = Release|Any CPU
		{B4A56D7D-DDBB-494B-A05A-26974FB7EEB1}.Release|Any CPU.Build.0 = Release|Any CPU
		{33130B84-7456-4B2E-9EA6-CF27A273E918}.Debug|Any CPU.ActiveCfg = Debug|Any CPU
		{33130B84-7456-4B2E-9EA6-CF27A273E918}.Debug|Any CPU.Build.0 = Debug|Any CPU
		{33130B84-7456-4B2E-9EA6-CF27A273E918}.Local|Any CPU.ActiveCfg = Local|Any CPU
		{33130B84-7456-4B2E-9EA6-CF27A273E918}.Local|Any CPU.Build.0 = Local|Any CPU
		{33130B84-7456-4B2E-9EA6-CF27A273E918}.Release|Any CPU.ActiveCfg = Release|Any CPU
		{33130B84-7456-4B2E-9EA6-CF27A273E918}.Release|Any CPU.Build.0 = Release|Any CPU
		{0D6BA4D8-C469-4AE9-9EBB-93BDF7D7E78F}.Debug|Any CPU.ActiveCfg = Debug|Any CPU
		{0D6BA4D8-C469-4AE9-9EBB-93BDF7D7E78F}.Debug|Any CPU.Build.0 = Debug|Any CPU
		{0D6BA4D8-C469-4AE9-9EBB-93BDF7D7E78F}.Local|Any CPU.ActiveCfg = Local|Any CPU
		{0D6BA4D8-C469-4AE9-9EBB-93BDF7D7E78F}.Local|Any CPU.Build.0 = Local|Any CPU
		{0D6BA4D8-C469-4AE9-9EBB-93BDF7D7E78F}.Release|Any CPU.ActiveCfg = Release|Any CPU
		{0D6BA4D8-C469-4AE9-9EBB-93BDF7D7E78F}.Release|Any CPU.Build.0 = Release|Any CPU
		{9CC4B700-D002-4BC2-B417-FD956AD3DD39}.Debug|Any CPU.ActiveCfg = Debug|Any CPU
		{9CC4B700-D002-4BC2-B417-FD956AD3DD39}.Debug|Any CPU.Build.0 = Debug|Any CPU
		{9CC4B700-D002-4BC2-B417-FD956AD3DD39}.Local|Any CPU.ActiveCfg = Local|Any CPU
		{9CC4B700-D002-4BC2-B417-FD956AD3DD39}.Local|Any CPU.Build.0 = Local|Any CPU
		{9CC4B700-D002-4BC2-B417-FD956AD3DD39}.Release|Any CPU.ActiveCfg = Release|Any CPU
		{9CC4B700-D002-4BC2-B417-FD956AD3DD39}.Release|Any CPU.Build.0 = Release|Any CPU
		{A5DD50D9-3A50-4F25-97EC-D3B71A8562CE}.Debug|Any CPU.ActiveCfg = Debug|Any CPU
		{A5DD50D9-3A50-4F25-97EC-D3B71A8562CE}.Debug|Any CPU.Build.0 = Debug|Any CPU
		{A5DD50D9-3A50-4F25-97EC-D3B71A8562CE}.Local|Any CPU.ActiveCfg = Local|Any CPU
		{A5DD50D9-3A50-4F25-97EC-D3B71A8562CE}.Local|Any CPU.Build.0 = Local|Any CPU
		{A5DD50D9-3A50-4F25-97EC-D3B71A8562CE}.Release|Any CPU.ActiveCfg = Release|Any CPU
		{A5DD50D9-3A50-4F25-97EC-D3B71A8562CE}.Release|Any CPU.Build.0 = Release|Any CPU
		{BA3C2C41-CFAC-4A40-8BE5-1E5368EF4750}.Debug|Any CPU.ActiveCfg = Debug|Any CPU
		{BA3C2C41-CFAC-4A40-8BE5-1E5368EF4750}.Debug|Any CPU.Build.0 = Debug|Any CPU
		{BA3C2C41-CFAC-4A40-8BE5-1E5368EF4750}.Local|Any CPU.ActiveCfg = Local|Any CPU
		{BA3C2C41-CFAC-4A40-8BE5-1E5368EF4750}.Local|Any CPU.Build.0 = Local|Any CPU
		{BA3C2C41-CFAC-4A40-8BE5-1E5368EF4750}.Release|Any CPU.ActiveCfg = Release|Any CPU
		{BA3C2C41-CFAC-4A40-8BE5-1E5368EF4750}.Release|Any CPU.Build.0 = Release|Any CPU
		{0C513600-DB12-4ADC-999C-14277FFDF0C8}.Debug|Any CPU.ActiveCfg = Debug|Any CPU
		{0C513600-DB12-4ADC-999C-14277FFDF0C8}.Debug|Any CPU.Build.0 = Debug|Any CPU
		{0C513600-DB12-4ADC-999C-14277FFDF0C8}.Local|Any CPU.ActiveCfg = Local|Any CPU
		{0C513600-DB12-4ADC-999C-14277FFDF0C8}.Local|Any CPU.Build.0 = Local|Any CPU
		{0C513600-DB12-4ADC-999C-14277FFDF0C8}.Release|Any CPU.ActiveCfg = Release|Any CPU
		{0C513600-DB12-4ADC-999C-14277FFDF0C8}.Release|Any CPU.Build.0 = Release|Any CPU
		{5D1C63AD-D212-4DD0-89BB-7ABF00AC2D13}.Debug|Any CPU.ActiveCfg = Debug|Any CPU
		{5D1C63AD-D212-4DD0-89BB-7ABF00AC2D13}.Debug|Any CPU.Build.0 = Debug|Any CPU
		{5D1C63AD-D212-4DD0-89BB-7ABF00AC2D13}.Local|Any CPU.ActiveCfg = Local|Any CPU
		{5D1C63AD-D212-4DD0-89BB-7ABF00AC2D13}.Local|Any CPU.Build.0 = Local|Any CPU
		{5D1C63AD-D212-4DD0-89BB-7ABF00AC2D13}.Release|Any CPU.ActiveCfg = Release|Any CPU
		{5D1C63AD-D212-4DD0-89BB-7ABF00AC2D13}.Release|Any CPU.Build.0 = Release|Any CPU
		{FFE9AC9F-8E9C-4599-AF7B-6FCA32130F42}.Debug|Any CPU.ActiveCfg = Debug|Any CPU
		{FFE9AC9F-8E9C-4599-AF7B-6FCA32130F42}.Debug|Any CPU.Build.0 = Debug|Any CPU
		{FFE9AC9F-8E9C-4599-AF7B-6FCA32130F42}.Local|Any CPU.ActiveCfg = Local|Any CPU
		{FFE9AC9F-8E9C-4599-AF7B-6FCA32130F42}.Local|Any CPU.Build.0 = Local|Any CPU
		{FFE9AC9F-8E9C-4599-AF7B-6FCA32130F42}.Release|Any CPU.ActiveCfg = Release|Any CPU
		{FFE9AC9F-8E9C-4599-AF7B-6FCA32130F42}.Release|Any CPU.Build.0 = Release|Any CPU
		{48F5BD4A-C481-4FCF-8044-9A8813D3510D}.Debug|Any CPU.ActiveCfg = Debug|Any CPU
		{48F5BD4A-C481-4FCF-8044-9A8813D3510D}.Debug|Any CPU.Build.0 = Debug|Any CPU
		{48F5BD4A-C481-4FCF-8044-9A8813D3510D}.Local|Any CPU.ActiveCfg = Local|Any CPU
		{48F5BD4A-C481-4FCF-8044-9A8813D3510D}.Local|Any CPU.Build.0 = Local|Any CPU
		{48F5BD4A-C481-4FCF-8044-9A8813D3510D}.Release|Any CPU.ActiveCfg = Release|Any CPU
		{48F5BD4A-C481-4FCF-8044-9A8813D3510D}.Release|Any CPU.Build.0 = Release|Any CPU
		{D224E1A9-BE7E-4B93-95F4-5F6E1E80CD04}.Debug|Any CPU.ActiveCfg = Debug|Any CPU
		{D224E1A9-BE7E-4B93-95F4-5F6E1E80CD04}.Debug|Any CPU.Build.0 = Debug|Any CPU
		{D224E1A9-BE7E-4B93-95F4-5F6E1E80CD04}.Local|Any CPU.ActiveCfg = Local|Any CPU
		{D224E1A9-BE7E-4B93-95F4-5F6E1E80CD04}.Release|Any CPU.ActiveCfg = Release|Any CPU
		{D224E1A9-BE7E-4B93-95F4-5F6E1E80CD04}.Release|Any CPU.Build.0 = Release|Any CPU
		{7CBAD942-9C88-46AE-AF30-86A2C70B7A25}.Debug|Any CPU.ActiveCfg = Debug|Any CPU
		{7CBAD942-9C88-46AE-AF30-86A2C70B7A25}.Debug|Any CPU.Build.0 = Debug|Any CPU
		{7CBAD942-9C88-46AE-AF30-86A2C70B7A25}.Local|Any CPU.ActiveCfg = Local|Any CPU
		{7CBAD942-9C88-46AE-AF30-86A2C70B7A25}.Local|Any CPU.Build.0 = Local|Any CPU
		{7CBAD942-9C88-46AE-AF30-86A2C70B7A25}.Release|Any CPU.ActiveCfg = Release|Any CPU
		{7CBAD942-9C88-46AE-AF30-86A2C70B7A25}.Release|Any CPU.Build.0 = Release|Any CPU
		{A870BED9-A0B7-4E07-A44E-8E16B95D6911}.Debug|Any CPU.ActiveCfg = Debug|Any CPU
		{A870BED9-A0B7-4E07-A44E-8E16B95D6911}.Debug|Any CPU.Build.0 = Debug|Any CPU
		{A870BED9-A0B7-4E07-A44E-8E16B95D6911}.Local|Any CPU.ActiveCfg = Local|Any CPU
		{A870BED9-A0B7-4E07-A44E-8E16B95D6911}.Local|Any CPU.Build.0 = Local|Any CPU
		{A870BED9-A0B7-4E07-A44E-8E16B95D6911}.Release|Any CPU.ActiveCfg = Release|Any CPU
		{A870BED9-A0B7-4E07-A44E-8E16B95D6911}.Release|Any CPU.Build.0 = Release|Any CPU
		{73A57FBE-7088-4344-87DC-23B01B504EC9}.Debug|Any CPU.ActiveCfg = Debug|Any CPU
		{73A57FBE-7088-4344-87DC-23B01B504EC9}.Debug|Any CPU.Build.0 = Debug|Any CPU
		{73A57FBE-7088-4344-87DC-23B01B504EC9}.Local|Any CPU.ActiveCfg = Local|Any CPU
		{73A57FBE-7088-4344-87DC-23B01B504EC9}.Local|Any CPU.Build.0 = Local|Any CPU
		{73A57FBE-7088-4344-87DC-23B01B504EC9}.Release|Any CPU.ActiveCfg = Release|Any CPU
		{73A57FBE-7088-4344-87DC-23B01B504EC9}.Release|Any CPU.Build.0 = Release|Any CPU
		{EDBE2FC4-3D91-4B8F-AD00-990CF1A31118}.Debug|Any CPU.ActiveCfg = Debug|Any CPU
		{EDBE2FC4-3D91-4B8F-AD00-990CF1A31118}.Debug|Any CPU.Build.0 = Debug|Any CPU
		{EDBE2FC4-3D91-4B8F-AD00-990CF1A31118}.Local|Any CPU.ActiveCfg = Local|Any CPU
		{EDBE2FC4-3D91-4B8F-AD00-990CF1A31118}.Local|Any CPU.Build.0 = Local|Any CPU
		{EDBE2FC4-3D91-4B8F-AD00-990CF1A31118}.Release|Any CPU.ActiveCfg = Release|Any CPU
		{EDBE2FC4-3D91-4B8F-AD00-990CF1A31118}.Release|Any CPU.Build.0 = Release|Any CPU
		{FEA9BDF2-4014-4288-99BA-D511847F6D9C}.Debug|Any CPU.ActiveCfg = Debug|Any CPU
		{FEA9BDF2-4014-4288-99BA-D511847F6D9C}.Debug|Any CPU.Build.0 = Debug|Any CPU
		{FEA9BDF2-4014-4288-99BA-D511847F6D9C}.Local|Any CPU.ActiveCfg = Local|Any CPU
		{FEA9BDF2-4014-4288-99BA-D511847F6D9C}.Local|Any CPU.Build.0 = Local|Any CPU
		{FEA9BDF2-4014-4288-99BA-D511847F6D9C}.Release|Any CPU.ActiveCfg = Release|Any CPU
		{FEA9BDF2-4014-4288-99BA-D511847F6D9C}.Release|Any CPU.Build.0 = Release|Any CPU
		{29F8F45E-DC53-4306-9B91-7BDBF76B6196}.Debug|Any CPU.ActiveCfg = Debug|Any CPU
		{29F8F45E-DC53-4306-9B91-7BDBF76B6196}.Debug|Any CPU.Build.0 = Debug|Any CPU
		{29F8F45E-DC53-4306-9B91-7BDBF76B6196}.Local|Any CPU.ActiveCfg = Local|Any CPU
		{29F8F45E-DC53-4306-9B91-7BDBF76B6196}.Local|Any CPU.Build.0 = Local|Any CPU
		{29F8F45E-DC53-4306-9B91-7BDBF76B6196}.Release|Any CPU.ActiveCfg = Release|Any CPU
		{29F8F45E-DC53-4306-9B91-7BDBF76B6196}.Release|Any CPU.Build.0 = Release|Any CPU
		{E41965C2-F8B8-44CD-90C5-C91FD0B4DB5F}.Debug|Any CPU.ActiveCfg = Debug|Any CPU
		{E41965C2-F8B8-44CD-90C5-C91FD0B4DB5F}.Debug|Any CPU.Build.0 = Debug|Any CPU
		{E41965C2-F8B8-44CD-90C5-C91FD0B4DB5F}.Local|Any CPU.ActiveCfg = Release|Any CPU
		{E41965C2-F8B8-44CD-90C5-C91FD0B4DB5F}.Local|Any CPU.Build.0 = Release|Any CPU
		{E41965C2-F8B8-44CD-90C5-C91FD0B4DB5F}.Release|Any CPU.ActiveCfg = Release|Any CPU
		{E41965C2-F8B8-44CD-90C5-C91FD0B4DB5F}.Release|Any CPU.Build.0 = Release|Any CPU
	EndGlobalSection
	GlobalSection(SolutionProperties) = preSolution
		HideSolutionNode = FALSE
	EndGlobalSection
	GlobalSection(NestedProjects) = preSolution
		{85186717-7A62-48A7-869B-C47DF85B6273} = {9846C4BE-2108-479E-AA17-4A96052CCCE0}
		{4973AC65-BFF7-435C-BE3F-30C4AB80FAE1} = {37394D96-A276-41B7-BFC0-E0897AFE4690}
		{EA348692-4DA3-4388-9E0C-EF8C548EB579} = {37394D96-A276-41B7-BFC0-E0897AFE4690}
		{58F6B798-8C7C-4AAA-BE66-4CF562167F2E} = {78EA0067-9C56-4E62-B428-A84F35EDB7BF}
		{22A2B11A-B41B-426C-9202-AEBB6C9B5CA6} = {58F6B798-8C7C-4AAA-BE66-4CF562167F2E}
		{B4848A62-92AA-4670-B519-12EFC204409E} = {EA348692-4DA3-4388-9E0C-EF8C548EB579}
		{D947FE0F-297B-40B3-B20A-6EC9E0C7AA20} = {78EA0067-9C56-4E62-B428-A84F35EDB7BF}
		{FA1EEE78-E6D6-4B63-A126-5F470624EFEE} = {D947FE0F-297B-40B3-B20A-6EC9E0C7AA20}
		{A8F21C93-BB1C-4E9A-8C48-3960F6AC0AFA} = {78EA0067-9C56-4E62-B428-A84F35EDB7BF}
		{1C7B40C7-AEA6-4038-9D45-0F5440908929} = {A8F21C93-BB1C-4E9A-8C48-3960F6AC0AFA}
		{03896944-D9FE-427D-A931-384BC99098A1} = {78EA0067-9C56-4E62-B428-A84F35EDB7BF}
		{CE34A3B7-B91A-41BA-8B16-C1E131E1C621} = {03896944-D9FE-427D-A931-384BC99098A1}
		{EA8A4139-6E39-44D6-B15E-FB9BD1927224} = {37394D96-A276-41B7-BFC0-E0897AFE4690}
		{B4A56D7D-DDBB-494B-A05A-26974FB7EEB1} = {EA8A4139-6E39-44D6-B15E-FB9BD1927224}
		{6A5BDFDE-DA90-4911-B1F8-2C1368131116} = {78EA0067-9C56-4E62-B428-A84F35EDB7BF}
		{33130B84-7456-4B2E-9EA6-CF27A273E918} = {6A5BDFDE-DA90-4911-B1F8-2C1368131116}
		{63CA1A19-D198-4B92-BD97-F16B21CBEE98} = {78EA0067-9C56-4E62-B428-A84F35EDB7BF}
		{0D6BA4D8-C469-4AE9-9EBB-93BDF7D7E78F} = {63CA1A19-D198-4B92-BD97-F16B21CBEE98}
		{9CC4B700-D002-4BC2-B417-FD956AD3DD39} = {4973AC65-BFF7-435C-BE3F-30C4AB80FAE1}
		{F45C8462-5E0C-47F3-8892-4F54243B7460} = {37394D96-A276-41B7-BFC0-E0897AFE4690}
		{A5DD50D9-3A50-4F25-97EC-D3B71A8562CE} = {F45C8462-5E0C-47F3-8892-4F54243B7460}
		{563C5D6A-0964-4778-9DF1-DA0A1BB6C044} = {9846C4BE-2108-479E-AA17-4A96052CCCE0}
		{BA3C2C41-CFAC-4A40-8BE5-1E5368EF4750} = {563C5D6A-0964-4778-9DF1-DA0A1BB6C044}
		{BE63361D-A629-48C2-9D0E-9DE1B9733C2B} = {9846C4BE-2108-479E-AA17-4A96052CCCE0}
		{0C513600-DB12-4ADC-999C-14277FFDF0C8} = {BE63361D-A629-48C2-9D0E-9DE1B9733C2B}
		{89116000-EE14-4688-A4AF-80BC3CF9C79B} = {78EA0067-9C56-4E62-B428-A84F35EDB7BF}
		{5D1C63AD-D212-4DD0-89BB-7ABF00AC2D13} = {89116000-EE14-4688-A4AF-80BC3CF9C79B}
		{4A4742BF-35F8-4944-B955-042C0DED94DB} = {78EA0067-9C56-4E62-B428-A84F35EDB7BF}
		{FFE9AC9F-8E9C-4599-AF7B-6FCA32130F42} = {4A4742BF-35F8-4944-B955-042C0DED94DB}
		{1C3AD5D6-3B65-4958-9BC2-E6D6FC89CB2D} = {9846C4BE-2108-479E-AA17-4A96052CCCE0}
		{48F5BD4A-C481-4FCF-8044-9A8813D3510D} = {1C3AD5D6-3B65-4958-9BC2-E6D6FC89CB2D}
		{F07C1EE7-631A-4594-8752-392A08485B08} = {37394D96-A276-41B7-BFC0-E0897AFE4690}
		{D224E1A9-BE7E-4B93-95F4-5F6E1E80CD04} = {F07C1EE7-631A-4594-8752-392A08485B08}
		{7CBAD942-9C88-46AE-AF30-86A2C70B7A25} = {563C5D6A-0964-4778-9DF1-DA0A1BB6C044}
		{8D70A344-BC6E-4BF9-9906-13C4EAEA3535} = {9846C4BE-2108-479E-AA17-4A96052CCCE0}
		{1C753343-4705-493B-9654-2E643373663E} = {37394D96-A276-41B7-BFC0-E0897AFE4690}
		{A870BED9-A0B7-4E07-A44E-8E16B95D6911} = {1C753343-4705-493B-9654-2E643373663E}
		{73A57FBE-7088-4344-87DC-23B01B504EC9} = {85186717-7A62-48A7-869B-C47DF85B6273}
		{EDBE2FC4-3D91-4B8F-AD00-990CF1A31118} = {8D70A344-BC6E-4BF9-9906-13C4EAEA3535}
		{8404CBD0-F0F1-406A-82CA-5F8468764872} = {37394D96-A276-41B7-BFC0-E0897AFE4690}
		{FEA9BDF2-4014-4288-99BA-D511847F6D9C} = {8404CBD0-F0F1-406A-82CA-5F8468764872}
		{2DFB0D0B-FAC0-4E02-8B07-283BDF9FC083} = {37394D96-A276-41B7-BFC0-E0897AFE4690}
		{29F8F45E-DC53-4306-9B91-7BDBF76B6196} = {2DFB0D0B-FAC0-4E02-8B07-283BDF9FC083}
		{CD7167F4-2785-49AA-A5D5-BBECA0DAB912} = {37394D96-A276-41B7-BFC0-E0897AFE4690}
		{E41965C2-F8B8-44CD-90C5-C91FD0B4DB5F} = {CD7167F4-2785-49AA-A5D5-BBECA0DAB912}
	EndGlobalSection
	GlobalSection(ExtensibilityGlobals) = postSolution
		SolutionGuid = {25D35D77-3A23-45B8-BF1A-F9EB5B3B318F}
		EnterpriseLibraryConfigurationToolBinariesPathV6 = packages\EnterpriseLibrary.Common.6.0.1304.0\lib\NET45;packages\EnterpriseLibrary.TransientFaultHandling.6.0.1304.0\lib\portable-net45+win+wp8;packages\EnterpriseLibrary.TransientFaultHandling.Caching.6.0.1304.0\lib\NET45;packages\EnterpriseLibrary.TransientFaultHandling.Data.6.0.1304.1\lib\NET45;packages\EnterpriseLibrary.TransientFaultHandling.ServiceBus.6.0.1304.0\lib\NET45;packages\EnterpriseLibrary.TransientFaultHandling.WindowsAzure.Storage.6.0.1304.0\lib\NET45;packages\EnterpriseLibrary.TransientFaultHandling.Configuration.6.0.1304.0\lib\NET45
	EndGlobalSection
EndGlobal
