
Microsoft Visual Studio Solution File, Format Version 12.00
# Visual Studio 15
VisualStudioVersion = 15.0.27004.2009
MinimumVisualStudioVersion = 10.0.40219.1
Project("{FAE04EC0-301F-11D3-BF4B-00C04F79EFBC}") = "XConnect.Habitat", "src\Project\xConnect\code\XConnect.Habitat.csproj", "{8285D9C0-54C7-4C07-8D2B-F2CF7642902F}"
EndProject
Global
	GlobalSection(SolutionConfigurationPlatforms) = preSolution
		Debug|Any CPU = Debug|Any CPU
		Release|Any CPU = Release|Any CPU
	EndGlobalSection
	GlobalSection(ProjectConfigurationPlatforms) = postSolution
		{8285D9C0-54C7-4C07-8D2B-F2CF7642902F}.Debug|Any CPU.ActiveCfg = Debug|Any CPU
		{8285D9C0-54C7-4C07-8D2B-F2CF7642902F}.Debug|Any CPU.Build.0 = Debug|Any CPU
		{8285D9C0-54C7-4C07-8D2B-F2CF7642902F}.Release|Any CPU.ActiveCfg = Release|Any CPU
		{8285D9C0-54C7-4C07-8D2B-F2CF7642902F}.Release|Any CPU.Build.0 = Release|Any CPU
	EndGlobalSection
	GlobalSection(SolutionProperties) = preSolution
		HideSolutionNode = FALSE
	EndGlobalSection
	GlobalSection(ExtensibilityGlobals) = postSolution
		SolutionGuid = {82DBF48E-572E-47C5-8AC7-9D1550B61158}
	EndGlobalSection
EndGlobal
