
Microsoft Visual Studio Solution File, Format Version 12.00
# Visual Studio 15
VisualStudioVersion = 15.0.27004.2009
MinimumVisualStudioVersion = 10.0.40219.1
Project("{2150E333-8FDC-42A3-9474-1A3956D46DE8}") = "Project", "Project", "{9846C4BE-2108-479E-AA17-4A96052CCCE0}"
EndProject
Project("{2150E333-8FDC-42A3-9474-1A3956D46DE8}") = "Foundation", "Foundation", "{78EA0067-9C56-4E62-B428-A84F35EDB7BF}"
EndProject
Project("{2150E333-8FDC-42A3-9474-1A3956D46DE8}") = "Feature", "Feature", "{37394D96-A276-41B7-BFC0-E0897AFE4690}"
EndProject
Project("{2150E333-8FDC-42A3-9474-1A3956D46DE8}") = "Common", "Common", "{52A24683-6714-4380-A38B-1BD657A8D604}"
EndProject
Project("{2150E333-8FDC-42A3-9474-1A3956D46DE8}") = "Habitat", "Habitat", "{85186717-7A62-48A7-869B-C47DF85B6273}"
EndProject
Project("{2150E333-8FDC-42A3-9474-1A3956D46DE8}") = "Forms", "Forms", "{4973AC65-BFF7-435C-BE3F-30C4AB80FAE1}"
EndProject
Project("{2150E333-8FDC-42A3-9474-1A3956D46DE8}") = "Demo", "Demo", "{EA348692-4DA3-4388-9E0C-EF8C548EB579}"
EndProject
Project("{FAE04EC0-301F-11D3-BF4B-00C04F79EFBC}") = "Sitecore.HabitatHome.Common.Website", "src\Project\Common\code\Sitecore.HabitatHome.Common.Website.csproj", "{473A0B1B-347B-413D-83A4-F9D166C9E8AA}"
EndProject
Project("{2150E333-8FDC-42A3-9474-1A3956D46DE8}") = "Configuration", "Configuration", "{25781A7E-9FF0-4FF5-9BD1-0E25BF8C2AF6}"
	ProjectSection(SolutionItems) = preProject
		.gitattributes = .gitattributes
		.gitignore = .gitignore
		gulp-config.js = gulp-config.js
		gulpfile.js = gulpfile.js
		nuget.config = nuget.config
		package.json = package.json
		README.md = README.md
	EndProjectSection
EndProject
Project("{FAE04EC0-301F-11D3-BF4B-00C04F79EFBC}") = "Sitecore.HabitatHome.Habitat.Website", "src\Project\Habitat\code\Sitecore.HabitatHome.Habitat.Website.csproj", "{73A57FBE-7088-4344-87DC-23B01B504EC9}"
EndProject
Project("{2150E333-8FDC-42A3-9474-1A3956D46DE8}") = "Serialization", "Serialization", "{58F6B798-8C7C-4AAA-BE66-4CF562167F2E}"
EndProject
Project("{FAE04EC0-301F-11D3-BF4B-00C04F79EFBC}") = "Sitecore.HabitatHome.Foundation.Serialization", "src\Foundation\Serialization\code\Sitecore.HabitatHome.Foundation.Serialization.csproj", "{22A2B11A-B41B-426C-9202-AEBB6C9B5CA6}"
EndProject
Project("{FAE04EC0-301F-11D3-BF4B-00C04F79EFBC}") = "Sitecore.HabitatHome.Feature.Demo", "src\Feature\Demo\code\Sitecore.HabitatHome.Feature.Demo.csproj", "{B4848A62-92AA-4670-B519-12EFC204409E}"
EndProject
Project("{2150E333-8FDC-42A3-9474-1A3956D46DE8}") = "DependencyInjection", "DependencyInjection", "{D947FE0F-297B-40B3-B20A-6EC9E0C7AA20}"
EndProject
Project("{FAE04EC0-301F-11D3-BF4B-00C04F79EFBC}") = "Sitecore.HabitatHome.Foundation.DependencyInjection", "src\Foundation\DependencyInjection\code\Sitecore.HabitatHome.Foundation.DependencyInjection.csproj", "{FA1EEE78-E6D6-4B63-A126-5F470624EFEE}"
EndProject
Project("{2150E333-8FDC-42A3-9474-1A3956D46DE8}") = "SitecoreExtensions", "SitecoreExtensions", "{A8F21C93-BB1C-4E9A-8C48-3960F6AC0AFA}"
EndProject
Project("{FAE04EC0-301F-11D3-BF4B-00C04F79EFBC}") = "Sitecore.HabitatHome.Foundation.SitecoreExtensions", "src\Foundation\SitecoreExtensions\code\Sitecore.HabitatHome.Foundation.SitecoreExtensions.csproj", "{1C7B40C7-AEA6-4038-9D45-0F5440908929}"
EndProject
Project("{2150E333-8FDC-42A3-9474-1A3956D46DE8}") = "Accounts", "Accounts", "{03896944-D9FE-427D-A931-384BC99098A1}"
EndProject
Project("{FAE04EC0-301F-11D3-BF4B-00C04F79EFBC}") = "Sitecore.HabitatHome.Foundation.Accounts", "src\Foundation\Accounts\code\Sitecore.HabitatHome.Foundation.Accounts.csproj", "{CE34A3B7-B91A-41BA-8B16-C1E131E1C621}"
EndProject
Project("{2150E333-8FDC-42A3-9474-1A3956D46DE8}") = "Accounts", "Accounts", "{EA8A4139-6E39-44D6-B15E-FB9BD1927224}"
EndProject
Project("{FAE04EC0-301F-11D3-BF4B-00C04F79EFBC}") = "Sitecore.HabitatHome.Feature.Accounts", "src\Feature\Accounts\code\Sitecore.HabitatHome.Feature.Accounts.csproj", "{B4A56D7D-DDBB-494B-A05A-26974FB7EEB1}"
EndProject
Project("{2150E333-8FDC-42A3-9474-1A3956D46DE8}") = "Alerts", "Alerts", "{6A5BDFDE-DA90-4911-B1F8-2C1368131116}"
EndProject
Project("{FAE04EC0-301F-11D3-BF4B-00C04F79EFBC}") = "Sitecore.HabitatHome.Foundation.Alerts", "src\Foundation\Alerts\code\Sitecore.HabitatHome.Foundation.Alerts.csproj", "{33130B84-7456-4B2E-9EA6-CF27A273E918}"
EndProject
Project("{2150E333-8FDC-42A3-9474-1A3956D46DE8}") = "Dictionary", "Dictionary", "{63CA1A19-D198-4B92-BD97-F16B21CBEE98}"
EndProject
Project("{FAE04EC0-301F-11D3-BF4B-00C04F79EFBC}") = "Sitecore.HabitatHome.Foundation.Dictionary", "src\Foundation\Dictionary\code\Sitecore.HabitatHome.Foundation.Dictionary.csproj", "{0D6BA4D8-C469-4AE9-9EBB-93BDF7D7E78F}"
EndProject
Project("{FAE04EC0-301F-11D3-BF4B-00C04F79EFBC}") = "Sitecore.HabitatHome.Feature.Forms", "src\Feature\Forms\code\Sitecore.HabitatHome.Feature.Forms.csproj", "{9CC4B700-D002-4BC2-B417-FD956AD3DD39}"
EndProject
Project("{2150E333-8FDC-42A3-9474-1A3956D46DE8}") = "CRM", "CRM", "{217AA2A9-02D7-4169-8B56-F8632E446A79}"
EndProject
Project("{FAE04EC0-301F-11D3-BF4B-00C04F79EFBC}") = "Sitecore.HabitatHome.Feature.CRM", "src\Feature\CRM\code\Sitecore.HabitatHome.Feature.CRM.csproj", "{2EC4C2C2-3124-4679-B113-164457315173}"
EndProject
Project("{2150E333-8FDC-42A3-9474-1A3956D46DE8}") = "Email", "Email", "{F45C8462-5E0C-47F3-8892-4F54243B7460}"
EndProject
Project("{FAE04EC0-301F-11D3-BF4B-00C04F79EFBC}") = "Sitecore.HabitatHome.Feature.Email", "src\Feature\Email\code\Sitecore.HabitatHome.Feature.Email.csproj", "{A5DD50D9-3A50-4F25-97EC-D3B71A8562CE}"
EndProject
Project("{2150E333-8FDC-42A3-9474-1A3956D46DE8}") = "Support", "Support", "{FED2C5DB-C270-4318-9E55-B392148E0F28}"
EndProject
Project("{FAE04EC0-301F-11D3-BF4B-00C04F79EFBC}") = "Sitecore.HabitatHome.Foundation.Support", "src\Foundation\Support\code\Sitecore.HabitatHome.Foundation.Support.csproj", "{C3688F1D-F0BF-4437-A899-F69448DC18B4}"
EndProject
Project("{2150E333-8FDC-42A3-9474-1A3956D46DE8}") = "HabitatHome", "HabitatHome", "{563C5D6A-0964-4778-9DF1-DA0A1BB6C044}"
EndProject
Project("{FAE04EC0-301F-11D3-BF4B-00C04F79EFBC}") = "Sitecore.HabitatHome.Website", "src\Project\HabitatHome\code\Sitecore.HabitatHome.Website.csproj", "{BA3C2C41-CFAC-4A40-8BE5-1E5368EF4750}"
EndProject
Project("{2150E333-8FDC-42A3-9474-1A3956D46DE8}") = "xConnect", "xConnect", "{BE63361D-A629-48C2-9D0E-9DE1B9733C2B}"
EndProject
Project("{FAE04EC0-301F-11D3-BF4B-00C04F79EFBC}") = "Sitecore.HabitatHome.XConnect", "src\Project\xConnect\code\Sitecore.HabitatHome.XConnect.csproj", "{0C513600-DB12-4ADC-999C-14277FFDF0C8}"
EndProject
Project("{2150E333-8FDC-42A3-9474-1A3956D46DE8}") = "Workflow", "Workflow", "{89116000-EE14-4688-A4AF-80BC3CF9C79B}"
EndProject
Project("{FAE04EC0-301F-11D3-BF4B-00C04F79EFBC}") = "Sitecore.HabitatHome.Foundation.Workflow", "src\Foundation\Workflow\code\Sitecore.HabitatHome.Foundation.Workflow.csproj", "{5D1C63AD-D212-4DD0-89BB-7ABF00AC2D13}"
EndProject
Global
	GlobalSection(SolutionConfigurationPlatforms) = preSolution
		Debug|Any CPU = Debug|Any CPU
		Release|Any CPU = Release|Any CPU
	EndGlobalSection
	GlobalSection(ProjectConfigurationPlatforms) = postSolution
		{473A0B1B-347B-413D-83A4-F9D166C9E8AA}.Debug|Any CPU.ActiveCfg = Debug|Any CPU
		{473A0B1B-347B-413D-83A4-F9D166C9E8AA}.Debug|Any CPU.Build.0 = Debug|Any CPU
		{473A0B1B-347B-413D-83A4-F9D166C9E8AA}.Release|Any CPU.ActiveCfg = Release|Any CPU
		{473A0B1B-347B-413D-83A4-F9D166C9E8AA}.Release|Any CPU.Build.0 = Release|Any CPU
		{73A57FBE-7088-4344-87DC-23B01B504EC9}.Debug|Any CPU.ActiveCfg = Debug|Any CPU
		{73A57FBE-7088-4344-87DC-23B01B504EC9}.Debug|Any CPU.Build.0 = Debug|Any CPU
		{73A57FBE-7088-4344-87DC-23B01B504EC9}.Release|Any CPU.ActiveCfg = Release|Any CPU
		{73A57FBE-7088-4344-87DC-23B01B504EC9}.Release|Any CPU.Build.0 = Release|Any CPU
		{22A2B11A-B41B-426C-9202-AEBB6C9B5CA6}.Debug|Any CPU.ActiveCfg = Debug|Any CPU
		{22A2B11A-B41B-426C-9202-AEBB6C9B5CA6}.Debug|Any CPU.Build.0 = Debug|Any CPU
		{22A2B11A-B41B-426C-9202-AEBB6C9B5CA6}.Release|Any CPU.ActiveCfg = Release|Any CPU
		{22A2B11A-B41B-426C-9202-AEBB6C9B5CA6}.Release|Any CPU.Build.0 = Release|Any CPU
		{B4848A62-92AA-4670-B519-12EFC204409E}.Debug|Any CPU.ActiveCfg = Debug|Any CPU
		{B4848A62-92AA-4670-B519-12EFC204409E}.Debug|Any CPU.Build.0 = Debug|Any CPU
		{B4848A62-92AA-4670-B519-12EFC204409E}.Release|Any CPU.ActiveCfg = Release|Any CPU
		{B4848A62-92AA-4670-B519-12EFC204409E}.Release|Any CPU.Build.0 = Release|Any CPU
		{FA1EEE78-E6D6-4B63-A126-5F470624EFEE}.Debug|Any CPU.ActiveCfg = Debug|Any CPU
		{FA1EEE78-E6D6-4B63-A126-5F470624EFEE}.Debug|Any CPU.Build.0 = Debug|Any CPU
		{FA1EEE78-E6D6-4B63-A126-5F470624EFEE}.Release|Any CPU.ActiveCfg = Release|Any CPU
		{FA1EEE78-E6D6-4B63-A126-5F470624EFEE}.Release|Any CPU.Build.0 = Release|Any CPU
		{1C7B40C7-AEA6-4038-9D45-0F5440908929}.Debug|Any CPU.ActiveCfg = Debug|Any CPU
		{1C7B40C7-AEA6-4038-9D45-0F5440908929}.Debug|Any CPU.Build.0 = Debug|Any CPU
		{1C7B40C7-AEA6-4038-9D45-0F5440908929}.Release|Any CPU.ActiveCfg = Release|Any CPU
		{1C7B40C7-AEA6-4038-9D45-0F5440908929}.Release|Any CPU.Build.0 = Release|Any CPU
		{CE34A3B7-B91A-41BA-8B16-C1E131E1C621}.Debug|Any CPU.ActiveCfg = Debug|Any CPU
		{CE34A3B7-B91A-41BA-8B16-C1E131E1C621}.Debug|Any CPU.Build.0 = Debug|Any CPU
		{CE34A3B7-B91A-41BA-8B16-C1E131E1C621}.Release|Any CPU.ActiveCfg = Release|Any CPU
		{CE34A3B7-B91A-41BA-8B16-C1E131E1C621}.Release|Any CPU.Build.0 = Release|Any CPU
		{B4A56D7D-DDBB-494B-A05A-26974FB7EEB1}.Debug|Any CPU.ActiveCfg = Debug|Any CPU
		{B4A56D7D-DDBB-494B-A05A-26974FB7EEB1}.Debug|Any CPU.Build.0 = Debug|Any CPU
		{B4A56D7D-DDBB-494B-A05A-26974FB7EEB1}.Release|Any CPU.ActiveCfg = Release|Any CPU
		{B4A56D7D-DDBB-494B-A05A-26974FB7EEB1}.Release|Any CPU.Build.0 = Release|Any CPU
		{33130B84-7456-4B2E-9EA6-CF27A273E918}.Debug|Any CPU.ActiveCfg = Debug|Any CPU
		{33130B84-7456-4B2E-9EA6-CF27A273E918}.Debug|Any CPU.Build.0 = Debug|Any CPU
		{33130B84-7456-4B2E-9EA6-CF27A273E918}.Release|Any CPU.ActiveCfg = Release|Any CPU
		{33130B84-7456-4B2E-9EA6-CF27A273E918}.Release|Any CPU.Build.0 = Release|Any CPU
		{0D6BA4D8-C469-4AE9-9EBB-93BDF7D7E78F}.Debug|Any CPU.ActiveCfg = Debug|Any CPU
		{0D6BA4D8-C469-4AE9-9EBB-93BDF7D7E78F}.Debug|Any CPU.Build.0 = Debug|Any CPU
		{0D6BA4D8-C469-4AE9-9EBB-93BDF7D7E78F}.Release|Any CPU.ActiveCfg = Release|Any CPU
		{0D6BA4D8-C469-4AE9-9EBB-93BDF7D7E78F}.Release|Any CPU.Build.0 = Release|Any CPU
		{9CC4B700-D002-4BC2-B417-FD956AD3DD39}.Debug|Any CPU.ActiveCfg = Debug|Any CPU
		{9CC4B700-D002-4BC2-B417-FD956AD3DD39}.Debug|Any CPU.Build.0 = Debug|Any CPU
		{9CC4B700-D002-4BC2-B417-FD956AD3DD39}.Release|Any CPU.ActiveCfg = Release|Any CPU
		{9CC4B700-D002-4BC2-B417-FD956AD3DD39}.Release|Any CPU.Build.0 = Release|Any CPU
		{2EC4C2C2-3124-4679-B113-164457315173}.Debug|Any CPU.ActiveCfg = Debug|Any CPU
		{2EC4C2C2-3124-4679-B113-164457315173}.Debug|Any CPU.Build.0 = Debug|Any CPU
		{2EC4C2C2-3124-4679-B113-164457315173}.Release|Any CPU.ActiveCfg = Release|Any CPU
		{2EC4C2C2-3124-4679-B113-164457315173}.Release|Any CPU.Build.0 = Release|Any CPU
		{A5DD50D9-3A50-4F25-97EC-D3B71A8562CE}.Debug|Any CPU.ActiveCfg = Debug|Any CPU
		{A5DD50D9-3A50-4F25-97EC-D3B71A8562CE}.Debug|Any CPU.Build.0 = Debug|Any CPU
		{A5DD50D9-3A50-4F25-97EC-D3B71A8562CE}.Release|Any CPU.ActiveCfg = Release|Any CPU
		{A5DD50D9-3A50-4F25-97EC-D3B71A8562CE}.Release|Any CPU.Build.0 = Release|Any CPU
		{C3688F1D-F0BF-4437-A899-F69448DC18B4}.Debug|Any CPU.ActiveCfg = Debug|Any CPU
		{C3688F1D-F0BF-4437-A899-F69448DC18B4}.Debug|Any CPU.Build.0 = Debug|Any CPU
		{C3688F1D-F0BF-4437-A899-F69448DC18B4}.Release|Any CPU.ActiveCfg = Release|Any CPU
		{C3688F1D-F0BF-4437-A899-F69448DC18B4}.Release|Any CPU.Build.0 = Release|Any CPU
		{BA3C2C41-CFAC-4A40-8BE5-1E5368EF4750}.Debug|Any CPU.ActiveCfg = Debug|Any CPU
		{BA3C2C41-CFAC-4A40-8BE5-1E5368EF4750}.Debug|Any CPU.Build.0 = Debug|Any CPU
		{BA3C2C41-CFAC-4A40-8BE5-1E5368EF4750}.Release|Any CPU.ActiveCfg = Release|Any CPU
		{BA3C2C41-CFAC-4A40-8BE5-1E5368EF4750}.Release|Any CPU.Build.0 = Release|Any CPU
		{0C513600-DB12-4ADC-999C-14277FFDF0C8}.Debug|Any CPU.ActiveCfg = Debug|Any CPU
		{0C513600-DB12-4ADC-999C-14277FFDF0C8}.Debug|Any CPU.Build.0 = Debug|Any CPU
		{0C513600-DB12-4ADC-999C-14277FFDF0C8}.Release|Any CPU.ActiveCfg = Release|Any CPU
		{0C513600-DB12-4ADC-999C-14277FFDF0C8}.Release|Any CPU.Build.0 = Release|Any CPU
		{5D1C63AD-D212-4DD0-89BB-7ABF00AC2D13}.Debug|Any CPU.ActiveCfg = Debug|Any CPU
		{5D1C63AD-D212-4DD0-89BB-7ABF00AC2D13}.Debug|Any CPU.Build.0 = Debug|Any CPU
		{5D1C63AD-D212-4DD0-89BB-7ABF00AC2D13}.Release|Any CPU.ActiveCfg = Release|Any CPU
		{5D1C63AD-D212-4DD0-89BB-7ABF00AC2D13}.Release|Any CPU.Build.0 = Release|Any CPU
	EndGlobalSection
	GlobalSection(SolutionProperties) = preSolution
		HideSolutionNode = FALSE
	EndGlobalSection
	GlobalSection(NestedProjects) = preSolution
		{52A24683-6714-4380-A38B-1BD657A8D604} = {9846C4BE-2108-479E-AA17-4A96052CCCE0}
		{85186717-7A62-48A7-869B-C47DF85B6273} = {9846C4BE-2108-479E-AA17-4A96052CCCE0}
		{4973AC65-BFF7-435C-BE3F-30C4AB80FAE1} = {37394D96-A276-41B7-BFC0-E0897AFE4690}
		{EA348692-4DA3-4388-9E0C-EF8C548EB579} = {37394D96-A276-41B7-BFC0-E0897AFE4690}
		{473A0B1B-347B-413D-83A4-F9D166C9E8AA} = {52A24683-6714-4380-A38B-1BD657A8D604}
		{73A57FBE-7088-4344-87DC-23B01B504EC9} = {85186717-7A62-48A7-869B-C47DF85B6273}
		{58F6B798-8C7C-4AAA-BE66-4CF562167F2E} = {78EA0067-9C56-4E62-B428-A84F35EDB7BF}
		{22A2B11A-B41B-426C-9202-AEBB6C9B5CA6} = {58F6B798-8C7C-4AAA-BE66-4CF562167F2E}
		{B4848A62-92AA-4670-B519-12EFC204409E} = {EA348692-4DA3-4388-9E0C-EF8C548EB579}
		{D947FE0F-297B-40B3-B20A-6EC9E0C7AA20} = {78EA0067-9C56-4E62-B428-A84F35EDB7BF}
		{FA1EEE78-E6D6-4B63-A126-5F470624EFEE} = {D947FE0F-297B-40B3-B20A-6EC9E0C7AA20}
		{A8F21C93-BB1C-4E9A-8C48-3960F6AC0AFA} = {78EA0067-9C56-4E62-B428-A84F35EDB7BF}
		{1C7B40C7-AEA6-4038-9D45-0F5440908929} = {A8F21C93-BB1C-4E9A-8C48-3960F6AC0AFA}
		{03896944-D9FE-427D-A931-384BC99098A1} = {78EA0067-9C56-4E62-B428-A84F35EDB7BF}
		{CE34A3B7-B91A-41BA-8B16-C1E131E1C621} = {03896944-D9FE-427D-A931-384BC99098A1}
		{EA8A4139-6E39-44D6-B15E-FB9BD1927224} = {37394D96-A276-41B7-BFC0-E0897AFE4690}
		{B4A56D7D-DDBB-494B-A05A-26974FB7EEB1} = {EA8A4139-6E39-44D6-B15E-FB9BD1927224}
		{6A5BDFDE-DA90-4911-B1F8-2C1368131116} = {78EA0067-9C56-4E62-B428-A84F35EDB7BF}
		{33130B84-7456-4B2E-9EA6-CF27A273E918} = {6A5BDFDE-DA90-4911-B1F8-2C1368131116}
		{63CA1A19-D198-4B92-BD97-F16B21CBEE98} = {78EA0067-9C56-4E62-B428-A84F35EDB7BF}
		{0D6BA4D8-C469-4AE9-9EBB-93BDF7D7E78F} = {63CA1A19-D198-4B92-BD97-F16B21CBEE98}
		{9CC4B700-D002-4BC2-B417-FD956AD3DD39} = {4973AC65-BFF7-435C-BE3F-30C4AB80FAE1}
		{217AA2A9-02D7-4169-8B56-F8632E446A79} = {37394D96-A276-41B7-BFC0-E0897AFE4690}
		{2EC4C2C2-3124-4679-B113-164457315173} = {217AA2A9-02D7-4169-8B56-F8632E446A79}
		{F45C8462-5E0C-47F3-8892-4F54243B7460} = {37394D96-A276-41B7-BFC0-E0897AFE4690}
		{A5DD50D9-3A50-4F25-97EC-D3B71A8562CE} = {F45C8462-5E0C-47F3-8892-4F54243B7460}
		{FED2C5DB-C270-4318-9E55-B392148E0F28} = {78EA0067-9C56-4E62-B428-A84F35EDB7BF}
		{C3688F1D-F0BF-4437-A899-F69448DC18B4} = {FED2C5DB-C270-4318-9E55-B392148E0F28}
		{563C5D6A-0964-4778-9DF1-DA0A1BB6C044} = {9846C4BE-2108-479E-AA17-4A96052CCCE0}
		{BA3C2C41-CFAC-4A40-8BE5-1E5368EF4750} = {563C5D6A-0964-4778-9DF1-DA0A1BB6C044}
		{BE63361D-A629-48C2-9D0E-9DE1B9733C2B} = {9846C4BE-2108-479E-AA17-4A96052CCCE0}
		{0C513600-DB12-4ADC-999C-14277FFDF0C8} = {BE63361D-A629-48C2-9D0E-9DE1B9733C2B}
		{89116000-EE14-4688-A4AF-80BC3CF9C79B} = {78EA0067-9C56-4E62-B428-A84F35EDB7BF}
		{5D1C63AD-D212-4DD0-89BB-7ABF00AC2D13} = {89116000-EE14-4688-A4AF-80BC3CF9C79B}
	EndGlobalSection
	GlobalSection(ExtensibilityGlobals) = postSolution
		SolutionGuid = {25D35D77-3A23-45B8-BF1A-F9EB5B3B318F}
	EndGlobalSection
EndGlobal
