
Microsoft Visual Studio Solution File, Format Version 12.00
# Visual Studio Version 16
VisualStudioVersion = 16.0.28803.202
MinimumVisualStudioVersion = 10.0.40219.1
Project("{2150E333-8FDC-42A3-9474-1A3956D46DE8}") = "Project", "Project", "{9846C4BE-2108-479E-AA17-4A96052CCCE0}"
EndProject
Project("{2150E333-8FDC-42A3-9474-1A3956D46DE8}") = "Feature", "Feature", "{37394D96-A276-41B7-BFC0-E0897AFE4690}"
EndProject
Project("{2150E333-8FDC-42A3-9474-1A3956D46DE8}") = "Global", "Global", "{85186717-7A62-48A7-869B-C47DF85B6273}"
EndProject
Project("{2150E333-8FDC-42A3-9474-1A3956D46DE8}") = ".configuration", ".configuration", "{25781A7E-9FF0-4FF5-9BD1-0E25BF8C2AF6}"
	ProjectSection(SolutionItems) = preProject
		.editorconfig = .editorconfig
		.gitattributes = .gitattributes
		.gitignore = .gitignore
		build.cake = build.cake
		cake-config.json = cake-config.json
		nuget.config = nuget.config
		README.md = README.md
	EndProjectSection
EndProject
Project("{2150E333-8FDC-42A3-9474-1A3956D46DE8}") = "SitecoreDemo", "SitecoreDemo", "{563C5D6A-0964-4778-9DF1-DA0A1BB6C044}"
EndProject
Project("{FAE04EC0-301F-11D3-BF4B-00C04F79EFBC}") = "Sitecore.Demo.Platform.Website", "src\Project\SitecoreDemo\code\Sitecore.Demo.Platform.Website.csproj", "{BA3C2C41-CFAC-4A40-8BE5-1E5368EF4750}"
EndProject
Project("{2150E333-8FDC-42A3-9474-1A3956D46DE8}") = "xConnect", "xConnect", "{BE63361D-A629-48C2-9D0E-9DE1B9733C2B}"
EndProject
Project("{FAE04EC0-301F-11D3-BF4B-00C04F79EFBC}") = "Sitecore.Demo.Platform.XConnect", "src\Project\xConnect\code\Sitecore.Demo.Platform.XConnect.csproj", "{0C513600-DB12-4ADC-999C-14277FFDF0C8}"
EndProject
Project("{FAE04EC0-301F-11D3-BF4B-00C04F79EFBC}") = "Sitecore.Demo.Platform.Global.Website", "src\Project\Global\code\Sitecore.Demo.Platform.Global.Website.csproj", "{73A57FBE-7088-4344-87DC-23B01B504EC9}"
EndProject
Project("{2150E333-8FDC-42A3-9474-1A3956D46DE8}") = "Experience Accelerator", "Experience Accelerator", "{8404CBD0-F0F1-406A-82CA-5F8468764872}"
EndProject
Project("{FAE04EC0-301F-11D3-BF4B-00C04F79EFBC}") = "Sitecore.Demo.Platform.Feature.ExperienceAccelerator", "src\Feature\ExperienceAccelerator\code\Sitecore.Demo.Platform.Feature.ExperienceAccelerator.csproj", "{FEA9BDF2-4014-4288-99BA-D511847F6D9C}"
EndProject
Project("{2150E333-8FDC-42A3-9474-1A3956D46DE8}") = "Content Tagging", "Content Tagging", "{9847BAFB-FC62-4F27-BBCB-545F1747AD0B}"
EndProject
Project("{FAE04EC0-301F-11D3-BF4B-00C04F79EFBC}") = "Sitecore.Demo.Platform.Feature.ContentTagging", "src\Feature\ContentTagging\code\Sitecore.Demo.Platform.Feature.ContentTagging.csproj", "{B3D89816-53D4-4F38-BB67-9B4F9B71144F}"
EndProject
Project("{2150E333-8FDC-42A3-9474-1A3956D46DE8}") = "Accounts", "Accounts", "{EE0C7CAE-456D-4068-8844-ABFA62702C76}"
EndProject
Project("{2150E333-8FDC-42A3-9474-1A3956D46DE8}") = "Demo", "Demo", "{438F1117-EA30-45C2-A97A-544B76D39A01}"
EndProject
Project("{2150E333-8FDC-42A3-9474-1A3956D46DE8}") = "Email", "Email", "{2D8D7957-C2E1-4C7C-9447-9177EF3FD8A5}"
EndProject
Project("{2150E333-8FDC-42A3-9474-1A3956D46DE8}") = "Forms", "Forms", "{A691403A-A0F0-4BC3-85E4-B2959903DA0E}"
EndProject
Project("{FAE04EC0-301F-11D3-BF4B-00C04F79EFBC}") = "Sitecore.Demo.Platform.Feature.Accounts", "src\Feature\Accounts\code\Sitecore.Demo.Platform.Feature.Accounts.csproj", "{B4A56D7D-DDBB-494B-A05A-26974FB7EEB1}"
EndProject
Project("{FAE04EC0-301F-11D3-BF4B-00C04F79EFBC}") = "Sitecore.Demo.Platform.Feature.Demo", "src\Feature\Demo\code\Sitecore.Demo.Platform.Feature.Demo.csproj", "{B4848A62-92AA-4670-B519-12EFC204409E}"
EndProject
Project("{FAE04EC0-301F-11D3-BF4B-00C04F79EFBC}") = "Sitecore.Demo.Platform.Feature.Email", "src\Feature\Email\code\Sitecore.Demo.Platform.Feature.Email.csproj", "{A5DD50D9-3A50-4F25-97EC-D3B71A8562CE}"
EndProject
Project("{FAE04EC0-301F-11D3-BF4B-00C04F79EFBC}") = "Sitecore.Demo.Platform.Feature.Forms", "src\Feature\Forms\code\Sitecore.Demo.Platform.Feature.Forms.csproj", "{9CC4B700-D002-4BC2-B417-FD956AD3DD39}"
EndProject
Project("{2150E333-8FDC-42A3-9474-1A3956D46DE8}") = "Foundation", "Foundation", "{DF6B2506-3CDA-4F09-A383-59D03F8CC59F}"
EndProject
Project("{2150E333-8FDC-42A3-9474-1A3956D46DE8}") = "Accounts", "Accounts", "{23738438-E34E-45DE-8FF2-52236CCABE47}"
EndProject
Project("{2150E333-8FDC-42A3-9474-1A3956D46DE8}") = "AKS", "AKS", "{D6A0E80F-4FB4-4CF6-8CD7-50EC9C1FD1C2}"
EndProject
Project("{2150E333-8FDC-42A3-9474-1A3956D46DE8}") = "Alerts", "Alerts", "{763F153C-A003-4973-B707-91660B9E4F7C}"
EndProject
Project("{2150E333-8FDC-42A3-9474-1A3956D46DE8}") = "DependencyInjection", "DependencyInjection", "{854F52AA-3752-436E-B312-C05BD437F198}"
EndProject
Project("{2150E333-8FDC-42A3-9474-1A3956D46DE8}") = "Dictionary", "Dictionary", "{08D2638B-3F1B-499E-A7F3-612F861AA75A}"
EndProject
Project("{2150E333-8FDC-42A3-9474-1A3956D46DE8}") = "Serialization", "Serialization", "{9B58DB04-47B7-4FB5-B55B-76569E22998D}"
EndProject
Project("{2150E333-8FDC-42A3-9474-1A3956D46DE8}") = "SitecoreExtensions", "SitecoreExtensions", "{2B609A3D-163D-4A93-9A1B-51CD94613C17}"
EndProject
Project("{2150E333-8FDC-42A3-9474-1A3956D46DE8}") = "Workflow", "Workflow", "{E039079C-7452-4C00-B888-C14052AB6770}"
EndProject
Project("{FAE04EC0-301F-11D3-BF4B-00C04F79EFBC}") = "Sitecore.Demo.Platform.Foundation.Accounts", "src\Foundation\Accounts\code\Sitecore.Demo.Platform.Foundation.Accounts.csproj", "{CE34A3B7-B91A-41BA-8B16-C1E131E1C621}"
EndProject
Project("{FAE04EC0-301F-11D3-BF4B-00C04F79EFBC}") = "Sitecore.Demo.Platform.Foundation.AKS", "src\Foundation\AKS\code\Sitecore.Demo.Platform.Foundation.AKS.csproj", "{5A1D9F39-90D1-4971-B511-F4478CE8E35F}"
EndProject
Project("{FAE04EC0-301F-11D3-BF4B-00C04F79EFBC}") = "Sitecore.Demo.Platform.Foundation.Alerts", "src\Foundation\Alerts\code\Sitecore.Demo.Platform.Foundation.Alerts.csproj", "{33130B84-7456-4B2E-9EA6-CF27A273E918}"
EndProject
Project("{FAE04EC0-301F-11D3-BF4B-00C04F79EFBC}") = "Sitecore.Demo.Platform.Foundation.DependencyInjection", "src\Foundation\DependencyInjection\code\Sitecore.Demo.Platform.Foundation.DependencyInjection.csproj", "{FA1EEE78-E6D6-4B63-A126-5F470624EFEE}"
EndProject
Project("{FAE04EC0-301F-11D3-BF4B-00C04F79EFBC}") = "Sitecore.Demo.Platform.Foundation.Dictionary", "src\Foundation\Dictionary\code\Sitecore.Demo.Platform.Foundation.Dictionary.csproj", "{0D6BA4D8-C469-4AE9-9EBB-93BDF7D7E78F}"
EndProject
Project("{FAE04EC0-301F-11D3-BF4B-00C04F79EFBC}") = "Sitecore.Demo.Platform.Foundation.Serialization", "src\Foundation\Serialization\code\Sitecore.Demo.Platform.Foundation.Serialization.csproj", "{22A2B11A-B41B-426C-9202-AEBB6C9B5CA6}"
EndProject
Project("{FAE04EC0-301F-11D3-BF4B-00C04F79EFBC}") = "Sitecore.Demo.Platform.Foundation.SitecoreExtensions", "src\Foundation\SitecoreExtensions\code\Sitecore.Demo.Platform.Foundation.SitecoreExtensions.csproj", "{1C7B40C7-AEA6-4038-9D45-0F5440908929}"
EndProject
Project("{FAE04EC0-301F-11D3-BF4B-00C04F79EFBC}") = "Sitecore.Demo.Platform.Foundation.Workflow", "src\Foundation\Workflow\code\Sitecore.Demo.Platform.Foundation.Workflow.csproj", "{5D1C63AD-D212-4DD0-89BB-7ABF00AC2D13}"
EndProject
Project("{FAE04EC0-301F-11D3-BF4B-00C04F79EFBC}") = "Sitecore.Demo.Platform.Feature.CRM", "src\Feature\CRM\code\Sitecore.Demo.Platform.Feature.CRM.csproj", "{D224E1A9-BE7E-4B93-95F4-5F6E1E80CD04}"
EndProject
Project("{2150E333-8FDC-42A3-9474-1A3956D46DE8}") = "CRM", "CRM", "{53D32728-D07F-452A-ADA9-34072FE13B0D}"
EndProject
Project("{2150E333-8FDC-42A3-9474-1A3956D46DE8}") = "GraphQL", "GraphQL", "{7451CE06-38B5-4A1B-B25F-447DB6E91189}"
EndProject
Project("{FAE04EC0-301F-11D3-BF4B-00C04F79EFBC}") = "Sitecore.Demo.Platform.Foundation.GraphQL", "src\Foundation\GraphQL\code\Sitecore.Demo.Platform.Foundation.GraphQL.csproj", "{96FB0E35-F610-4370-B05D-09863036A856}"
EndProject
Project("{2150E333-8FDC-42A3-9474-1A3956D46DE8}") = "Resources", "Resources", "{13893DB5-3753-4800-A304-D4A56478DC0A}"
EndProject
Project("{FAE04EC0-301F-11D3-BF4B-00C04F79EFBC}") = "Sitecore.Demo.Platform.Feature.Resources", "src\Feature\Resources\code\Sitecore.Demo.Platform.Feature.Resources.csproj", "{7773FB50-6A7C-4C16-A0B1-823F1FC41F4F}"
EndProject
Project("{2150E333-8FDC-42A3-9474-1A3956D46DE8}") = "CoveoIndexing", "CoveoIndexing", "{B1787444-AA4B-4551-8375-CA8B8F534B33}"
EndProject
Project("{FAE04EC0-301F-11D3-BF4B-00C04F79EFBC}") = "Sitecore.Demo.Platform.Foundation.CoveoIndexing", "src\Foundation\CoveoIndexing\code\Sitecore.Demo.Platform.Foundation.CoveoIndexing.csproj", "{28F5B0DD-5224-4A2E-A879-5FEED35CCE12}"
EndProject
Project("{2150E333-8FDC-42A3-9474-1A3956D46DE8}") = "CoveoSearch", "CoveoSearch", "{580A7264-5694-47C6-83A8-ACDBB149BDDE}"
EndProject
Project("{FAE04EC0-301F-11D3-BF4B-00C04F79EFBC}") = "Sitecore.Demo.Platform.Feature.CoveoSearch", "src\Feature\CoveoSearch\code\Sitecore.Demo.Platform.Feature.CoveoSearch.csproj", "{B3B8FB12-64E7-439D-B3D7-7656511EA72E}"
EndProject
Global
	GlobalSection(SolutionConfigurationPlatforms) = preSolution
		Debug|Any CPU = Debug|Any CPU
		DockerDeploy|Any CPU = DockerDeploy|Any CPU
		Local|Any CPU = Local|Any CPU
		NoDeploy|Any CPU = NoDeploy|Any CPU
		Package-CD|Any CPU = Package-CD|Any CPU
		Package-CM|Any CPU = Package-CM|Any CPU
		Release|Any CPU = Release|Any CPU
	EndGlobalSection
	GlobalSection(ProjectConfigurationPlatforms) = postSolution
		{BA3C2C41-CFAC-4A40-8BE5-1E5368EF4750}.Debug|Any CPU.ActiveCfg = Debug|Any CPU
		{BA3C2C41-CFAC-4A40-8BE5-1E5368EF4750}.Debug|Any CPU.Build.0 = Debug|Any CPU
		{BA3C2C41-CFAC-4A40-8BE5-1E5368EF4750}.DockerDeploy|Any CPU.ActiveCfg = DockerDeploy|Any CPU
		{BA3C2C41-CFAC-4A40-8BE5-1E5368EF4750}.DockerDeploy|Any CPU.Build.0 = DockerDeploy|Any CPU
		{BA3C2C41-CFAC-4A40-8BE5-1E5368EF4750}.Local|Any CPU.ActiveCfg = Local|Any CPU
		{BA3C2C41-CFAC-4A40-8BE5-1E5368EF4750}.Local|Any CPU.Build.0 = Local|Any CPU
		{BA3C2C41-CFAC-4A40-8BE5-1E5368EF4750}.NoDeploy|Any CPU.ActiveCfg = NoDeploy|Any CPU
		{BA3C2C41-CFAC-4A40-8BE5-1E5368EF4750}.NoDeploy|Any CPU.Build.0 = NoDeploy|Any CPU
		{BA3C2C41-CFAC-4A40-8BE5-1E5368EF4750}.Package-CD|Any CPU.ActiveCfg = Package-CD|Any CPU
		{BA3C2C41-CFAC-4A40-8BE5-1E5368EF4750}.Package-CD|Any CPU.Build.0 = Package-CD|Any CPU
		{BA3C2C41-CFAC-4A40-8BE5-1E5368EF4750}.Package-CM|Any CPU.ActiveCfg = Package-CM|Any CPU
		{BA3C2C41-CFAC-4A40-8BE5-1E5368EF4750}.Package-CM|Any CPU.Build.0 = Package-CM|Any CPU
		{BA3C2C41-CFAC-4A40-8BE5-1E5368EF4750}.Release|Any CPU.ActiveCfg = Release|Any CPU
		{BA3C2C41-CFAC-4A40-8BE5-1E5368EF4750}.Release|Any CPU.Build.0 = Release|Any CPU
		{0C513600-DB12-4ADC-999C-14277FFDF0C8}.Debug|Any CPU.ActiveCfg = Debug|Any CPU
		{0C513600-DB12-4ADC-999C-14277FFDF0C8}.Debug|Any CPU.Build.0 = Debug|Any CPU
		{0C513600-DB12-4ADC-999C-14277FFDF0C8}.DockerDeploy|Any CPU.ActiveCfg = DockerDeploy|Any CPU
		{0C513600-DB12-4ADC-999C-14277FFDF0C8}.DockerDeploy|Any CPU.Build.0 = DockerDeploy|Any CPU
		{0C513600-DB12-4ADC-999C-14277FFDF0C8}.Local|Any CPU.ActiveCfg = Local|Any CPU
		{0C513600-DB12-4ADC-999C-14277FFDF0C8}.Local|Any CPU.Build.0 = Local|Any CPU
		{0C513600-DB12-4ADC-999C-14277FFDF0C8}.NoDeploy|Any CPU.ActiveCfg = NoDeploy|Any CPU
		{0C513600-DB12-4ADC-999C-14277FFDF0C8}.NoDeploy|Any CPU.Build.0 = NoDeploy|Any CPU
		{0C513600-DB12-4ADC-999C-14277FFDF0C8}.Package-CD|Any CPU.ActiveCfg = Package-CD|Any CPU
		{0C513600-DB12-4ADC-999C-14277FFDF0C8}.Package-CD|Any CPU.Build.0 = Package-CD|Any CPU
		{0C513600-DB12-4ADC-999C-14277FFDF0C8}.Package-CM|Any CPU.ActiveCfg = Package-CM|Any CPU
		{0C513600-DB12-4ADC-999C-14277FFDF0C8}.Package-CM|Any CPU.Build.0 = Package-CM|Any CPU
		{0C513600-DB12-4ADC-999C-14277FFDF0C8}.Release|Any CPU.ActiveCfg = Release|Any CPU
		{0C513600-DB12-4ADC-999C-14277FFDF0C8}.Release|Any CPU.Build.0 = Release|Any CPU
		{73A57FBE-7088-4344-87DC-23B01B504EC9}.Debug|Any CPU.ActiveCfg = Debug|Any CPU
		{73A57FBE-7088-4344-87DC-23B01B504EC9}.Debug|Any CPU.Build.0 = Debug|Any CPU
		{73A57FBE-7088-4344-87DC-23B01B504EC9}.DockerDeploy|Any CPU.ActiveCfg = DockerDeploy|Any CPU
		{73A57FBE-7088-4344-87DC-23B01B504EC9}.DockerDeploy|Any CPU.Build.0 = DockerDeploy|Any CPU
		{73A57FBE-7088-4344-87DC-23B01B504EC9}.Local|Any CPU.ActiveCfg = Local|Any CPU
		{73A57FBE-7088-4344-87DC-23B01B504EC9}.Local|Any CPU.Build.0 = Local|Any CPU
		{73A57FBE-7088-4344-87DC-23B01B504EC9}.NoDeploy|Any CPU.ActiveCfg = NoDeploy|Any CPU
		{73A57FBE-7088-4344-87DC-23B01B504EC9}.NoDeploy|Any CPU.Build.0 = NoDeploy|Any CPU
		{73A57FBE-7088-4344-87DC-23B01B504EC9}.Package-CD|Any CPU.ActiveCfg = Package-CD|Any CPU
		{73A57FBE-7088-4344-87DC-23B01B504EC9}.Package-CD|Any CPU.Build.0 = Package-CD|Any CPU
		{73A57FBE-7088-4344-87DC-23B01B504EC9}.Package-CM|Any CPU.ActiveCfg = Package-CM|Any CPU
		{73A57FBE-7088-4344-87DC-23B01B504EC9}.Package-CM|Any CPU.Build.0 = Package-CM|Any CPU
		{73A57FBE-7088-4344-87DC-23B01B504EC9}.Release|Any CPU.ActiveCfg = Release|Any CPU
		{73A57FBE-7088-4344-87DC-23B01B504EC9}.Release|Any CPU.Build.0 = Release|Any CPU
		{FEA9BDF2-4014-4288-99BA-D511847F6D9C}.Debug|Any CPU.ActiveCfg = Debug|Any CPU
		{FEA9BDF2-4014-4288-99BA-D511847F6D9C}.Debug|Any CPU.Build.0 = Debug|Any CPU
		{FEA9BDF2-4014-4288-99BA-D511847F6D9C}.DockerDeploy|Any CPU.ActiveCfg = DockerDeploy|Any CPU
		{FEA9BDF2-4014-4288-99BA-D511847F6D9C}.DockerDeploy|Any CPU.Build.0 = DockerDeploy|Any CPU
		{FEA9BDF2-4014-4288-99BA-D511847F6D9C}.Local|Any CPU.ActiveCfg = Local|Any CPU
		{FEA9BDF2-4014-4288-99BA-D511847F6D9C}.Local|Any CPU.Build.0 = Local|Any CPU
		{FEA9BDF2-4014-4288-99BA-D511847F6D9C}.NoDeploy|Any CPU.ActiveCfg = NoDeploy|Any CPU
		{FEA9BDF2-4014-4288-99BA-D511847F6D9C}.NoDeploy|Any CPU.Build.0 = NoDeploy|Any CPU
		{FEA9BDF2-4014-4288-99BA-D511847F6D9C}.Package-CD|Any CPU.ActiveCfg = Package-CD|Any CPU
		{FEA9BDF2-4014-4288-99BA-D511847F6D9C}.Package-CD|Any CPU.Build.0 = Package-CD|Any CPU
		{FEA9BDF2-4014-4288-99BA-D511847F6D9C}.Package-CM|Any CPU.ActiveCfg = Package-CM|Any CPU
		{FEA9BDF2-4014-4288-99BA-D511847F6D9C}.Package-CM|Any CPU.Build.0 = Package-CM|Any CPU
		{FEA9BDF2-4014-4288-99BA-D511847F6D9C}.Release|Any CPU.ActiveCfg = Release|Any CPU
		{FEA9BDF2-4014-4288-99BA-D511847F6D9C}.Release|Any CPU.Build.0 = Release|Any CPU
		{B3D89816-53D4-4F38-BB67-9B4F9B71144F}.Debug|Any CPU.ActiveCfg = Debug|Any CPU
		{B3D89816-53D4-4F38-BB67-9B4F9B71144F}.Debug|Any CPU.Build.0 = Debug|Any CPU
		{B3D89816-53D4-4F38-BB67-9B4F9B71144F}.DockerDeploy|Any CPU.ActiveCfg = DockerDeploy|Any CPU
		{B3D89816-53D4-4F38-BB67-9B4F9B71144F}.DockerDeploy|Any CPU.Build.0 = DockerDeploy|Any CPU
		{B3D89816-53D4-4F38-BB67-9B4F9B71144F}.Local|Any CPU.ActiveCfg = Local|Any CPU
		{B3D89816-53D4-4F38-BB67-9B4F9B71144F}.Local|Any CPU.Build.0 = Local|Any CPU
		{B3D89816-53D4-4F38-BB67-9B4F9B71144F}.NoDeploy|Any CPU.ActiveCfg = NoDeploy|Any CPU
		{B3D89816-53D4-4F38-BB67-9B4F9B71144F}.NoDeploy|Any CPU.Build.0 = NoDeploy|Any CPU
		{B3D89816-53D4-4F38-BB67-9B4F9B71144F}.Package-CD|Any CPU.ActiveCfg = Package-CD|Any CPU
		{B3D89816-53D4-4F38-BB67-9B4F9B71144F}.Package-CD|Any CPU.Build.0 = Package-CD|Any CPU
		{B3D89816-53D4-4F38-BB67-9B4F9B71144F}.Package-CM|Any CPU.ActiveCfg = Package-CM|Any CPU
		{B3D89816-53D4-4F38-BB67-9B4F9B71144F}.Package-CM|Any CPU.Build.0 = Package-CM|Any CPU
		{B3D89816-53D4-4F38-BB67-9B4F9B71144F}.Release|Any CPU.ActiveCfg = Release|Any CPU
		{B3D89816-53D4-4F38-BB67-9B4F9B71144F}.Release|Any CPU.Build.0 = Release|Any CPU
		{B4A56D7D-DDBB-494B-A05A-26974FB7EEB1}.Debug|Any CPU.ActiveCfg = Debug|Any CPU
		{B4A56D7D-DDBB-494B-A05A-26974FB7EEB1}.Debug|Any CPU.Build.0 = Debug|Any CPU
		{B4A56D7D-DDBB-494B-A05A-26974FB7EEB1}.DockerDeploy|Any CPU.ActiveCfg = Debug|Any CPU
		{B4A56D7D-DDBB-494B-A05A-26974FB7EEB1}.DockerDeploy|Any CPU.Build.0 = Debug|Any CPU
		{B4A56D7D-DDBB-494B-A05A-26974FB7EEB1}.Local|Any CPU.ActiveCfg = Local|Any CPU
		{B4A56D7D-DDBB-494B-A05A-26974FB7EEB1}.Local|Any CPU.Build.0 = Local|Any CPU
		{B4A56D7D-DDBB-494B-A05A-26974FB7EEB1}.NoDeploy|Any CPU.ActiveCfg = Local|Any CPU
		{B4A56D7D-DDBB-494B-A05A-26974FB7EEB1}.NoDeploy|Any CPU.Build.0 = Local|Any CPU
		{B4A56D7D-DDBB-494B-A05A-26974FB7EEB1}.Package-CD|Any CPU.ActiveCfg = Local|Any CPU
		{B4A56D7D-DDBB-494B-A05A-26974FB7EEB1}.Package-CD|Any CPU.Build.0 = Local|Any CPU
		{B4A56D7D-DDBB-494B-A05A-26974FB7EEB1}.Package-CM|Any CPU.ActiveCfg = Local|Any CPU
		{B4A56D7D-DDBB-494B-A05A-26974FB7EEB1}.Package-CM|Any CPU.Build.0 = Local|Any CPU
		{B4A56D7D-DDBB-494B-A05A-26974FB7EEB1}.Release|Any CPU.ActiveCfg = Release|Any CPU
		{B4A56D7D-DDBB-494B-A05A-26974FB7EEB1}.Release|Any CPU.Build.0 = Release|Any CPU
		{B4848A62-92AA-4670-B519-12EFC204409E}.Debug|Any CPU.ActiveCfg = Debug|Any CPU
		{B4848A62-92AA-4670-B519-12EFC204409E}.Debug|Any CPU.Build.0 = Debug|Any CPU
		{B4848A62-92AA-4670-B519-12EFC204409E}.DockerDeploy|Any CPU.ActiveCfg = Debug|Any CPU
		{B4848A62-92AA-4670-B519-12EFC204409E}.DockerDeploy|Any CPU.Build.0 = Debug|Any CPU
		{B4848A62-92AA-4670-B519-12EFC204409E}.Local|Any CPU.ActiveCfg = Local|Any CPU
		{B4848A62-92AA-4670-B519-12EFC204409E}.Local|Any CPU.Build.0 = Local|Any CPU
		{B4848A62-92AA-4670-B519-12EFC204409E}.NoDeploy|Any CPU.ActiveCfg = Local|Any CPU
		{B4848A62-92AA-4670-B519-12EFC204409E}.NoDeploy|Any CPU.Build.0 = Local|Any CPU
		{B4848A62-92AA-4670-B519-12EFC204409E}.Package-CD|Any CPU.ActiveCfg = Local|Any CPU
		{B4848A62-92AA-4670-B519-12EFC204409E}.Package-CD|Any CPU.Build.0 = Local|Any CPU
		{B4848A62-92AA-4670-B519-12EFC204409E}.Package-CM|Any CPU.ActiveCfg = Local|Any CPU
		{B4848A62-92AA-4670-B519-12EFC204409E}.Package-CM|Any CPU.Build.0 = Local|Any CPU
		{B4848A62-92AA-4670-B519-12EFC204409E}.Release|Any CPU.ActiveCfg = Release|Any CPU
		{B4848A62-92AA-4670-B519-12EFC204409E}.Release|Any CPU.Build.0 = Release|Any CPU
		{A5DD50D9-3A50-4F25-97EC-D3B71A8562CE}.Debug|Any CPU.ActiveCfg = Debug|Any CPU
		{A5DD50D9-3A50-4F25-97EC-D3B71A8562CE}.Debug|Any CPU.Build.0 = Debug|Any CPU
		{A5DD50D9-3A50-4F25-97EC-D3B71A8562CE}.DockerDeploy|Any CPU.ActiveCfg = Debug|Any CPU
		{A5DD50D9-3A50-4F25-97EC-D3B71A8562CE}.DockerDeploy|Any CPU.Build.0 = Debug|Any CPU
		{A5DD50D9-3A50-4F25-97EC-D3B71A8562CE}.Local|Any CPU.ActiveCfg = Local|Any CPU
		{A5DD50D9-3A50-4F25-97EC-D3B71A8562CE}.Local|Any CPU.Build.0 = Local|Any CPU
		{A5DD50D9-3A50-4F25-97EC-D3B71A8562CE}.NoDeploy|Any CPU.ActiveCfg = Local|Any CPU
		{A5DD50D9-3A50-4F25-97EC-D3B71A8562CE}.NoDeploy|Any CPU.Build.0 = Local|Any CPU
		{A5DD50D9-3A50-4F25-97EC-D3B71A8562CE}.Package-CD|Any CPU.ActiveCfg = Local|Any CPU
		{A5DD50D9-3A50-4F25-97EC-D3B71A8562CE}.Package-CD|Any CPU.Build.0 = Local|Any CPU
		{A5DD50D9-3A50-4F25-97EC-D3B71A8562CE}.Package-CM|Any CPU.ActiveCfg = Local|Any CPU
		{A5DD50D9-3A50-4F25-97EC-D3B71A8562CE}.Package-CM|Any CPU.Build.0 = Local|Any CPU
		{A5DD50D9-3A50-4F25-97EC-D3B71A8562CE}.Release|Any CPU.ActiveCfg = Release|Any CPU
		{A5DD50D9-3A50-4F25-97EC-D3B71A8562CE}.Release|Any CPU.Build.0 = Release|Any CPU
		{9CC4B700-D002-4BC2-B417-FD956AD3DD39}.Debug|Any CPU.ActiveCfg = Debug|Any CPU
		{9CC4B700-D002-4BC2-B417-FD956AD3DD39}.Debug|Any CPU.Build.0 = Debug|Any CPU
		{9CC4B700-D002-4BC2-B417-FD956AD3DD39}.DockerDeploy|Any CPU.ActiveCfg = Debug|Any CPU
		{9CC4B700-D002-4BC2-B417-FD956AD3DD39}.DockerDeploy|Any CPU.Build.0 = Debug|Any CPU
		{9CC4B700-D002-4BC2-B417-FD956AD3DD39}.Local|Any CPU.ActiveCfg = Local|Any CPU
		{9CC4B700-D002-4BC2-B417-FD956AD3DD39}.Local|Any CPU.Build.0 = Local|Any CPU
		{9CC4B700-D002-4BC2-B417-FD956AD3DD39}.NoDeploy|Any CPU.ActiveCfg = Local|Any CPU
		{9CC4B700-D002-4BC2-B417-FD956AD3DD39}.NoDeploy|Any CPU.Build.0 = Local|Any CPU
		{9CC4B700-D002-4BC2-B417-FD956AD3DD39}.Package-CD|Any CPU.ActiveCfg = Local|Any CPU
		{9CC4B700-D002-4BC2-B417-FD956AD3DD39}.Package-CD|Any CPU.Build.0 = Local|Any CPU
		{9CC4B700-D002-4BC2-B417-FD956AD3DD39}.Package-CM|Any CPU.ActiveCfg = Local|Any CPU
		{9CC4B700-D002-4BC2-B417-FD956AD3DD39}.Package-CM|Any CPU.Build.0 = Local|Any CPU
		{9CC4B700-D002-4BC2-B417-FD956AD3DD39}.Release|Any CPU.ActiveCfg = Release|Any CPU
		{9CC4B700-D002-4BC2-B417-FD956AD3DD39}.Release|Any CPU.Build.0 = Release|Any CPU
		{CE34A3B7-B91A-41BA-8B16-C1E131E1C621}.Debug|Any CPU.ActiveCfg = Debug|Any CPU
		{CE34A3B7-B91A-41BA-8B16-C1E131E1C621}.Debug|Any CPU.Build.0 = Debug|Any CPU
		{CE34A3B7-B91A-41BA-8B16-C1E131E1C621}.DockerDeploy|Any CPU.ActiveCfg = Debug|Any CPU
		{CE34A3B7-B91A-41BA-8B16-C1E131E1C621}.DockerDeploy|Any CPU.Build.0 = Debug|Any CPU
		{CE34A3B7-B91A-41BA-8B16-C1E131E1C621}.Local|Any CPU.ActiveCfg = Local|Any CPU
		{CE34A3B7-B91A-41BA-8B16-C1E131E1C621}.Local|Any CPU.Build.0 = Local|Any CPU
		{CE34A3B7-B91A-41BA-8B16-C1E131E1C621}.NoDeploy|Any CPU.ActiveCfg = Local|Any CPU
		{CE34A3B7-B91A-41BA-8B16-C1E131E1C621}.NoDeploy|Any CPU.Build.0 = Local|Any CPU
		{CE34A3B7-B91A-41BA-8B16-C1E131E1C621}.Package-CD|Any CPU.ActiveCfg = Local|Any CPU
		{CE34A3B7-B91A-41BA-8B16-C1E131E1C621}.Package-CD|Any CPU.Build.0 = Local|Any CPU
		{CE34A3B7-B91A-41BA-8B16-C1E131E1C621}.Package-CM|Any CPU.ActiveCfg = Local|Any CPU
		{CE34A3B7-B91A-41BA-8B16-C1E131E1C621}.Package-CM|Any CPU.Build.0 = Local|Any CPU
		{CE34A3B7-B91A-41BA-8B16-C1E131E1C621}.Release|Any CPU.ActiveCfg = Release|Any CPU
		{CE34A3B7-B91A-41BA-8B16-C1E131E1C621}.Release|Any CPU.Build.0 = Release|Any CPU
		{5A1D9F39-90D1-4971-B511-F4478CE8E35F}.Debug|Any CPU.ActiveCfg = Debug|Any CPU
		{5A1D9F39-90D1-4971-B511-F4478CE8E35F}.Debug|Any CPU.Build.0 = Debug|Any CPU
		{5A1D9F39-90D1-4971-B511-F4478CE8E35F}.DockerDeploy|Any CPU.ActiveCfg = Debug|Any CPU
		{5A1D9F39-90D1-4971-B511-F4478CE8E35F}.DockerDeploy|Any CPU.Build.0 = Debug|Any CPU
		{5A1D9F39-90D1-4971-B511-F4478CE8E35F}.Local|Any CPU.ActiveCfg = Local|Any CPU
		{5A1D9F39-90D1-4971-B511-F4478CE8E35F}.Local|Any CPU.Build.0 = Local|Any CPU
		{5A1D9F39-90D1-4971-B511-F4478CE8E35F}.NoDeploy|Any CPU.ActiveCfg = Local|Any CPU
		{5A1D9F39-90D1-4971-B511-F4478CE8E35F}.NoDeploy|Any CPU.Build.0 = Local|Any CPU
		{5A1D9F39-90D1-4971-B511-F4478CE8E35F}.Package-CD|Any CPU.ActiveCfg = Local|Any CPU
		{5A1D9F39-90D1-4971-B511-F4478CE8E35F}.Package-CD|Any CPU.Build.0 = Local|Any CPU
		{5A1D9F39-90D1-4971-B511-F4478CE8E35F}.Package-CM|Any CPU.ActiveCfg = Local|Any CPU
		{5A1D9F39-90D1-4971-B511-F4478CE8E35F}.Package-CM|Any CPU.Build.0 = Local|Any CPU
		{5A1D9F39-90D1-4971-B511-F4478CE8E35F}.Release|Any CPU.ActiveCfg = Release|Any CPU
		{5A1D9F39-90D1-4971-B511-F4478CE8E35F}.Release|Any CPU.Build.0 = Release|Any CPU
		{33130B84-7456-4B2E-9EA6-CF27A273E918}.Debug|Any CPU.ActiveCfg = Debug|Any CPU
		{33130B84-7456-4B2E-9EA6-CF27A273E918}.Debug|Any CPU.Build.0 = Debug|Any CPU
		{33130B84-7456-4B2E-9EA6-CF27A273E918}.DockerDeploy|Any CPU.ActiveCfg = Debug|Any CPU
		{33130B84-7456-4B2E-9EA6-CF27A273E918}.DockerDeploy|Any CPU.Build.0 = Debug|Any CPU
		{33130B84-7456-4B2E-9EA6-CF27A273E918}.Local|Any CPU.ActiveCfg = Local|Any CPU
		{33130B84-7456-4B2E-9EA6-CF27A273E918}.Local|Any CPU.Build.0 = Local|Any CPU
		{33130B84-7456-4B2E-9EA6-CF27A273E918}.NoDeploy|Any CPU.ActiveCfg = Local|Any CPU
		{33130B84-7456-4B2E-9EA6-CF27A273E918}.NoDeploy|Any CPU.Build.0 = Local|Any CPU
		{33130B84-7456-4B2E-9EA6-CF27A273E918}.Package-CD|Any CPU.ActiveCfg = Local|Any CPU
		{33130B84-7456-4B2E-9EA6-CF27A273E918}.Package-CD|Any CPU.Build.0 = Local|Any CPU
		{33130B84-7456-4B2E-9EA6-CF27A273E918}.Package-CM|Any CPU.ActiveCfg = Local|Any CPU
		{33130B84-7456-4B2E-9EA6-CF27A273E918}.Package-CM|Any CPU.Build.0 = Local|Any CPU
		{33130B84-7456-4B2E-9EA6-CF27A273E918}.Release|Any CPU.ActiveCfg = Release|Any CPU
		{33130B84-7456-4B2E-9EA6-CF27A273E918}.Release|Any CPU.Build.0 = Release|Any CPU
		{FA1EEE78-E6D6-4B63-A126-5F470624EFEE}.Debug|Any CPU.ActiveCfg = Debug|Any CPU
		{FA1EEE78-E6D6-4B63-A126-5F470624EFEE}.Debug|Any CPU.Build.0 = Debug|Any CPU
		{FA1EEE78-E6D6-4B63-A126-5F470624EFEE}.DockerDeploy|Any CPU.ActiveCfg = Debug|Any CPU
		{FA1EEE78-E6D6-4B63-A126-5F470624EFEE}.DockerDeploy|Any CPU.Build.0 = Debug|Any CPU
		{FA1EEE78-E6D6-4B63-A126-5F470624EFEE}.Local|Any CPU.ActiveCfg = Local|Any CPU
		{FA1EEE78-E6D6-4B63-A126-5F470624EFEE}.Local|Any CPU.Build.0 = Local|Any CPU
		{FA1EEE78-E6D6-4B63-A126-5F470624EFEE}.NoDeploy|Any CPU.ActiveCfg = Local|Any CPU
		{FA1EEE78-E6D6-4B63-A126-5F470624EFEE}.NoDeploy|Any CPU.Build.0 = Local|Any CPU
		{FA1EEE78-E6D6-4B63-A126-5F470624EFEE}.Package-CD|Any CPU.ActiveCfg = Local|Any CPU
		{FA1EEE78-E6D6-4B63-A126-5F470624EFEE}.Package-CD|Any CPU.Build.0 = Local|Any CPU
		{FA1EEE78-E6D6-4B63-A126-5F470624EFEE}.Package-CM|Any CPU.ActiveCfg = Local|Any CPU
		{FA1EEE78-E6D6-4B63-A126-5F470624EFEE}.Package-CM|Any CPU.Build.0 = Local|Any CPU
		{FA1EEE78-E6D6-4B63-A126-5F470624EFEE}.Release|Any CPU.ActiveCfg = Release|Any CPU
		{FA1EEE78-E6D6-4B63-A126-5F470624EFEE}.Release|Any CPU.Build.0 = Release|Any CPU
		{0D6BA4D8-C469-4AE9-9EBB-93BDF7D7E78F}.Debug|Any CPU.ActiveCfg = Debug|Any CPU
		{0D6BA4D8-C469-4AE9-9EBB-93BDF7D7E78F}.Debug|Any CPU.Build.0 = Debug|Any CPU
		{0D6BA4D8-C469-4AE9-9EBB-93BDF7D7E78F}.DockerDeploy|Any CPU.ActiveCfg = Debug|Any CPU
		{0D6BA4D8-C469-4AE9-9EBB-93BDF7D7E78F}.DockerDeploy|Any CPU.Build.0 = Debug|Any CPU
		{0D6BA4D8-C469-4AE9-9EBB-93BDF7D7E78F}.Local|Any CPU.ActiveCfg = Local|Any CPU
		{0D6BA4D8-C469-4AE9-9EBB-93BDF7D7E78F}.Local|Any CPU.Build.0 = Local|Any CPU
		{0D6BA4D8-C469-4AE9-9EBB-93BDF7D7E78F}.NoDeploy|Any CPU.ActiveCfg = Local|Any CPU
		{0D6BA4D8-C469-4AE9-9EBB-93BDF7D7E78F}.NoDeploy|Any CPU.Build.0 = Local|Any CPU
		{0D6BA4D8-C469-4AE9-9EBB-93BDF7D7E78F}.Package-CD|Any CPU.ActiveCfg = Local|Any CPU
		{0D6BA4D8-C469-4AE9-9EBB-93BDF7D7E78F}.Package-CD|Any CPU.Build.0 = Local|Any CPU
		{0D6BA4D8-C469-4AE9-9EBB-93BDF7D7E78F}.Package-CM|Any CPU.ActiveCfg = Local|Any CPU
		{0D6BA4D8-C469-4AE9-9EBB-93BDF7D7E78F}.Package-CM|Any CPU.Build.0 = Local|Any CPU
		{0D6BA4D8-C469-4AE9-9EBB-93BDF7D7E78F}.Release|Any CPU.ActiveCfg = Release|Any CPU
		{0D6BA4D8-C469-4AE9-9EBB-93BDF7D7E78F}.Release|Any CPU.Build.0 = Release|Any CPU
		{22A2B11A-B41B-426C-9202-AEBB6C9B5CA6}.Debug|Any CPU.ActiveCfg = Debug|Any CPU
		{22A2B11A-B41B-426C-9202-AEBB6C9B5CA6}.Debug|Any CPU.Build.0 = Debug|Any CPU
		{22A2B11A-B41B-426C-9202-AEBB6C9B5CA6}.DockerDeploy|Any CPU.ActiveCfg = Debug|Any CPU
		{22A2B11A-B41B-426C-9202-AEBB6C9B5CA6}.DockerDeploy|Any CPU.Build.0 = Debug|Any CPU
		{22A2B11A-B41B-426C-9202-AEBB6C9B5CA6}.Local|Any CPU.ActiveCfg = Local|Any CPU
		{22A2B11A-B41B-426C-9202-AEBB6C9B5CA6}.Local|Any CPU.Build.0 = Local|Any CPU
		{22A2B11A-B41B-426C-9202-AEBB6C9B5CA6}.NoDeploy|Any CPU.ActiveCfg = Local|Any CPU
		{22A2B11A-B41B-426C-9202-AEBB6C9B5CA6}.NoDeploy|Any CPU.Build.0 = Local|Any CPU
		{22A2B11A-B41B-426C-9202-AEBB6C9B5CA6}.Package-CD|Any CPU.ActiveCfg = Local|Any CPU
		{22A2B11A-B41B-426C-9202-AEBB6C9B5CA6}.Package-CD|Any CPU.Build.0 = Local|Any CPU
		{22A2B11A-B41B-426C-9202-AEBB6C9B5CA6}.Package-CM|Any CPU.ActiveCfg = Local|Any CPU
		{22A2B11A-B41B-426C-9202-AEBB6C9B5CA6}.Package-CM|Any CPU.Build.0 = Local|Any CPU
		{22A2B11A-B41B-426C-9202-AEBB6C9B5CA6}.Release|Any CPU.ActiveCfg = Release|Any CPU
		{22A2B11A-B41B-426C-9202-AEBB6C9B5CA6}.Release|Any CPU.Build.0 = Release|Any CPU
		{1C7B40C7-AEA6-4038-9D45-0F5440908929}.Debug|Any CPU.ActiveCfg = Debug|Any CPU
		{1C7B40C7-AEA6-4038-9D45-0F5440908929}.Debug|Any CPU.Build.0 = Debug|Any CPU
		{1C7B40C7-AEA6-4038-9D45-0F5440908929}.DockerDeploy|Any CPU.ActiveCfg = Debug|Any CPU
		{1C7B40C7-AEA6-4038-9D45-0F5440908929}.DockerDeploy|Any CPU.Build.0 = Debug|Any CPU
		{1C7B40C7-AEA6-4038-9D45-0F5440908929}.Local|Any CPU.ActiveCfg = Local|Any CPU
		{1C7B40C7-AEA6-4038-9D45-0F5440908929}.Local|Any CPU.Build.0 = Local|Any CPU
		{1C7B40C7-AEA6-4038-9D45-0F5440908929}.NoDeploy|Any CPU.ActiveCfg = Local|Any CPU
		{1C7B40C7-AEA6-4038-9D45-0F5440908929}.NoDeploy|Any CPU.Build.0 = Local|Any CPU
		{1C7B40C7-AEA6-4038-9D45-0F5440908929}.Package-CD|Any CPU.ActiveCfg = Local|Any CPU
		{1C7B40C7-AEA6-4038-9D45-0F5440908929}.Package-CD|Any CPU.Build.0 = Local|Any CPU
		{1C7B40C7-AEA6-4038-9D45-0F5440908929}.Package-CM|Any CPU.ActiveCfg = Local|Any CPU
		{1C7B40C7-AEA6-4038-9D45-0F5440908929}.Package-CM|Any CPU.Build.0 = Local|Any CPU
		{1C7B40C7-AEA6-4038-9D45-0F5440908929}.Release|Any CPU.ActiveCfg = Release|Any CPU
		{1C7B40C7-AEA6-4038-9D45-0F5440908929}.Release|Any CPU.Build.0 = Release|Any CPU
		{5D1C63AD-D212-4DD0-89BB-7ABF00AC2D13}.Debug|Any CPU.ActiveCfg = Debug|Any CPU
		{5D1C63AD-D212-4DD0-89BB-7ABF00AC2D13}.Debug|Any CPU.Build.0 = Debug|Any CPU
		{5D1C63AD-D212-4DD0-89BB-7ABF00AC2D13}.DockerDeploy|Any CPU.ActiveCfg = Debug|Any CPU
		{5D1C63AD-D212-4DD0-89BB-7ABF00AC2D13}.DockerDeploy|Any CPU.Build.0 = Debug|Any CPU
		{5D1C63AD-D212-4DD0-89BB-7ABF00AC2D13}.Local|Any CPU.ActiveCfg = Local|Any CPU
		{5D1C63AD-D212-4DD0-89BB-7ABF00AC2D13}.Local|Any CPU.Build.0 = Local|Any CPU
		{5D1C63AD-D212-4DD0-89BB-7ABF00AC2D13}.NoDeploy|Any CPU.ActiveCfg = Local|Any CPU
		{5D1C63AD-D212-4DD0-89BB-7ABF00AC2D13}.NoDeploy|Any CPU.Build.0 = Local|Any CPU
		{5D1C63AD-D212-4DD0-89BB-7ABF00AC2D13}.Package-CD|Any CPU.ActiveCfg = Local|Any CPU
		{5D1C63AD-D212-4DD0-89BB-7ABF00AC2D13}.Package-CD|Any CPU.Build.0 = Local|Any CPU
		{5D1C63AD-D212-4DD0-89BB-7ABF00AC2D13}.Package-CM|Any CPU.ActiveCfg = Local|Any CPU
		{5D1C63AD-D212-4DD0-89BB-7ABF00AC2D13}.Package-CM|Any CPU.Build.0 = Local|Any CPU
		{5D1C63AD-D212-4DD0-89BB-7ABF00AC2D13}.Release|Any CPU.ActiveCfg = Release|Any CPU
		{5D1C63AD-D212-4DD0-89BB-7ABF00AC2D13}.Release|Any CPU.Build.0 = Release|Any CPU
		{D224E1A9-BE7E-4B93-95F4-5F6E1E80CD04}.Debug|Any CPU.ActiveCfg = Debug|Any CPU
		{D224E1A9-BE7E-4B93-95F4-5F6E1E80CD04}.Debug|Any CPU.Build.0 = Debug|Any CPU
		{D224E1A9-BE7E-4B93-95F4-5F6E1E80CD04}.DockerDeploy|Any CPU.ActiveCfg = Debug|Any CPU
		{D224E1A9-BE7E-4B93-95F4-5F6E1E80CD04}.DockerDeploy|Any CPU.Build.0 = Debug|Any CPU
		{D224E1A9-BE7E-4B93-95F4-5F6E1E80CD04}.Local|Any CPU.ActiveCfg = Local|Any CPU
		{D224E1A9-BE7E-4B93-95F4-5F6E1E80CD04}.Local|Any CPU.Build.0 = Local|Any CPU
		{D224E1A9-BE7E-4B93-95F4-5F6E1E80CD04}.NoDeploy|Any CPU.ActiveCfg = Local|Any CPU
		{D224E1A9-BE7E-4B93-95F4-5F6E1E80CD04}.NoDeploy|Any CPU.Build.0 = Local|Any CPU
		{D224E1A9-BE7E-4B93-95F4-5F6E1E80CD04}.Package-CD|Any CPU.ActiveCfg = Local|Any CPU
		{D224E1A9-BE7E-4B93-95F4-5F6E1E80CD04}.Package-CD|Any CPU.Build.0 = Local|Any CPU
		{D224E1A9-BE7E-4B93-95F4-5F6E1E80CD04}.Package-CM|Any CPU.ActiveCfg = Local|Any CPU
		{D224E1A9-BE7E-4B93-95F4-5F6E1E80CD04}.Package-CM|Any CPU.Build.0 = Local|Any CPU
		{D224E1A9-BE7E-4B93-95F4-5F6E1E80CD04}.Release|Any CPU.ActiveCfg = Release|Any CPU
		{D224E1A9-BE7E-4B93-95F4-5F6E1E80CD04}.Release|Any CPU.Build.0 = Release|Any CPU
		{96FB0E35-F610-4370-B05D-09863036A856}.Debug|Any CPU.ActiveCfg = Debug|Any CPU
		{96FB0E35-F610-4370-B05D-09863036A856}.Debug|Any CPU.Build.0 = Debug|Any CPU
		{96FB0E35-F610-4370-B05D-09863036A856}.DockerDeploy|Any CPU.ActiveCfg = DockerDeploy|Any CPU
		{96FB0E35-F610-4370-B05D-09863036A856}.DockerDeploy|Any CPU.Build.0 = DockerDeploy|Any CPU
		{96FB0E35-F610-4370-B05D-09863036A856}.Local|Any CPU.ActiveCfg = Local|Any CPU
		{96FB0E35-F610-4370-B05D-09863036A856}.Local|Any CPU.Build.0 = Local|Any CPU
		{96FB0E35-F610-4370-B05D-09863036A856}.NoDeploy|Any CPU.ActiveCfg = NoDeploy|Any CPU
		{96FB0E35-F610-4370-B05D-09863036A856}.NoDeploy|Any CPU.Build.0 = NoDeploy|Any CPU
		{96FB0E35-F610-4370-B05D-09863036A856}.Package-CD|Any CPU.ActiveCfg = Package-CD|Any CPU
		{96FB0E35-F610-4370-B05D-09863036A856}.Package-CD|Any CPU.Build.0 = Package-CD|Any CPU
		{96FB0E35-F610-4370-B05D-09863036A856}.Package-CM|Any CPU.ActiveCfg = Package-CM|Any CPU
		{96FB0E35-F610-4370-B05D-09863036A856}.Package-CM|Any CPU.Build.0 = Package-CM|Any CPU
		{96FB0E35-F610-4370-B05D-09863036A856}.Release|Any CPU.ActiveCfg = Release|Any CPU
		{96FB0E35-F610-4370-B05D-09863036A856}.Release|Any CPU.Build.0 = Release|Any CPU
		{7773FB50-6A7C-4C16-A0B1-823F1FC41F4F}.Debug|Any CPU.ActiveCfg = Debug|Any CPU
		{7773FB50-6A7C-4C16-A0B1-823F1FC41F4F}.Debug|Any CPU.Build.0 = Debug|Any CPU
		{7773FB50-6A7C-4C16-A0B1-823F1FC41F4F}.DockerDeploy|Any CPU.ActiveCfg = Debug|Any CPU
		{7773FB50-6A7C-4C16-A0B1-823F1FC41F4F}.DockerDeploy|Any CPU.Build.0 = Debug|Any CPU
		{7773FB50-6A7C-4C16-A0B1-823F1FC41F4F}.Local|Any CPU.ActiveCfg = Local|Any CPU
		{7773FB50-6A7C-4C16-A0B1-823F1FC41F4F}.Local|Any CPU.Build.0 = Local|Any CPU
		{7773FB50-6A7C-4C16-A0B1-823F1FC41F4F}.NoDeploy|Any CPU.ActiveCfg = Debug|Any CPU
		{7773FB50-6A7C-4C16-A0B1-823F1FC41F4F}.NoDeploy|Any CPU.Build.0 = Debug|Any CPU
		{7773FB50-6A7C-4C16-A0B1-823F1FC41F4F}.Package-CD|Any CPU.ActiveCfg = Debug|Any CPU
		{7773FB50-6A7C-4C16-A0B1-823F1FC41F4F}.Package-CD|Any CPU.Build.0 = Debug|Any CPU
		{7773FB50-6A7C-4C16-A0B1-823F1FC41F4F}.Package-CM|Any CPU.ActiveCfg = Debug|Any CPU
		{7773FB50-6A7C-4C16-A0B1-823F1FC41F4F}.Package-CM|Any CPU.Build.0 = Debug|Any CPU
		{7773FB50-6A7C-4C16-A0B1-823F1FC41F4F}.Release|Any CPU.ActiveCfg = Release|Any CPU
		{7773FB50-6A7C-4C16-A0B1-823F1FC41F4F}.Release|Any CPU.Build.0 = Release|Any CPU
		{28F5B0DD-5224-4A2E-A879-5FEED35CCE12}.Debug|Any CPU.ActiveCfg = Debug|Any CPU
		{28F5B0DD-5224-4A2E-A879-5FEED35CCE12}.Debug|Any CPU.Build.0 = Debug|Any CPU
		{28F5B0DD-5224-4A2E-A879-5FEED35CCE12}.DockerDeploy|Any CPU.ActiveCfg = Debug|Any CPU
		{28F5B0DD-5224-4A2E-A879-5FEED35CCE12}.DockerDeploy|Any CPU.Build.0 = Debug|Any CPU
		{28F5B0DD-5224-4A2E-A879-5FEED35CCE12}.Local|Any CPU.ActiveCfg = Local|Any CPU
		{28F5B0DD-5224-4A2E-A879-5FEED35CCE12}.Local|Any CPU.Build.0 = Local|Any CPU
		{28F5B0DD-5224-4A2E-A879-5FEED35CCE12}.NoDeploy|Any CPU.ActiveCfg = Local|Any CPU
		{28F5B0DD-5224-4A2E-A879-5FEED35CCE12}.NoDeploy|Any CPU.Build.0 = Local|Any CPU
		{28F5B0DD-5224-4A2E-A879-5FEED35CCE12}.Package-CD|Any CPU.ActiveCfg = Local|Any CPU
		{28F5B0DD-5224-4A2E-A879-5FEED35CCE12}.Package-CD|Any CPU.Build.0 = Local|Any CPU
		{28F5B0DD-5224-4A2E-A879-5FEED35CCE12}.Package-CM|Any CPU.ActiveCfg = Local|Any CPU
		{28F5B0DD-5224-4A2E-A879-5FEED35CCE12}.Package-CM|Any CPU.Build.0 = Local|Any CPU
		{28F5B0DD-5224-4A2E-A879-5FEED35CCE12}.Release|Any CPU.ActiveCfg = Release|Any CPU
		{28F5B0DD-5224-4A2E-A879-5FEED35CCE12}.Release|Any CPU.Build.0 = Release|Any CPU
		{B3B8FB12-64E7-439D-B3D7-7656511EA72E}.Debug|Any CPU.ActiveCfg = Debug|Any CPU
		{B3B8FB12-64E7-439D-B3D7-7656511EA72E}.Debug|Any CPU.Build.0 = Debug|Any CPU
		{B3B8FB12-64E7-439D-B3D7-7656511EA72E}.DockerDeploy|Any CPU.ActiveCfg = Debug|Any CPU
		{B3B8FB12-64E7-439D-B3D7-7656511EA72E}.DockerDeploy|Any CPU.Build.0 = Debug|Any CPU
		{B3B8FB12-64E7-439D-B3D7-7656511EA72E}.Local|Any CPU.ActiveCfg = Local|Any CPU
		{B3B8FB12-64E7-439D-B3D7-7656511EA72E}.Local|Any CPU.Build.0 = Local|Any CPU
		{B3B8FB12-64E7-439D-B3D7-7656511EA72E}.NoDeploy|Any CPU.ActiveCfg = Local|Any CPU
		{B3B8FB12-64E7-439D-B3D7-7656511EA72E}.NoDeploy|Any CPU.Build.0 = Local|Any CPU
		{B3B8FB12-64E7-439D-B3D7-7656511EA72E}.Package-CD|Any CPU.ActiveCfg = Local|Any CPU
		{B3B8FB12-64E7-439D-B3D7-7656511EA72E}.Package-CD|Any CPU.Build.0 = Local|Any CPU
		{B3B8FB12-64E7-439D-B3D7-7656511EA72E}.Package-CM|Any CPU.ActiveCfg = Local|Any CPU
		{B3B8FB12-64E7-439D-B3D7-7656511EA72E}.Package-CM|Any CPU.Build.0 = Local|Any CPU
		{B3B8FB12-64E7-439D-B3D7-7656511EA72E}.Release|Any CPU.ActiveCfg = Release|Any CPU
		{B3B8FB12-64E7-439D-B3D7-7656511EA72E}.Release|Any CPU.Build.0 = Release|Any CPU
	EndGlobalSection
	GlobalSection(SolutionProperties) = preSolution
		HideSolutionNode = FALSE
	EndGlobalSection
	GlobalSection(NestedProjects) = preSolution
		{85186717-7A62-48A7-869B-C47DF85B6273} = {9846C4BE-2108-479E-AA17-4A96052CCCE0}
		{563C5D6A-0964-4778-9DF1-DA0A1BB6C044} = {9846C4BE-2108-479E-AA17-4A96052CCCE0}
		{BA3C2C41-CFAC-4A40-8BE5-1E5368EF4750} = {563C5D6A-0964-4778-9DF1-DA0A1BB6C044}
		{BE63361D-A629-48C2-9D0E-9DE1B9733C2B} = {9846C4BE-2108-479E-AA17-4A96052CCCE0}
		{0C513600-DB12-4ADC-999C-14277FFDF0C8} = {BE63361D-A629-48C2-9D0E-9DE1B9733C2B}
		{73A57FBE-7088-4344-87DC-23B01B504EC9} = {85186717-7A62-48A7-869B-C47DF85B6273}
		{8404CBD0-F0F1-406A-82CA-5F8468764872} = {37394D96-A276-41B7-BFC0-E0897AFE4690}
		{FEA9BDF2-4014-4288-99BA-D511847F6D9C} = {8404CBD0-F0F1-406A-82CA-5F8468764872}
		{9847BAFB-FC62-4F27-BBCB-545F1747AD0B} = {37394D96-A276-41B7-BFC0-E0897AFE4690}
		{B3D89816-53D4-4F38-BB67-9B4F9B71144F} = {9847BAFB-FC62-4F27-BBCB-545F1747AD0B}
		{EE0C7CAE-456D-4068-8844-ABFA62702C76} = {37394D96-A276-41B7-BFC0-E0897AFE4690}
		{438F1117-EA30-45C2-A97A-544B76D39A01} = {37394D96-A276-41B7-BFC0-E0897AFE4690}
		{2D8D7957-C2E1-4C7C-9447-9177EF3FD8A5} = {37394D96-A276-41B7-BFC0-E0897AFE4690}
		{A691403A-A0F0-4BC3-85E4-B2959903DA0E} = {37394D96-A276-41B7-BFC0-E0897AFE4690}
		{B4A56D7D-DDBB-494B-A05A-26974FB7EEB1} = {EE0C7CAE-456D-4068-8844-ABFA62702C76}
		{B4848A62-92AA-4670-B519-12EFC204409E} = {438F1117-EA30-45C2-A97A-544B76D39A01}
		{A5DD50D9-3A50-4F25-97EC-D3B71A8562CE} = {2D8D7957-C2E1-4C7C-9447-9177EF3FD8A5}
		{9CC4B700-D002-4BC2-B417-FD956AD3DD39} = {A691403A-A0F0-4BC3-85E4-B2959903DA0E}
		{23738438-E34E-45DE-8FF2-52236CCABE47} = {DF6B2506-3CDA-4F09-A383-59D03F8CC59F}
		{D6A0E80F-4FB4-4CF6-8CD7-50EC9C1FD1C2} = {DF6B2506-3CDA-4F09-A383-59D03F8CC59F}
		{763F153C-A003-4973-B707-91660B9E4F7C} = {DF6B2506-3CDA-4F09-A383-59D03F8CC59F}
		{854F52AA-3752-436E-B312-C05BD437F198} = {DF6B2506-3CDA-4F09-A383-59D03F8CC59F}
		{08D2638B-3F1B-499E-A7F3-612F861AA75A} = {DF6B2506-3CDA-4F09-A383-59D03F8CC59F}
		{9B58DB04-47B7-4FB5-B55B-76569E22998D} = {DF6B2506-3CDA-4F09-A383-59D03F8CC59F}
		{2B609A3D-163D-4A93-9A1B-51CD94613C17} = {DF6B2506-3CDA-4F09-A383-59D03F8CC59F}
		{E039079C-7452-4C00-B888-C14052AB6770} = {DF6B2506-3CDA-4F09-A383-59D03F8CC59F}
		{CE34A3B7-B91A-41BA-8B16-C1E131E1C621} = {23738438-E34E-45DE-8FF2-52236CCABE47}
		{5A1D9F39-90D1-4971-B511-F4478CE8E35F} = {D6A0E80F-4FB4-4CF6-8CD7-50EC9C1FD1C2}
		{33130B84-7456-4B2E-9EA6-CF27A273E918} = {763F153C-A003-4973-B707-91660B9E4F7C}
		{FA1EEE78-E6D6-4B63-A126-5F470624EFEE} = {854F52AA-3752-436E-B312-C05BD437F198}
		{0D6BA4D8-C469-4AE9-9EBB-93BDF7D7E78F} = {08D2638B-3F1B-499E-A7F3-612F861AA75A}
		{22A2B11A-B41B-426C-9202-AEBB6C9B5CA6} = {9B58DB04-47B7-4FB5-B55B-76569E22998D}
		{1C7B40C7-AEA6-4038-9D45-0F5440908929} = {2B609A3D-163D-4A93-9A1B-51CD94613C17}
		{5D1C63AD-D212-4DD0-89BB-7ABF00AC2D13} = {E039079C-7452-4C00-B888-C14052AB6770}
		{D224E1A9-BE7E-4B93-95F4-5F6E1E80CD04} = {53D32728-D07F-452A-ADA9-34072FE13B0D}
		{53D32728-D07F-452A-ADA9-34072FE13B0D} = {37394D96-A276-41B7-BFC0-E0897AFE4690}
		{7451CE06-38B5-4A1B-B25F-447DB6E91189} = {DF6B2506-3CDA-4F09-A383-59D03F8CC59F}
		{96FB0E35-F610-4370-B05D-09863036A856} = {7451CE06-38B5-4A1B-B25F-447DB6E91189}
		{13893DB5-3753-4800-A304-D4A56478DC0A} = {37394D96-A276-41B7-BFC0-E0897AFE4690}
		{7773FB50-6A7C-4C16-A0B1-823F1FC41F4F} = {13893DB5-3753-4800-A304-D4A56478DC0A}
		{B1787444-AA4B-4551-8375-CA8B8F534B33} = {DF6B2506-3CDA-4F09-A383-59D03F8CC59F}
		{28F5B0DD-5224-4A2E-A879-5FEED35CCE12} = {B1787444-AA4B-4551-8375-CA8B8F534B33}
		{580A7264-5694-47C6-83A8-ACDBB149BDDE} = {37394D96-A276-41B7-BFC0-E0897AFE4690}
		{B3B8FB12-64E7-439D-B3D7-7656511EA72E} = {580A7264-5694-47C6-83A8-ACDBB149BDDE}
	EndGlobalSection
	GlobalSection(ExtensibilityGlobals) = postSolution
		EnterpriseLibraryConfigurationToolBinariesPathV6 = packages\EnterpriseLibrary.Common.6.0.1304.0\lib\NET45;packages\EnterpriseLibrary.TransientFaultHandling.6.0.1304.0\lib\portable-net45+win+wp8;packages\EnterpriseLibrary.TransientFaultHandling.Caching.6.0.1304.0\lib\NET45;packages\EnterpriseLibrary.TransientFaultHandling.Data.6.0.1304.1\lib\NET45;packages\EnterpriseLibrary.TransientFaultHandling.ServiceBus.6.0.1304.0\lib\NET45;packages\EnterpriseLibrary.TransientFaultHandling.WindowsAzure.Storage.6.0.1304.0\lib\NET45;packages\EnterpriseLibrary.TransientFaultHandling.Configuration.6.0.1304.0\lib\NET45
		SolutionGuid = {25D35D77-3A23-45B8-BF1A-F9EB5B3B318F}
	EndGlobalSection
EndGlobal
