
Microsoft Visual Studio Solution File, Format Version 12.00
# Visual Studio Version 16
VisualStudioVersion = 16.0.30011.22
MinimumVisualStudioVersion = 10.0.40219.1
Project("{FAE04EC0-301F-11D3-BF4B-00C04F79EFBC}") = "Sitecore.Demo.Init", "Sitecore.Demo.Init.csproj", "{329A73B9-F079-41B8-97B9-A4F79701F5E8}"
EndProject
Global
	GlobalSection(SolutionConfigurationPlatforms) = preSolution
		Debug|Any CPU = Debug|Any CPU
		Release|Any CPU = Release|Any CPU
	EndGlobalSection
	GlobalSection(ProjectConfigurationPlatforms) = postSolution
		{329A73B9-F079-41B8-97B9-A4F79701F5E8}.Debug|Any CPU.ActiveCfg = Debug|Any CPU
		{329A73B9-F079-41B8-97B9-A4F79701F5E8}.Debug|Any CPU.Build.0 = Debug|Any CPU
		{329A73B9-F079-41B8-97B9-A4F79701F5E8}.Release|Any CPU.ActiveCfg = Release|Any CPU
		{329A73B9-F079-41B8-97B9-A4F79701F5E8}.Release|Any CPU.Build.0 = Release|Any CPU
	EndGlobalSection
	GlobalSection(SolutionProperties) = preSolution
		HideSolutionNode = FALSE
	EndGlobalSection
	GlobalSection(ExtensibilityGlobals) = postSolution
		SolutionGuid = {8E72048C-72CC-4C9C-93BB-035F2E886F07}
	EndGlobalSection
EndGlobal
